{
    "format_version": "1.1",
    "terraform_version": "1.3.7",
    "variables": {
        "resource_group_location": {
            "value": "eastus"
        },
        "resource_group_name_prefix": {
            "value": "rg"
        }
    },
    "planned_values": {
        "outputs": {
            "public_ip_address": {
                "sensitive": false
            },
            "resource_group_name": {
                "sensitive": false,
                "type": "string",
                "value": "rg-arriving-cowbird"
            },
            "tls_private_key": {
                "sensitive": true,
                "type": "string",
                "value": "-----BEGIN RSA PRIVATE KEY-----\nMIIJKwIBAAKCAgEAwLL1QgyMyNtGZCIO0qLAw9EupszVWx7xEmKn0jsyumuR7Iro\nf6FJk/jY/+n9qSfMPUW/WQfCeoJ7gWxFMMi/vIHTRZGF861p8tYLOKBs0gyLaU4N\nZHfA18F4OeIPtXVjoXavJ20vaILnLuK86eHZH7s9oVJOCNIgHQnRVWMEGo8N4uST\naGdx2vFjhjvW/zSpfbojqb6ZjBFS22n9TSOozTi2m6ral2dvLNE8QbRovw8hgs/j\n+IlDqs8CSmVb+QdQ3dTOq1xIbCGyTY8ELH8jqpBNckCCMzi6TID/mQcUvmU1f+2w\nKwy9PVd4v3RTiX9mAYobbRFnAzYXV+VDaTtvAOq4pwuvaneXRr6ntiEAJPn0z/yA\n4HQ5cz5VrykcEHaftOdZgr01max6VETTpPgk1EAYcVb3VecHCh1Qz+MOYX0N6iqU\nzMTcxCijtvPyVaQhhJOlGj08LdLiA1954aqsXQVKK4XdPNpq+Td8Fp6MVzA/FfAm\nhC0xd38ZHJX/h3oLThqjXtW8xgnpeaVLc5MG5sSx1t8SuCFG3+LCss2ajMwyFAaP\nCEPJB3FM42xHBZ/bZ2eekuWPcOX9vsW4t/Ta/p/7y0UVfzb5IQ8zDCo/xsI9rtwC\nTVGmqThgX9NksfOM3WOGWncFAd1Zq3UkYKFyklv67xaflE+gfPhFOt3+aVECAwEA\nAQKCAgEAor5BPkAFIpl2MJlG9YP40yg2gy7ZPjS6mrFxVK8kX6b7vc9vHmNkFbGD\n61Z+Ib930YO3YASargbHMf3zzYitzhHDEa0eeTdLFIjLP07VuOxZTV1bGC+/UTiX\nRiNy6uiydSocMWsYL+bmQoXB0LEqQ49KNJWjS/XSo1OoVLnkPF3291neWL2MvcFC\nMZsWL8EVKBbtia1sVoxG8wHnqJ9mL7QnHP9Fz7rOfQZVIpSwJjQsNCNJQJ0E5hwg\nrh4+d+pC1KamyLiOfaxTvwb7Gm1h/OoUTlrG22WciYIk2+PMFCS780gVkbYXmNfo\nJaGj76sFxmUSVqHs4xxqyJPaw+QrERtCAfbPnLtap/xj+R6FjRm9D5YMLCCpxThp\nd6yGN/7DyTHjHA1lYwMs3Nu6g+UmgKqXy1kYwRpvSpJ00eDAhmW/p/yoLW7dhfhW\nt9vC1/MaboIwyrY8LkYN2plFW9al+SGLxJAlkTetAscu6Q02pAykoj8pjUjUYlyi\nksq8nQ/llTLUc7b2L/Y4rirU7bjlnh9QuJGtPKOYgVl7/pjf3IOOdylZI2JzGh4j\nW3a2PIhxrcRsqf81RlfpXj5IeHdAzyvuc4lA3lcZ8Hh5iuwsOjDu/Lz9Rbnxvtch\n5mLYiNpDwy/N/duh46cM3vptySGQ/KntxH9vHTBJpCvt4aY4JfUCggEBAMDZUfFZ\nVoT9AAKvgTmP6KkijxQeA2/WFhOTlFx1XwSUV80vUheJxTOZ0fOLg4rByU5UR7IV\nw202A0gq/dsFQQ5GMdleMZkdoK3kmXkbp90NGepg4CyJbl7p+yvrsEeVpfUcuW1x\nU5c7cItw4KUYpyWfXYv2WBAeEKZ+PyBV1D8iv2n4EXWQqpjgUJRp9NP5I9wkpcQ/\n4dH7At4msKt2XoCd7tEQS0KxSmCAQf3kVfOEyrIwYu75c3nzSjglKvgTEmF/LJsS\nRb7tlSrBwTwEdVnPe+eBa5fhLmYEE90PdhzsXYvoBRrXNWZYPZB/pDiAFqxlJJbi\nMo7CcfcamzlwHk8CggEBAP/NE2S/lK0hYZ/7kRrlL3mN/k8eFyp2ljfNfwN6jXA7\neaQkawYnyIlcnLckBy0dAkWPDnLLXswy3QpeOSEGEshS3siWv+r5v/WzF+ZOcLwM\nAVVWGCrC/5p36mtOyRyqlpi2uvJ/unyY4T+PrhS5Nl/YOOFYz9Wi8/0PoE3IVp4Q\npezZZPnkIoaEUFAgFdfQw6FXvSwhyH2NYSfBMvw8WH+K+ZIzfNKDxp/ybMcTNKm3\nAUAxjb+5pcv8vHn4s0fcSR1W+k8ihmsgKbYd1EXCG8FBrH3SI3U82Qv6UZxb/0bo\n9dLi1rqCzcm3LkzH6HMOrWJOKvmbMuJo+iXPypP5tl8CggEBAISU48EJqnHDfj5a\nan0ocsvU9ojeGX7JsGPFEjp+dtSvJ63o2odUMD9JgQ3u3ICIud0gFCpazABJIfh7\nlgr9kbw+hgbquy6JL+5dOyYH3WAbobWA5J253iditUt8vbR5LZ9WICUdxFo0gyta\nbxcR29gBuE6BDgoGoWvVX5DbcQ/206IG6fnpe1+e18cxESCqJ/0xNMW3JYk3CMGx\n18QJnO7PpWAV06gGOxwdEUF7uZuxr6jRmzKwTLOKj3wKEYB7nCdrRz9VUJ3yuJqs\nmiyo5ATaoFSIpW/FYCDCrOVNu+YmmimVWe0aB5xVDf5Jwp0VcoETCBSzbg63n6JC\nqHTUoAECggEBAN03GKJ0G7tttuOHxwEfWmMgrOD3AMm0LEyt5j236kE47gVJiVSV\naxN/h/fJrHsTLzfAc5pKzfyBsC6bNYSdn/il0gxecjJfMeblrrF4/H1jVHPcNKIm\naK3JLm0GgV3NGNeQjzPPyhKek41IUB+T3LYeY3JeP75dYetjbBpYOrAPba7agjyp\nUkJKgroIRVuSKtyI6AwWWzBY58BdkB4agd4q7ZHF/RiA5XDFUdUHgu+SV/6P3CoF\n/p/ePZCtxz1J/+DjqyxsixpxgiEAwuZg62fBx843wHpO2NVG8PTrimRkatKpYVGC\ndT0QsXWtHBUEiGUPfJLH6MVsS4gPnv1BYrkCggEBAKEy2CvW4k7PSn7wl+K6pueG\nnJvruWaQnNjdTU+UmgES3GhsL8Nrf6ZUpUXQInvz8x56I816cECUp0xqi1Nk0jEs\nLnPxLp5KWQRpyIg8rNlDgIL5L+WOrgq7WVlSmZeF7SG6NHFtJGK+Eic8Jl/2U56Q\nPI1b9h4yZENq2T2XLIJDNQwHyuFeF4i5uDs22s9DchdL32I7UwPS5THCnx+IHM+p\nSrWeTZCEzluC6UIfT8+IEYLTVte5pjiYat23QoaaqLLF+LNZ+eELBCCPirLK/7uQ\nKIrJwpdUqewvRhcOS2l8IaUxM5Nr4tYibRoq5SCKgpTQImffNFUponf2Yl1eRBI=\n-----END RSA PRIVATE KEY-----\n"
            }
        },
        "root_module": {
            "resources": [
                {
                    "address": "azurerm_linux_virtual_machine.my_terraform_vm",
                    "mode": "managed",
                    "type": "azurerm_linux_virtual_machine",
                    "name": "my_terraform_vm",
                    "provider_name": "registry.terraform.io/hashicorp/azurerm",
                    "schema_version": 0,
                    "values": {
                        "additional_capabilities": [],
                        "admin_password": null,
                        "admin_ssh_key": [
                            {
                                "public_key": "ssh-rsa AAAAB3NzaC1yc2EAAAADAQABAAACAQDAsvVCDIzI20ZkIg7SosDD0S6mzNVbHvESYqfSOzK6a5Hsiuh/oUmT+Nj/6f2pJ8w9Rb9ZB8J6gnuBbEUwyL+8gdNFkYXzrWny1gs4oGzSDItpTg1kd8DXwXg54g+1dWOhdq8nbS9ogucu4rzp4dkfuz2hUk4I0iAdCdFVYwQajw3i5JNoZ3Ha8WOGO9b/NKl9uiOpvpmMEVLbaf1NI6jNOLabqtqXZ28s0TxBtGi/DyGCz+P4iUOqzwJKZVv5B1Dd1M6rXEhsIbJNjwQsfyOqkE1yQIIzOLpMgP+ZBxS+ZTV/7bArDL09V3i/dFOJf2YBihttEWcDNhdX5UNpO28A6rinC69qd5dGvqe2IQAk+fTP/IDgdDlzPlWvKRwQdp+051mCvTWZrHpURNOk+CTUQBhxVvdV5wcKHVDP4w5hfQ3qKpTMxNzEKKO28/JVpCGEk6UaPTwt0uIDX3nhqqxdBUorhd082mr5N3wWnoxXMD8V8CaELTF3fxkclf+HegtOGqNe1bzGCel5pUtzkwbmxLHW3xK4IUbf4sKyzZqMzDIUBo8IQ8kHcUzjbEcFn9tnZ56S5Y9w5f2+xbi39Nr+n/vLRRV/NvkhDzMMKj/Gwj2u3AJNUaapOGBf02Sx84zdY4ZadwUB3VmrdSRgoXKSW/rvFp+UT6B8+EU63f5pUQ==\n",
                                "username": "azureuser"
                            }
                        ],
                        "admin_username": "azureuser",
                        "allow_extension_operations": true,
                        "availability_set_id": null,
                        "boot_diagnostics": [
                            {
                                "storage_account_uri": "https://diag7c89de49ed178fb5.blob.core.windows.net/"
                            }
                        ],
                        "computer_name": "VmFabrykTest2",
                        "custom_data": null,
                        "dedicated_host_group_id": null,
                        "dedicated_host_id": null,
                        "disable_password_authentication": true,
                        "encryption_at_host_enabled": null,
                        "eviction_policy": null,
                        "extensions_time_budget": "PT1H30M",
                        "identity": [],
                        "license_type": null,
                        "location": "eastus",
                        "max_bid_price": -1,
                        "name": "TBCEP001",
                        "network_interface_ids": [
                            "/subscriptions/cf8c3bb8-523a-4510-87ed-9d9cf07296f6/resourceGroups/rg-arriving-cowbird/providers/Microsoft.Network/networkInterfaces/myNIC"
                        ],
                        "os_disk": [
                            {
                                "caching": "ReadWrite",
                                "diff_disk_settings": [],
                                "disk_encryption_set_id": null,
                                "name": "myOsDisk3",
                                "storage_account_type": "Premium_LRS",
                                "write_accelerator_enabled": false
                            }
                        ],
                        "patch_mode": "ImageDefault",
                        "plan": [],
                        "platform_fault_domain": -1,
                        "priority": "Regular",
                        "provision_vm_agent": true,
                        "proximity_placement_group_id": null,
                        "resource_group_name": "rg-arriving-cowbird",
                        "secret": [],
                        "secure_boot_enabled": null,
                        "size": "Standard_DS1_v2",
                        "source_image_id": null,
                        "source_image_reference": [
                            {
                                "offer": "UbuntuServer",
                                "publisher": "Canonical",
                                "sku": "18.04-LTS",
                                "version": "latest"
                            }
                        ],
                        "tags": null,
                        "timeouts": null,
                        "user_data": null,
                        "virtual_machine_scale_set_id": null,
                        "vtpm_enabled": null
                    },
                    "sensitive_values": {
                        "additional_capabilities": [],
                        "admin_ssh_key": [
                            {}
                        ],
                        "boot_diagnostics": [
                            {}
                        ],
                        "identity": [],
                        "network_interface_ids": [
                            false
                        ],
                        "os_disk": [
                            {
                                "diff_disk_settings": []
                            }
                        ],
                        "plan": [],
                        "private_ip_addresses": [],
                        "public_ip_addresses": [],
                        "secret": [],
                        "source_image_reference": [
                            {}
                        ]
                    }
                },
                {
                    "address": "azurerm_network_interface.my_terraform_nic",
                    "mode": "managed",
                    "type": "azurerm_network_interface",
                    "name": "my_terraform_nic",
                    "provider_name": "registry.terraform.io/hashicorp/azurerm",
                    "schema_version": 0,
                    "values": {
                        "applied_dns_servers": [],
                        "dns_servers": [],
                        "enable_accelerated_networking": false,
                        "enable_ip_forwarding": false,
                        "id": "/subscriptions/cf8c3bb8-523a-4510-87ed-9d9cf07296f6/resourceGroups/rg-arriving-cowbird/providers/Microsoft.Network/networkInterfaces/myNIC",
                        "internal_dns_name_label": "",
                        "internal_domain_name_suffix": "5rzns1c5035ubai1daqjbaikaa.bx.internal.cloudapp.net",
                        "ip_configuration": [
                            {
                                "gateway_load_balancer_frontend_ip_configuration_id": "",
                                "name": "my_nic_configuration",
                                "primary": true,
                                "private_ip_address": "10.0.1.4",
                                "private_ip_address_allocation": "Dynamic",
                                "private_ip_address_version": "IPv4",
                                "public_ip_address_id": "/subscriptions/cf8c3bb8-523a-4510-87ed-9d9cf07296f6/resourceGroups/rg-arriving-cowbird/providers/Microsoft.Network/publicIPAddresses/myPublicIP",
                                "subnet_id": "/subscriptions/cf8c3bb8-523a-4510-87ed-9d9cf07296f6/resourceGroups/rg-arriving-cowbird/providers/Microsoft.Network/virtualNetworks/myVnet3/subnets/mySubnet"
                            }
                        ],
                        "location": "eastus",
                        "mac_address": "60-45-BD-A8-9F-A6",
                        "name": "myNIC",
                        "private_ip_address": "10.0.1.4",
                        "private_ip_addresses": [
                            "10.0.1.4"
                        ],
                        "resource_group_name": "rg-arriving-cowbird",
                        "tags": {},
                        "timeouts": null,
                        "virtual_machine_id": "/subscriptions/cf8c3bb8-523a-4510-87ed-9d9cf07296f6/resourceGroups/rg-arriving-cowbird/providers/Microsoft.Compute/virtualMachines/VmFabrykTest"
                    },
                    "sensitive_values": {
                        "applied_dns_servers": [],
                        "dns_servers": [],
                        "ip_configuration": [
                            {}
                        ],
                        "private_ip_addresses": [
                            false
                        ],
                        "tags": {}
                    }
                },
                {
                    "address": "azurerm_network_interface_security_group_association.example",
                    "mode": "managed",
                    "type": "azurerm_network_interface_security_group_association",
                    "name": "example",
                    "provider_name": "registry.terraform.io/hashicorp/azurerm",
                    "schema_version": 0,
                    "values": {
                        "id": "/subscriptions/cf8c3bb8-523a-4510-87ed-9d9cf07296f6/resourceGroups/rg-arriving-cowbird/providers/Microsoft.Network/networkInterfaces/myNIC|/subscriptions/cf8c3bb8-523a-4510-87ed-9d9cf07296f6/resourceGroups/rg-arriving-cowbird/providers/Microsoft.Network/networkSecurityGroups/myNetworkSecurityGroup",
                        "network_interface_id": "/subscriptions/cf8c3bb8-523a-4510-87ed-9d9cf07296f6/resourceGroups/rg-arriving-cowbird/providers/Microsoft.Network/networkInterfaces/myNIC",
                        "network_security_group_id": "/subscriptions/cf8c3bb8-523a-4510-87ed-9d9cf07296f6/resourceGroups/rg-arriving-cowbird/providers/Microsoft.Network/networkSecurityGroups/myNetworkSecurityGroup",
                        "timeouts": null
                    },
                    "sensitive_values": {}
                },
                {
                    "address": "azurerm_network_security_group.my_terraform_nsg",
                    "mode": "managed",
                    "type": "azurerm_network_security_group",
                    "name": "my_terraform_nsg",
                    "provider_name": "registry.terraform.io/hashicorp/azurerm",
                    "schema_version": 0,
                    "values": {
                        "id": "/subscriptions/cf8c3bb8-523a-4510-87ed-9d9cf07296f6/resourceGroups/rg-arriving-cowbird/providers/Microsoft.Network/networkSecurityGroups/myNetworkSecurityGroup",
                        "location": "eastus",
                        "name": "myNetworkSecurityGroup",
                        "resource_group_name": "rg-arriving-cowbird",
                        "security_rule": [
                            {
                                "access": "Allow",
                                "description": "",
                                "destination_address_prefix": "*",
                                "destination_address_prefixes": [],
                                "destination_application_security_group_ids": [],
                                "destination_port_range": "22",
                                "destination_port_ranges": [],
                                "direction": "Inbound",
                                "name": "SSH",
                                "priority": 1001,
                                "protocol": "Tcp",
                                "source_address_prefix": "*",
                                "source_address_prefixes": [],
                                "source_application_security_group_ids": [],
                                "source_port_range": "*",
                                "source_port_ranges": []
                            }
                        ],
                        "tags": {},
                        "timeouts": null
                    },
                    "sensitive_values": {
                        "security_rule": [
                            {
                                "destination_address_prefixes": [],
                                "destination_application_security_group_ids": [],
                                "destination_port_ranges": [],
                                "source_address_prefixes": [],
                                "source_application_security_group_ids": [],
                                "source_port_ranges": []
                            }
                        ],
                        "tags": {}
                    }
                },
                {
                    "address": "azurerm_public_ip.my_terraform_public_ip",
                    "mode": "managed",
                    "type": "azurerm_public_ip",
                    "name": "my_terraform_public_ip",
                    "provider_name": "registry.terraform.io/hashicorp/azurerm",
                    "schema_version": 0,
                    "values": {
                        "allocation_method": "Dynamic",
                        "availability_zone": "No-Zone",
                        "domain_name_label": null,
                        "fqdn": null,
                        "id": "/subscriptions/cf8c3bb8-523a-4510-87ed-9d9cf07296f6/resourceGroups/rg-arriving-cowbird/providers/Microsoft.Network/publicIPAddresses/myPublicIP",
                        "idle_timeout_in_minutes": 4,
                        "ip_address": "52.136.118.163",
                        "ip_tags": {},
                        "ip_version": "IPv4",
                        "location": "eastus",
                        "name": "myPublicIP",
                        "public_ip_prefix_id": null,
                        "resource_group_name": "rg-arriving-cowbird",
                        "reverse_fqdn": null,
                        "sku": "Basic",
                        "sku_tier": "Regional",
                        "tags": {},
                        "timeouts": null,
                        "zones": []
                    },
                    "sensitive_values": {
                        "ip_tags": {},
                        "tags": {},
                        "zones": []
                    }
                },
                {
                    "address": "azurerm_resource_group.rg",
                    "mode": "managed",
                    "type": "azurerm_resource_group",
                    "name": "rg",
                    "provider_name": "registry.terraform.io/hashicorp/azurerm",
                    "schema_version": 0,
                    "values": {
                        "id": "/subscriptions/cf8c3bb8-523a-4510-87ed-9d9cf07296f6/resourceGroups/rg-arriving-cowbird",
                        "location": "eastus",
                        "name": "rg-arriving-cowbird",
                        "tags": {},
                        "timeouts": null
                    },
                    "sensitive_values": {
                        "tags": {}
                    }
                },
                {
                    "address": "azurerm_storage_account.my_storage_account",
                    "mode": "managed",
                    "type": "azurerm_storage_account",
                    "name": "my_storage_account",
                    "provider_name": "registry.terraform.io/hashicorp/azurerm",
                    "schema_version": 2,
                    "values": {
                        "access_tier": "Hot",
                        "account_kind": "StorageV2",
                        "account_replication_type": "LRS",
                        "account_tier": "Standard",
                        "allow_blob_public_access": false,
                        "azure_files_authentication": [],
                        "blob_properties": [
                            {
                                "change_feed_enabled": false,
                                "container_delete_retention_policy": [],
                                "cors_rule": [],
                                "default_service_version": "",
                                "delete_retention_policy": [],
                                "last_access_time_enabled": false,
                                "versioning_enabled": false
                            }
                        ],
                        "custom_domain": [],
                        "customer_managed_key": [],
                        "enable_https_traffic_only": true,
                        "id": "/subscriptions/cf8c3bb8-523a-4510-87ed-9d9cf07296f6/resourceGroups/rg-arriving-cowbird/providers/Microsoft.Storage/storageAccounts/diag7c89de49ed178fb5",
                        "identity": [],
                        "infrastructure_encryption_enabled": false,
                        "is_hns_enabled": false,
                        "large_file_share_enabled": null,
                        "location": "eastus",
                        "min_tls_version": "TLS1_0",
                        "name": "diag7c89de49ed178fb5",
                        "network_rules": [
                            {
                                "bypass": [
                                    "AzureServices"
                                ],
                                "default_action": "Allow",
                                "ip_rules": [],
                                "private_link_access": [],
                                "virtual_network_subnet_ids": []
                            }
                        ],
                        "nfsv3_enabled": false,
                        "primary_access_key": "bd7mD95uqGuqJwUcc0y82gDbE3nMbeuC5lD6o4s/RS0G4Xe8bE0p1CMAPrWP952lPqABrYNS6oLd+AStxNrzKw==",
                        "primary_blob_connection_string": "DefaultEndpointsProtocol=https;BlobEndpoint=https://diag7c89de49ed178fb5.blob.core.windows.net/;AccountName=diag7c89de49ed178fb5;AccountKey=bd7mD95uqGuqJwUcc0y82gDbE3nMbeuC5lD6o4s/RS0G4Xe8bE0p1CMAPrWP952lPqABrYNS6oLd+AStxNrzKw==",
                        "primary_blob_endpoint": "https://diag7c89de49ed178fb5.blob.core.windows.net/",
                        "primary_blob_host": "diag7c89de49ed178fb5.blob.core.windows.net",
                        "primary_connection_string": "DefaultEndpointsProtocol=https;AccountName=diag7c89de49ed178fb5;AccountKey=bd7mD95uqGuqJwUcc0y82gDbE3nMbeuC5lD6o4s/RS0G4Xe8bE0p1CMAPrWP952lPqABrYNS6oLd+AStxNrzKw==;EndpointSuffix=core.windows.net",
                        "primary_dfs_endpoint": "https://diag7c89de49ed178fb5.dfs.core.windows.net/",
                        "primary_dfs_host": "diag7c89de49ed178fb5.dfs.core.windows.net",
                        "primary_file_endpoint": "https://diag7c89de49ed178fb5.file.core.windows.net/",
                        "primary_file_host": "diag7c89de49ed178fb5.file.core.windows.net",
                        "primary_location": "eastus",
                        "primary_queue_endpoint": "https://diag7c89de49ed178fb5.queue.core.windows.net/",
                        "primary_queue_host": "diag7c89de49ed178fb5.queue.core.windows.net",
                        "primary_table_endpoint": "https://diag7c89de49ed178fb5.table.core.windows.net/",
                        "primary_table_host": "diag7c89de49ed178fb5.table.core.windows.net",
                        "primary_web_endpoint": "https://diag7c89de49ed178fb5.z13.web.core.windows.net/",
                        "primary_web_host": "diag7c89de49ed178fb5.z13.web.core.windows.net",
                        "queue_encryption_key_type": "Service",
                        "queue_properties": [
                            {
                                "cors_rule": [],
                                "hour_metrics": [
                                    {
                                        "enabled": true,
                                        "include_apis": true,
                                        "retention_policy_days": 7,
                                        "version": "1.0"
                                    }
                                ],
                                "logging": [
                                    {
                                        "delete": false,
                                        "read": false,
                                        "retention_policy_days": 0,
                                        "version": "1.0",
                                        "write": false
                                    }
                                ],
                                "minute_metrics": [
                                    {
                                        "enabled": false,
                                        "include_apis": false,
                                        "retention_policy_days": 0,
                                        "version": "1.0"
                                    }
                                ]
                            }
                        ],
                        "resource_group_name": "rg-arriving-cowbird",
                        "routing": [],
                        "secondary_access_key": "6FoXJHYbYyJ6alUuFnolvUDCHh8MIm1TTAaZBLHufDZeacL+KPHvof1nkpDVg8CYjY//ue8H6hUI+AStsZC9+w==",
                        "secondary_blob_connection_string": "",
                        "secondary_blob_endpoint": null,
                        "secondary_blob_host": null,
                        "secondary_connection_string": "DefaultEndpointsProtocol=https;AccountName=diag7c89de49ed178fb5;AccountKey=6FoXJHYbYyJ6alUuFnolvUDCHh8MIm1TTAaZBLHufDZeacL+KPHvof1nkpDVg8CYjY//ue8H6hUI+AStsZC9+w==;EndpointSuffix=core.windows.net",
                        "secondary_dfs_endpoint": null,
                        "secondary_dfs_host": null,
                        "secondary_file_endpoint": null,
                        "secondary_file_host": null,
                        "secondary_location": "",
                        "secondary_queue_endpoint": null,
                        "secondary_queue_host": null,
                        "secondary_table_endpoint": null,
                        "secondary_table_host": null,
                        "secondary_web_endpoint": null,
                        "secondary_web_host": null,
                        "share_properties": [
                            {
                                "cors_rule": [],
                                "retention_policy": [
                                    {
                                        "days": 7
                                    }
                                ],
                                "smb": []
                            }
                        ],
                        "shared_access_key_enabled": true,
                        "static_website": [],
                        "table_encryption_key_type": "Service",
                        "tags": {},
                        "timeouts": null
                    },
                    "sensitive_values": {
                        "azure_files_authentication": [],
                        "blob_properties": [
                            {
                                "container_delete_retention_policy": [],
                                "cors_rule": [],
                                "delete_retention_policy": []
                            }
                        ],
                        "custom_domain": [],
                        "customer_managed_key": [],
                        "identity": [],
                        "network_rules": [
                            {
                                "bypass": [
                                    false
                                ],
                                "ip_rules": [],
                                "private_link_access": [],
                                "virtual_network_subnet_ids": []
                            }
                        ],
                        "queue_properties": [
                            {
                                "cors_rule": [],
                                "hour_metrics": [
                                    {}
                                ],
                                "logging": [
                                    {}
                                ],
                                "minute_metrics": [
                                    {}
                                ]
                            }
                        ],
                        "routing": [],
                        "share_properties": [
                            {
                                "cors_rule": [],
                                "retention_policy": [
                                    {}
                                ],
                                "smb": []
                            }
                        ],
                        "static_website": [],
                        "tags": {}
                    }
                },
                {
                    "address": "azurerm_subnet.my_terraform_subnet",
                    "mode": "managed",
                    "type": "azurerm_subnet",
                    "name": "my_terraform_subnet",
                    "provider_name": "registry.terraform.io/hashicorp/azurerm",
                    "schema_version": 0,
                    "values": {
                        "address_prefix": "10.0.1.0/24",
                        "address_prefixes": [
                            "10.0.1.0/24"
                        ],
                        "delegation": [],
                        "enforce_private_link_endpoint_network_policies": false,
                        "enforce_private_link_service_network_policies": false,
                        "id": "/subscriptions/cf8c3bb8-523a-4510-87ed-9d9cf07296f6/resourceGroups/rg-arriving-cowbird/providers/Microsoft.Network/virtualNetworks/myVnet3/subnets/mySubnet",
                        "name": "mySubnet",
                        "resource_group_name": "rg-arriving-cowbird",
                        "service_endpoint_policy_ids": [],
                        "service_endpoints": [],
                        "timeouts": null,
                        "virtual_network_name": "myVnet3"
                    },
                    "sensitive_values": {
                        "address_prefixes": [
                            false
                        ],
                        "delegation": [],
                        "service_endpoint_policy_ids": [],
                        "service_endpoints": []
                    }
                },
                {
                    "address": "azurerm_virtual_network.my_terraform_network",
                    "mode": "managed",
                    "type": "azurerm_virtual_network",
                    "name": "my_terraform_network",
                    "provider_name": "registry.terraform.io/hashicorp/azurerm",
                    "schema_version": 0,
                    "values": {
                        "address_space": [
                            "10.0.0.0/16"
                        ],
                        "bgp_community": "",
                        "ddos_protection_plan": [],
                        "dns_servers": [],
                        "flow_timeout_in_minutes": 0,
                        "guid": "6cd972fc-d75f-407f-811b-182090810a00",
                        "id": "/subscriptions/cf8c3bb8-523a-4510-87ed-9d9cf07296f6/resourceGroups/rg-arriving-cowbird/providers/Microsoft.Network/virtualNetworks/myVnet3",
                        "location": "eastus",
                        "name": "myVnet3",
                        "resource_group_name": "rg-arriving-cowbird",
                        "subnet": [
                            {
                                "address_prefix": "10.0.1.0/24",
                                "id": "/subscriptions/cf8c3bb8-523a-4510-87ed-9d9cf07296f6/resourceGroups/rg-arriving-cowbird/providers/Microsoft.Network/virtualNetworks/myVnet3/subnets/mySubnet",
                                "name": "mySubnet",
                                "security_group": ""
                            }
                        ],
                        "tags": {},
                        "timeouts": null,
                        "vm_protection_enabled": false
                    },
                    "sensitive_values": {
                        "address_space": [
                            false
                        ],
                        "ddos_protection_plan": [],
                        "dns_servers": [],
                        "subnet": [
                            {}
                        ],
                        "tags": {}
                    }
                },
                {
                    "address": "random_id.random_id",
                    "mode": "managed",
                    "type": "random_id",
                    "name": "random_id",
                    "provider_name": "registry.terraform.io/hashicorp/random",
                    "schema_version": 0,
                    "values": {
                        "b64_std": "fIneSe0Xj7U=",
                        "b64_url": "fIneSe0Xj7U",
                        "byte_length": 8,
                        "dec": "8973948141604147125",
                        "hex": "7c89de49ed178fb5",
                        "id": "fIneSe0Xj7U",
                        "keepers": {
                            "resource_group": "rg-arriving-cowbird"
                        },
                        "prefix": null
                    },
                    "sensitive_values": {
                        "keepers": {}
                    }
                },
                {
                    "address": "random_pet.rg_name",
                    "mode": "managed",
                    "type": "random_pet",
                    "name": "rg_name",
                    "provider_name": "registry.terraform.io/hashicorp/random",
                    "schema_version": 0,
                    "values": {
                        "id": "rg-arriving-cowbird",
                        "keepers": null,
                        "length": 2,
                        "prefix": "rg",
                        "separator": "-"
                    },
                    "sensitive_values": {}
                },
                {
                    "address": "tls_private_key.example_ssh",
                    "mode": "managed",
                    "type": "tls_private_key",
                    "name": "example_ssh",
                    "provider_name": "registry.terraform.io/hashicorp/tls",
                    "schema_version": 1,
                    "values": {
                        "algorithm": "RSA",
                        "ecdsa_curve": "P224",
                        "id": "ef3918b6b6db29d3b018a89d284668ef0eb9fdf8",
                        "private_key_openssh": "-----BEGIN OPENSSH PRIVATE KEY-----\nb3BlbnNzaC1rZXktdjEAAAAABG5vbmUAAAAEbm9uZQAAAAAAAAABAAACFwAAAAdz\nc2gtcnNhAAAAAwEAAQAAAgEAwLL1QgyMyNtGZCIO0qLAw9EupszVWx7xEmKn0jsy\numuR7Irof6FJk/jY/+n9qSfMPUW/WQfCeoJ7gWxFMMi/vIHTRZGF861p8tYLOKBs\n0gyLaU4NZHfA18F4OeIPtXVjoXavJ20vaILnLuK86eHZH7s9oVJOCNIgHQnRVWME\nGo8N4uSTaGdx2vFjhjvW/zSpfbojqb6ZjBFS22n9TSOozTi2m6ral2dvLNE8QbRo\nvw8hgs/j+IlDqs8CSmVb+QdQ3dTOq1xIbCGyTY8ELH8jqpBNckCCMzi6TID/mQcU\nvmU1f+2wKwy9PVd4v3RTiX9mAYobbRFnAzYXV+VDaTtvAOq4pwuvaneXRr6ntiEA\nJPn0z/yA4HQ5cz5VrykcEHaftOdZgr01max6VETTpPgk1EAYcVb3VecHCh1Qz+MO\nYX0N6iqUzMTcxCijtvPyVaQhhJOlGj08LdLiA1954aqsXQVKK4XdPNpq+Td8Fp6M\nVzA/FfAmhC0xd38ZHJX/h3oLThqjXtW8xgnpeaVLc5MG5sSx1t8SuCFG3+LCss2a\njMwyFAaPCEPJB3FM42xHBZ/bZ2eekuWPcOX9vsW4t/Ta/p/7y0UVfzb5IQ8zDCo/\nxsI9rtwCTVGmqThgX9NksfOM3WOGWncFAd1Zq3UkYKFyklv67xaflE+gfPhFOt3+\naVEAAAc4/FaORvxWjkYAAAAHc3NoLXJzYQAAAgEAwLL1QgyMyNtGZCIO0qLAw9Eu\npszVWx7xEmKn0jsyumuR7Irof6FJk/jY/+n9qSfMPUW/WQfCeoJ7gWxFMMi/vIHT\nRZGF861p8tYLOKBs0gyLaU4NZHfA18F4OeIPtXVjoXavJ20vaILnLuK86eHZH7s9\noVJOCNIgHQnRVWMEGo8N4uSTaGdx2vFjhjvW/zSpfbojqb6ZjBFS22n9TSOozTi2\nm6ral2dvLNE8QbRovw8hgs/j+IlDqs8CSmVb+QdQ3dTOq1xIbCGyTY8ELH8jqpBN\nckCCMzi6TID/mQcUvmU1f+2wKwy9PVd4v3RTiX9mAYobbRFnAzYXV+VDaTtvAOq4\npwuvaneXRr6ntiEAJPn0z/yA4HQ5cz5VrykcEHaftOdZgr01max6VETTpPgk1EAY\ncVb3VecHCh1Qz+MOYX0N6iqUzMTcxCijtvPyVaQhhJOlGj08LdLiA1954aqsXQVK\nK4XdPNpq+Td8Fp6MVzA/FfAmhC0xd38ZHJX/h3oLThqjXtW8xgnpeaVLc5MG5sSx\n1t8SuCFG3+LCss2ajMwyFAaPCEPJB3FM42xHBZ/bZ2eekuWPcOX9vsW4t/Ta/p/7\ny0UVfzb5IQ8zDCo/xsI9rtwCTVGmqThgX9NksfOM3WOGWncFAd1Zq3UkYKFyklv6\n7xaflE+gfPhFOt3+aVEAAAADAQABAAACAQCivkE+QAUimXYwmUb1g/jTKDaDLtk+\nNLqasXFUryRfpvu9z28eY2QVsYPrVn4hv3fRg7dgBJquBscx/fPNiK3OEcMRrR55\nN0sUiMs/TtW47FlNXVsYL79ROJdGI3Lq6LJ1Khwxaxgv5uZChcHQsSpDj0o0laNL\n9dKjU6hUueQ8Xfb3Wd5YvYy9wUIxmxYvwRUoFu2JrWxWjEbzAeeon2YvtCcc/0XP\nus59BlUilLAmNCw0I0lAnQTmHCCuHj536kLUpqbIuI59rFO/BvsabWH86hROWsbb\nZZyJgiTb48wUJLvzSBWRtheY1+gloaPvqwXGZRJWoezjHGrIk9rD5CsRG0IB9s+c\nu1qn/GP5HoWNGb0PlgwsIKnFOGl3rIY3/sPJMeMcDWVjAyzc27qD5SaAqpfLWRjB\nGm9KknTR4MCGZb+n/Kgtbt2F+Fa328LX8xpugjDKtjwuRg3amUVb1qX5IYvEkCWR\nN60Cxy7pDTakDKSiPymNSNRiXKKSyrydD+WVMtRztvYv9jiuKtTtuOWeH1C4ka08\no5iBWXv+mN/cg453KVkjYnMaHiNbdrY8iHGtxGyp/zVGV+lePkh4d0DPK+5ziUDe\nVxnweHmK7Cw6MO78vP1FufG+1yHmYtiI2kPDL83926Hjpwze+m3JIZD8qe3Ef28d\nMEmkK+3hpjgl9QAAAQEAoTLYK9biTs9KfvCX4rqm54acm+u5ZpCc2N1NT5SaARLc\naGwvw2t/plSlRdAie/PzHnojzXpwQJSnTGqLU2TSMSwuc/EunkpZBGnIiDys2UOA\ngvkv5Y6uCrtZWVKZl4XtIbo0cW0kYr4SJzwmX/ZTnpA8jVv2HjJkQ2rZPZcsgkM1\nDAfK4V4XiLm4Ozbaz0NyF0vfYjtTA9LlMcKfH4gcz6lKtZ5NkITOW4LpQh9Pz4gR\ngtNW17mmOJhq3bdChpqossX4s1n54QsEII+Kssr/u5AoisnCl1Sp7C9GFw5LaXwh\npTEzk2vi1iJtGirlIIqClNAiZ980VSmid/ZiXV5EEgAAAQEAwNlR8VlWhP0AAq+B\nOY/oqSKPFB4Db9YWE5OUXHVfBJRXzS9SF4nFM5nR84uDisHJTlRHshXDbTYDSCr9\n2wVBDkYx2V4xmR2greSZeRun3Q0Z6mDgLIluXun7K+uwR5Wl9Ry5bXFTlztwi3Dg\npRinJZ9di/ZYEB4Qpn4/IFXUPyK/afgRdZCqmOBQlGn00/kj3CSlxD/h0fsC3iaw\nq3ZegJ3u0RBLQrFKYIBB/eRV84TKsjBi7vlzefNKOCUq+BMSYX8smxJFvu2VKsHB\nPAR1Wc9754Frl+EuZgQT3Q92HOxdi+gFGtc1Zlg9kH+kOIAWrGUkluIyjsJx9xqb\nOXAeTwAAAQEA/80TZL+UrSFhn/uRGuUveY3+Tx4XKnaWN81/A3qNcDt5pCRrBifI\niVyctyQHLR0CRY8OcstezDLdCl45IQYSyFLeyJa/6vm/9bMX5k5wvAwBVVYYKsL/\nmnfqa07JHKqWmLa68n+6fJjhP4+uFLk2X9g44VjP1aLz/Q+gTchWnhCl7Nlk+eQi\nhoRQUCAV19DDoVe9LCHIfY1hJ8Ey/DxYf4r5kjN80oPGn/JsxxM0qbcBQDGNv7ml\ny/y8efizR9xJHVb6TyKGayApth3URcIbwUGsfdIjdTzZC/pRnFv/Ruj10uLWuoLN\nybcuTMfocw6tYk4q+Zsy4mj6Jc/Kk/m2XwAAAAAB\n-----END OPENSSH PRIVATE KEY-----\n",
                        "private_key_pem": "-----BEGIN RSA PRIVATE KEY-----\nMIIJKwIBAAKCAgEAwLL1QgyMyNtGZCIO0qLAw9EupszVWx7xEmKn0jsyumuR7Iro\nf6FJk/jY/+n9qSfMPUW/WQfCeoJ7gWxFMMi/vIHTRZGF861p8tYLOKBs0gyLaU4N\nZHfA18F4OeIPtXVjoXavJ20vaILnLuK86eHZH7s9oVJOCNIgHQnRVWMEGo8N4uST\naGdx2vFjhjvW/zSpfbojqb6ZjBFS22n9TSOozTi2m6ral2dvLNE8QbRovw8hgs/j\n+IlDqs8CSmVb+QdQ3dTOq1xIbCGyTY8ELH8jqpBNckCCMzi6TID/mQcUvmU1f+2w\nKwy9PVd4v3RTiX9mAYobbRFnAzYXV+VDaTtvAOq4pwuvaneXRr6ntiEAJPn0z/yA\n4HQ5cz5VrykcEHaftOdZgr01max6VETTpPgk1EAYcVb3VecHCh1Qz+MOYX0N6iqU\nzMTcxCijtvPyVaQhhJOlGj08LdLiA1954aqsXQVKK4XdPNpq+Td8Fp6MVzA/FfAm\nhC0xd38ZHJX/h3oLThqjXtW8xgnpeaVLc5MG5sSx1t8SuCFG3+LCss2ajMwyFAaP\nCEPJB3FM42xHBZ/bZ2eekuWPcOX9vsW4t/Ta/p/7y0UVfzb5IQ8zDCo/xsI9rtwC\nTVGmqThgX9NksfOM3WOGWncFAd1Zq3UkYKFyklv67xaflE+gfPhFOt3+aVECAwEA\nAQKCAgEAor5BPkAFIpl2MJlG9YP40yg2gy7ZPjS6mrFxVK8kX6b7vc9vHmNkFbGD\n61Z+Ib930YO3YASargbHMf3zzYitzhHDEa0eeTdLFIjLP07VuOxZTV1bGC+/UTiX\nRiNy6uiydSocMWsYL+bmQoXB0LEqQ49KNJWjS/XSo1OoVLnkPF3291neWL2MvcFC\nMZsWL8EVKBbtia1sVoxG8wHnqJ9mL7QnHP9Fz7rOfQZVIpSwJjQsNCNJQJ0E5hwg\nrh4+d+pC1KamyLiOfaxTvwb7Gm1h/OoUTlrG22WciYIk2+PMFCS780gVkbYXmNfo\nJaGj76sFxmUSVqHs4xxqyJPaw+QrERtCAfbPnLtap/xj+R6FjRm9D5YMLCCpxThp\nd6yGN/7DyTHjHA1lYwMs3Nu6g+UmgKqXy1kYwRpvSpJ00eDAhmW/p/yoLW7dhfhW\nt9vC1/MaboIwyrY8LkYN2plFW9al+SGLxJAlkTetAscu6Q02pAykoj8pjUjUYlyi\nksq8nQ/llTLUc7b2L/Y4rirU7bjlnh9QuJGtPKOYgVl7/pjf3IOOdylZI2JzGh4j\nW3a2PIhxrcRsqf81RlfpXj5IeHdAzyvuc4lA3lcZ8Hh5iuwsOjDu/Lz9Rbnxvtch\n5mLYiNpDwy/N/duh46cM3vptySGQ/KntxH9vHTBJpCvt4aY4JfUCggEBAMDZUfFZ\nVoT9AAKvgTmP6KkijxQeA2/WFhOTlFx1XwSUV80vUheJxTOZ0fOLg4rByU5UR7IV\nw202A0gq/dsFQQ5GMdleMZkdoK3kmXkbp90NGepg4CyJbl7p+yvrsEeVpfUcuW1x\nU5c7cItw4KUYpyWfXYv2WBAeEKZ+PyBV1D8iv2n4EXWQqpjgUJRp9NP5I9wkpcQ/\n4dH7At4msKt2XoCd7tEQS0KxSmCAQf3kVfOEyrIwYu75c3nzSjglKvgTEmF/LJsS\nRb7tlSrBwTwEdVnPe+eBa5fhLmYEE90PdhzsXYvoBRrXNWZYPZB/pDiAFqxlJJbi\nMo7CcfcamzlwHk8CggEBAP/NE2S/lK0hYZ/7kRrlL3mN/k8eFyp2ljfNfwN6jXA7\neaQkawYnyIlcnLckBy0dAkWPDnLLXswy3QpeOSEGEshS3siWv+r5v/WzF+ZOcLwM\nAVVWGCrC/5p36mtOyRyqlpi2uvJ/unyY4T+PrhS5Nl/YOOFYz9Wi8/0PoE3IVp4Q\npezZZPnkIoaEUFAgFdfQw6FXvSwhyH2NYSfBMvw8WH+K+ZIzfNKDxp/ybMcTNKm3\nAUAxjb+5pcv8vHn4s0fcSR1W+k8ihmsgKbYd1EXCG8FBrH3SI3U82Qv6UZxb/0bo\n9dLi1rqCzcm3LkzH6HMOrWJOKvmbMuJo+iXPypP5tl8CggEBAISU48EJqnHDfj5a\nan0ocsvU9ojeGX7JsGPFEjp+dtSvJ63o2odUMD9JgQ3u3ICIud0gFCpazABJIfh7\nlgr9kbw+hgbquy6JL+5dOyYH3WAbobWA5J253iditUt8vbR5LZ9WICUdxFo0gyta\nbxcR29gBuE6BDgoGoWvVX5DbcQ/206IG6fnpe1+e18cxESCqJ/0xNMW3JYk3CMGx\n18QJnO7PpWAV06gGOxwdEUF7uZuxr6jRmzKwTLOKj3wKEYB7nCdrRz9VUJ3yuJqs\nmiyo5ATaoFSIpW/FYCDCrOVNu+YmmimVWe0aB5xVDf5Jwp0VcoETCBSzbg63n6JC\nqHTUoAECggEBAN03GKJ0G7tttuOHxwEfWmMgrOD3AMm0LEyt5j236kE47gVJiVSV\naxN/h/fJrHsTLzfAc5pKzfyBsC6bNYSdn/il0gxecjJfMeblrrF4/H1jVHPcNKIm\naK3JLm0GgV3NGNeQjzPPyhKek41IUB+T3LYeY3JeP75dYetjbBpYOrAPba7agjyp\nUkJKgroIRVuSKtyI6AwWWzBY58BdkB4agd4q7ZHF/RiA5XDFUdUHgu+SV/6P3CoF\n/p/ePZCtxz1J/+DjqyxsixpxgiEAwuZg62fBx843wHpO2NVG8PTrimRkatKpYVGC\ndT0QsXWtHBUEiGUPfJLH6MVsS4gPnv1BYrkCggEBAKEy2CvW4k7PSn7wl+K6pueG\nnJvruWaQnNjdTU+UmgES3GhsL8Nrf6ZUpUXQInvz8x56I816cECUp0xqi1Nk0jEs\nLnPxLp5KWQRpyIg8rNlDgIL5L+WOrgq7WVlSmZeF7SG6NHFtJGK+Eic8Jl/2U56Q\nPI1b9h4yZENq2T2XLIJDNQwHyuFeF4i5uDs22s9DchdL32I7UwPS5THCnx+IHM+p\nSrWeTZCEzluC6UIfT8+IEYLTVte5pjiYat23QoaaqLLF+LNZ+eELBCCPirLK/7uQ\nKIrJwpdUqewvRhcOS2l8IaUxM5Nr4tYibRoq5SCKgpTQImffNFUponf2Yl1eRBI=\n-----END RSA PRIVATE KEY-----\n",
                        "private_key_pem_pkcs8": "-----BEGIN PRIVATE KEY-----\nMIIJRQIBADANBgkqhkiG9w0BAQEFAASCCS8wggkrAgEAAoICAQDAsvVCDIzI20Zk\nIg7SosDD0S6mzNVbHvESYqfSOzK6a5Hsiuh/oUmT+Nj/6f2pJ8w9Rb9ZB8J6gnuB\nbEUwyL+8gdNFkYXzrWny1gs4oGzSDItpTg1kd8DXwXg54g+1dWOhdq8nbS9ogucu\n4rzp4dkfuz2hUk4I0iAdCdFVYwQajw3i5JNoZ3Ha8WOGO9b/NKl9uiOpvpmMEVLb\naf1NI6jNOLabqtqXZ28s0TxBtGi/DyGCz+P4iUOqzwJKZVv5B1Dd1M6rXEhsIbJN\njwQsfyOqkE1yQIIzOLpMgP+ZBxS+ZTV/7bArDL09V3i/dFOJf2YBihttEWcDNhdX\n5UNpO28A6rinC69qd5dGvqe2IQAk+fTP/IDgdDlzPlWvKRwQdp+051mCvTWZrHpU\nRNOk+CTUQBhxVvdV5wcKHVDP4w5hfQ3qKpTMxNzEKKO28/JVpCGEk6UaPTwt0uID\nX3nhqqxdBUorhd082mr5N3wWnoxXMD8V8CaELTF3fxkclf+HegtOGqNe1bzGCel5\npUtzkwbmxLHW3xK4IUbf4sKyzZqMzDIUBo8IQ8kHcUzjbEcFn9tnZ56S5Y9w5f2+\nxbi39Nr+n/vLRRV/NvkhDzMMKj/Gwj2u3AJNUaapOGBf02Sx84zdY4ZadwUB3Vmr\ndSRgoXKSW/rvFp+UT6B8+EU63f5pUQIDAQABAoICAQCivkE+QAUimXYwmUb1g/jT\nKDaDLtk+NLqasXFUryRfpvu9z28eY2QVsYPrVn4hv3fRg7dgBJquBscx/fPNiK3O\nEcMRrR55N0sUiMs/TtW47FlNXVsYL79ROJdGI3Lq6LJ1Khwxaxgv5uZChcHQsSpD\nj0o0laNL9dKjU6hUueQ8Xfb3Wd5YvYy9wUIxmxYvwRUoFu2JrWxWjEbzAeeon2Yv\ntCcc/0XPus59BlUilLAmNCw0I0lAnQTmHCCuHj536kLUpqbIuI59rFO/BvsabWH8\n6hROWsbbZZyJgiTb48wUJLvzSBWRtheY1+gloaPvqwXGZRJWoezjHGrIk9rD5CsR\nG0IB9s+cu1qn/GP5HoWNGb0PlgwsIKnFOGl3rIY3/sPJMeMcDWVjAyzc27qD5SaA\nqpfLWRjBGm9KknTR4MCGZb+n/Kgtbt2F+Fa328LX8xpugjDKtjwuRg3amUVb1qX5\nIYvEkCWRN60Cxy7pDTakDKSiPymNSNRiXKKSyrydD+WVMtRztvYv9jiuKtTtuOWe\nH1C4ka08o5iBWXv+mN/cg453KVkjYnMaHiNbdrY8iHGtxGyp/zVGV+lePkh4d0DP\nK+5ziUDeVxnweHmK7Cw6MO78vP1FufG+1yHmYtiI2kPDL83926Hjpwze+m3JIZD8\nqe3Ef28dMEmkK+3hpjgl9QKCAQEAwNlR8VlWhP0AAq+BOY/oqSKPFB4Db9YWE5OU\nXHVfBJRXzS9SF4nFM5nR84uDisHJTlRHshXDbTYDSCr92wVBDkYx2V4xmR2greSZ\neRun3Q0Z6mDgLIluXun7K+uwR5Wl9Ry5bXFTlztwi3DgpRinJZ9di/ZYEB4Qpn4/\nIFXUPyK/afgRdZCqmOBQlGn00/kj3CSlxD/h0fsC3iawq3ZegJ3u0RBLQrFKYIBB\n/eRV84TKsjBi7vlzefNKOCUq+BMSYX8smxJFvu2VKsHBPAR1Wc9754Frl+EuZgQT\n3Q92HOxdi+gFGtc1Zlg9kH+kOIAWrGUkluIyjsJx9xqbOXAeTwKCAQEA/80TZL+U\nrSFhn/uRGuUveY3+Tx4XKnaWN81/A3qNcDt5pCRrBifIiVyctyQHLR0CRY8Ocste\nzDLdCl45IQYSyFLeyJa/6vm/9bMX5k5wvAwBVVYYKsL/mnfqa07JHKqWmLa68n+6\nfJjhP4+uFLk2X9g44VjP1aLz/Q+gTchWnhCl7Nlk+eQihoRQUCAV19DDoVe9LCHI\nfY1hJ8Ey/DxYf4r5kjN80oPGn/JsxxM0qbcBQDGNv7mly/y8efizR9xJHVb6TyKG\nayApth3URcIbwUGsfdIjdTzZC/pRnFv/Ruj10uLWuoLNybcuTMfocw6tYk4q+Zsy\n4mj6Jc/Kk/m2XwKCAQEAhJTjwQmqccN+PlpqfShyy9T2iN4ZfsmwY8USOn521K8n\nrejah1QwP0mBDe7cgIi53SAUKlrMAEkh+HuWCv2RvD6GBuq7Lokv7l07JgfdYBuh\ntYDknbneJ2K1S3y9tHktn1YgJR3EWjSDK1pvFxHb2AG4ToEOCgaha9VfkNtxD/bT\nogbp+el7X57XxzERIKon/TE0xbcliTcIwbHXxAmc7s+lYBXTqAY7HB0RQXu5m7Gv\nqNGbMrBMs4qPfAoRgHucJ2tHP1VQnfK4mqyaLKjkBNqgVIilb8VgIMKs5U275iaa\nKZVZ7RoHnFUN/knCnRVygRMIFLNuDrefokKodNSgAQKCAQEA3TcYonQbu22244fH\nAR9aYyCs4PcAybQsTK3mPbfqQTjuBUmJVJVrE3+H98msexMvN8BzmkrN/IGwLps1\nhJ2f+KXSDF5yMl8x5uWusXj8fWNUc9w0oiZorckubQaBXc0Y15CPM8/KEp6TjUhQ\nH5Pcth5jcl4/vl1h62NsGlg6sA9trtqCPKlSQkqCughFW5Iq3IjoDBZbMFjnwF2Q\nHhqB3irtkcX9GIDlcMVR1QeC75JX/o/cKgX+n949kK3HPUn/4OOrLGyLGnGCIQDC\n5mDrZ8HHzjfAek7Y1Ubw9OuKZGRq0qlhUYJ1PRCxda0cFQSIZQ98ksfoxWxLiA+e\n/UFiuQKCAQEAoTLYK9biTs9KfvCX4rqm54acm+u5ZpCc2N1NT5SaARLcaGwvw2t/\nplSlRdAie/PzHnojzXpwQJSnTGqLU2TSMSwuc/EunkpZBGnIiDys2UOAgvkv5Y6u\nCrtZWVKZl4XtIbo0cW0kYr4SJzwmX/ZTnpA8jVv2HjJkQ2rZPZcsgkM1DAfK4V4X\niLm4Ozbaz0NyF0vfYjtTA9LlMcKfH4gcz6lKtZ5NkITOW4LpQh9Pz4gRgtNW17mm\nOJhq3bdChpqossX4s1n54QsEII+Kssr/u5AoisnCl1Sp7C9GFw5LaXwhpTEzk2vi\n1iJtGirlIIqClNAiZ980VSmid/ZiXV5EEg==\n-----END PRIVATE KEY-----\n",
                        "public_key_fingerprint_md5": "99:85:8a:76:de:13:a5:9b:96:ec:bd:5b:c0:fe:4b:3b",
                        "public_key_fingerprint_sha256": "SHA256:o6fhCghjWjAZQns52ZW04dVSAzJ1VroFAjlk4NCvTq8",
                        "public_key_openssh": "ssh-rsa AAAAB3NzaC1yc2EAAAADAQABAAACAQDAsvVCDIzI20ZkIg7SosDD0S6mzNVbHvESYqfSOzK6a5Hsiuh/oUmT+Nj/6f2pJ8w9Rb9ZB8J6gnuBbEUwyL+8gdNFkYXzrWny1gs4oGzSDItpTg1kd8DXwXg54g+1dWOhdq8nbS9ogucu4rzp4dkfuz2hUk4I0iAdCdFVYwQajw3i5JNoZ3Ha8WOGO9b/NKl9uiOpvpmMEVLbaf1NI6jNOLabqtqXZ28s0TxBtGi/DyGCz+P4iUOqzwJKZVv5B1Dd1M6rXEhsIbJNjwQsfyOqkE1yQIIzOLpMgP+ZBxS+ZTV/7bArDL09V3i/dFOJf2YBihttEWcDNhdX5UNpO28A6rinC69qd5dGvqe2IQAk+fTP/IDgdDlzPlWvKRwQdp+051mCvTWZrHpURNOk+CTUQBhxVvdV5wcKHVDP4w5hfQ3qKpTMxNzEKKO28/JVpCGEk6UaPTwt0uIDX3nhqqxdBUorhd082mr5N3wWnoxXMD8V8CaELTF3fxkclf+HegtOGqNe1bzGCel5pUtzkwbmxLHW3xK4IUbf4sKyzZqMzDIUBo8IQ8kHcUzjbEcFn9tnZ56S5Y9w5f2+xbi39Nr+n/vLRRV/NvkhDzMMKj/Gwj2u3AJNUaapOGBf02Sx84zdY4ZadwUB3VmrdSRgoXKSW/rvFp+UT6B8+EU63f5pUQ==\n",
                        "public_key_pem": "-----BEGIN PUBLIC KEY-----\nMIICIjANBgkqhkiG9w0BAQEFAAOCAg8AMIICCgKCAgEAwLL1QgyMyNtGZCIO0qLA\nw9EupszVWx7xEmKn0jsyumuR7Irof6FJk/jY/+n9qSfMPUW/WQfCeoJ7gWxFMMi/\nvIHTRZGF861p8tYLOKBs0gyLaU4NZHfA18F4OeIPtXVjoXavJ20vaILnLuK86eHZ\nH7s9oVJOCNIgHQnRVWMEGo8N4uSTaGdx2vFjhjvW/zSpfbojqb6ZjBFS22n9TSOo\nzTi2m6ral2dvLNE8QbRovw8hgs/j+IlDqs8CSmVb+QdQ3dTOq1xIbCGyTY8ELH8j\nqpBNckCCMzi6TID/mQcUvmU1f+2wKwy9PVd4v3RTiX9mAYobbRFnAzYXV+VDaTtv\nAOq4pwuvaneXRr6ntiEAJPn0z/yA4HQ5cz5VrykcEHaftOdZgr01max6VETTpPgk\n1EAYcVb3VecHCh1Qz+MOYX0N6iqUzMTcxCijtvPyVaQhhJOlGj08LdLiA1954aqs\nXQVKK4XdPNpq+Td8Fp6MVzA/FfAmhC0xd38ZHJX/h3oLThqjXtW8xgnpeaVLc5MG\n5sSx1t8SuCFG3+LCss2ajMwyFAaPCEPJB3FM42xHBZ/bZ2eekuWPcOX9vsW4t/Ta\n/p/7y0UVfzb5IQ8zDCo/xsI9rtwCTVGmqThgX9NksfOM3WOGWncFAd1Zq3UkYKFy\nklv67xaflE+gfPhFOt3+aVECAwEAAQ==\n-----END PUBLIC KEY-----\n",
                        "rsa_bits": 4096
                    },
                    "sensitive_values": {}
                }
            ]
        }
    },
    "resource_drift": [
        {
            "address": "azurerm_linux_virtual_machine.my_terraform_vm",
            "mode": "managed",
            "type": "azurerm_linux_virtual_machine",
            "name": "my_terraform_vm",
            "provider_name": "registry.terraform.io/hashicorp/azurerm",
            "change": {
                "actions": [
                    "update"
                ],
                "before": {
                    "additional_capabilities": [],
                    "admin_password": null,
                    "admin_ssh_key": [
                        {
                            "public_key": "ssh-rsa AAAAB3NzaC1yc2EAAAADAQABAAACAQDAsvVCDIzI20ZkIg7SosDD0S6mzNVbHvESYqfSOzK6a5Hsiuh/oUmT+Nj/6f2pJ8w9Rb9ZB8J6gnuBbEUwyL+8gdNFkYXzrWny1gs4oGzSDItpTg1kd8DXwXg54g+1dWOhdq8nbS9ogucu4rzp4dkfuz2hUk4I0iAdCdFVYwQajw3i5JNoZ3Ha8WOGO9b/NKl9uiOpvpmMEVLbaf1NI6jNOLabqtqXZ28s0TxBtGi/DyGCz+P4iUOqzwJKZVv5B1Dd1M6rXEhsIbJNjwQsfyOqkE1yQIIzOLpMgP+ZBxS+ZTV/7bArDL09V3i/dFOJf2YBihttEWcDNhdX5UNpO28A6rinC69qd5dGvqe2IQAk+fTP/IDgdDlzPlWvKRwQdp+051mCvTWZrHpURNOk+CTUQBhxVvdV5wcKHVDP4w5hfQ3qKpTMxNzEKKO28/JVpCGEk6UaPTwt0uIDX3nhqqxdBUorhd082mr5N3wWnoxXMD8V8CaELTF3fxkclf+HegtOGqNe1bzGCel5pUtzkwbmxLHW3xK4IUbf4sKyzZqMzDIUBo8IQ8kHcUzjbEcFn9tnZ56S5Y9w5f2+xbi39Nr+n/vLRRV/NvkhDzMMKj/Gwj2u3AJNUaapOGBf02Sx84zdY4ZadwUB3VmrdSRgoXKSW/rvFp+UT6B8+EU63f5pUQ==\n",
                            "username": "azureuser"
                        }
                    ],
                    "admin_username": "azureuser",
                    "allow_extension_operations": true,
                    "availability_set_id": "",
                    "boot_diagnostics": [
                        {
                            "storage_account_uri": "https://diag7c89de49ed178fb5.blob.core.windows.net/"
                        }
                    ],
                    "computer_name": "VmFabrykTest",
                    "custom_data": null,
                    "dedicated_host_group_id": "",
                    "dedicated_host_id": "",
                    "disable_password_authentication": true,
                    "encryption_at_host_enabled": false,
                    "eviction_policy": "",
                    "extensions_time_budget": "PT1H30M",
                    "id": "/subscriptions/cf8c3bb8-523a-4510-87ed-9d9cf07296f6/resourceGroups/rg-arriving-cowbird/providers/Microsoft.Compute/virtualMachines/VmFabrykTest",
                    "identity": [],
                    "license_type": "",
                    "location": "eastus",
                    "max_bid_price": -1,
                    "name": "VmFabrykTest",
                    "network_interface_ids": [
                        "/subscriptions/cf8c3bb8-523a-4510-87ed-9d9cf07296f6/resourceGroups/rg-arriving-cowbird/providers/Microsoft.Network/networkInterfaces/myNIC"
                    ],
                    "os_disk": [
                        {
                            "caching": "ReadWrite",
                            "diff_disk_settings": [],
                            "disk_encryption_set_id": "",
                            "disk_size_gb": 30,
                            "name": "myOsDisk2",
                            "storage_account_type": "Premium_LRS",
                            "write_accelerator_enabled": false
                        }
                    ],
                    "patch_mode": "ImageDefault",
                    "plan": [],
                    "platform_fault_domain": -1,
                    "priority": "Regular",
                    "private_ip_address": "10.0.1.4",
                    "private_ip_addresses": [
                        "10.0.1.4"
                    ],
                    "provision_vm_agent": true,
                    "proximity_placement_group_id": "",
                    "public_ip_address": "52.136.118.163",
                    "public_ip_addresses": [
                        "52.136.118.163"
                    ],
                    "resource_group_name": "rg-arriving-cowbird",
                    "secret": [],
                    "secure_boot_enabled": false,
                    "size": "Standard_DS1_v2",
                    "source_image_id": "",
                    "source_image_reference": [
                        {
                            "offer": "UbuntuServer",
                            "publisher": "Canonical",
                            "sku": "18.04-LTS",
                            "version": "latest"
                        }
                    ],
                    "tags": null,
                    "timeouts": null,
                    "user_data": "",
                    "virtual_machine_id": "d188ec98-4331-4a6e-b46a-4b99ff883ab8",
                    "virtual_machine_scale_set_id": "",
                    "vtpm_enabled": false,
                    "zone": ""
                },
                "after": {
                    "additional_capabilities": [],
                    "admin_password": null,
                    "admin_ssh_key": [
                        {
                            "public_key": "ssh-rsa AAAAB3NzaC1yc2EAAAADAQABAAACAQDAsvVCDIzI20ZkIg7SosDD0S6mzNVbHvESYqfSOzK6a5Hsiuh/oUmT+Nj/6f2pJ8w9Rb9ZB8J6gnuBbEUwyL+8gdNFkYXzrWny1gs4oGzSDItpTg1kd8DXwXg54g+1dWOhdq8nbS9ogucu4rzp4dkfuz2hUk4I0iAdCdFVYwQajw3i5JNoZ3Ha8WOGO9b/NKl9uiOpvpmMEVLbaf1NI6jNOLabqtqXZ28s0TxBtGi/DyGCz+P4iUOqzwJKZVv5B1Dd1M6rXEhsIbJNjwQsfyOqkE1yQIIzOLpMgP+ZBxS+ZTV/7bArDL09V3i/dFOJf2YBihttEWcDNhdX5UNpO28A6rinC69qd5dGvqe2IQAk+fTP/IDgdDlzPlWvKRwQdp+051mCvTWZrHpURNOk+CTUQBhxVvdV5wcKHVDP4w5hfQ3qKpTMxNzEKKO28/JVpCGEk6UaPTwt0uIDX3nhqqxdBUorhd082mr5N3wWnoxXMD8V8CaELTF3fxkclf+HegtOGqNe1bzGCel5pUtzkwbmxLHW3xK4IUbf4sKyzZqMzDIUBo8IQ8kHcUzjbEcFn9tnZ56S5Y9w5f2+xbi39Nr+n/vLRRV/NvkhDzMMKj/Gwj2u3AJNUaapOGBf02Sx84zdY4ZadwUB3VmrdSRgoXKSW/rvFp+UT6B8+EU63f5pUQ==\n",
                            "username": "azureuser"
                        }
                    ],
                    "admin_username": "azureuser",
                    "allow_extension_operations": true,
                    "availability_set_id": "",
                    "boot_diagnostics": [
                        {
                            "storage_account_uri": "https://diag7c89de49ed178fb5.blob.core.windows.net/"
                        }
                    ],
                    "computer_name": "VmFabrykTest",
                    "custom_data": null,
                    "dedicated_host_group_id": "",
                    "dedicated_host_id": "",
                    "disable_password_authentication": true,
                    "encryption_at_host_enabled": false,
                    "eviction_policy": "",
                    "extensions_time_budget": "PT1H30M",
                    "id": "/subscriptions/cf8c3bb8-523a-4510-87ed-9d9cf07296f6/resourceGroups/rg-arriving-cowbird/providers/Microsoft.Compute/virtualMachines/VmFabrykTest",
                    "identity": [],
                    "license_type": "",
                    "location": "eastus",
                    "max_bid_price": -1,
                    "name": "VmFabrykTest",
                    "network_interface_ids": [
                        "/subscriptions/cf8c3bb8-523a-4510-87ed-9d9cf07296f6/resourceGroups/rg-arriving-cowbird/providers/Microsoft.Network/networkInterfaces/myNIC"
                    ],
                    "os_disk": [
                        {
                            "caching": "ReadWrite",
                            "diff_disk_settings": [],
                            "disk_encryption_set_id": "",
                            "disk_size_gb": 30,
                            "name": "myOsDisk2",
                            "storage_account_type": "Premium_LRS",
                            "write_accelerator_enabled": false
                        }
                    ],
                    "patch_mode": "ImageDefault",
                    "plan": [],
                    "platform_fault_domain": -1,
                    "priority": "Regular",
                    "private_ip_address": "10.0.1.4",
                    "private_ip_addresses": [
                        "10.0.1.4"
                    ],
                    "provision_vm_agent": true,
                    "proximity_placement_group_id": "",
                    "public_ip_address": "52.136.118.163",
                    "public_ip_addresses": [
                        "52.136.118.163"
                    ],
                    "resource_group_name": "rg-arriving-cowbird",
                    "secret": [],
                    "secure_boot_enabled": false,
                    "size": "Standard_DS1_v2",
                    "source_image_id": "",
                    "source_image_reference": [
                        {
                            "offer": "UbuntuServer",
                            "publisher": "Canonical",
                            "sku": "18.04-LTS",
                            "version": "latest"
                        }
                    ],
                    "tags": {},
                    "timeouts": null,
                    "user_data": "",
                    "virtual_machine_id": "d188ec98-4331-4a6e-b46a-4b99ff883ab8",
                    "virtual_machine_scale_set_id": "",
                    "vtpm_enabled": false,
                    "zone": ""
                },
                "after_unknown": {},
                "before_sensitive": {
                    "additional_capabilities": [],
                    "admin_password": true,
                    "admin_ssh_key": [
                        {}
                    ],
                    "boot_diagnostics": [
                        {}
                    ],
                    "custom_data": true,
                    "identity": [],
                    "network_interface_ids": [
                        false
                    ],
                    "os_disk": [
                        {
                            "diff_disk_settings": []
                        }
                    ],
                    "plan": [],
                    "private_ip_addresses": [
                        false
                    ],
                    "public_ip_addresses": [
                        false
                    ],
                    "secret": [],
                    "source_image_reference": [
                        {}
                    ]
                },
                "after_sensitive": {
                    "additional_capabilities": [],
                    "admin_password": true,
                    "admin_ssh_key": [
                        {}
                    ],
                    "boot_diagnostics": [
                        {}
                    ],
                    "custom_data": true,
                    "identity": [],
                    "network_interface_ids": [
                        false
                    ],
                    "os_disk": [
                        {
                            "diff_disk_settings": []
                        }
                    ],
                    "plan": [],
                    "private_ip_addresses": [
                        false
                    ],
                    "public_ip_addresses": [
                        false
                    ],
                    "secret": [],
                    "source_image_reference": [
                        {}
                    ],
                    "tags": {}
                }
            }
        },
        {
            "address": "azurerm_network_interface.my_terraform_nic",
            "mode": "managed",
            "type": "azurerm_network_interface",
            "name": "my_terraform_nic",
            "provider_name": "registry.terraform.io/hashicorp/azurerm",
            "change": {
                "actions": [
                    "update"
                ],
                "before": {
                    "applied_dns_servers": [],
                    "dns_servers": [],
                    "enable_accelerated_networking": false,
                    "enable_ip_forwarding": false,
                    "id": "/subscriptions/cf8c3bb8-523a-4510-87ed-9d9cf07296f6/resourceGroups/rg-arriving-cowbird/providers/Microsoft.Network/networkInterfaces/myNIC",
                    "internal_dns_name_label": "",
                    "internal_domain_name_suffix": "",
                    "ip_configuration": [
                        {
                            "gateway_load_balancer_frontend_ip_configuration_id": "",
                            "name": "my_nic_configuration",
                            "primary": true,
                            "private_ip_address": "10.0.1.4",
                            "private_ip_address_allocation": "Dynamic",
                            "private_ip_address_version": "IPv4",
                            "public_ip_address_id": "/subscriptions/cf8c3bb8-523a-4510-87ed-9d9cf07296f6/resourceGroups/rg-arriving-cowbird/providers/Microsoft.Network/publicIPAddresses/myPublicIP",
                            "subnet_id": "/subscriptions/cf8c3bb8-523a-4510-87ed-9d9cf07296f6/resourceGroups/rg-arriving-cowbird/providers/Microsoft.Network/virtualNetworks/myVnet3/subnets/mySubnet"
                        }
                    ],
                    "location": "eastus",
                    "mac_address": "60-45-BD-A8-9F-A6",
                    "name": "myNIC",
                    "private_ip_address": "10.0.1.4",
                    "private_ip_addresses": [
                        "10.0.1.4"
                    ],
                    "resource_group_name": "rg-arriving-cowbird",
                    "tags": {},
                    "timeouts": null,
                    "virtual_machine_id": ""
                },
                "after": {
                    "applied_dns_servers": [],
                    "dns_servers": [],
                    "enable_accelerated_networking": false,
                    "enable_ip_forwarding": false,
                    "id": "/subscriptions/cf8c3bb8-523a-4510-87ed-9d9cf07296f6/resourceGroups/rg-arriving-cowbird/providers/Microsoft.Network/networkInterfaces/myNIC",
                    "internal_dns_name_label": "",
                    "internal_domain_name_suffix": "5rzns1c5035ubai1daqjbaikaa.bx.internal.cloudapp.net",
                    "ip_configuration": [
                        {
                            "gateway_load_balancer_frontend_ip_configuration_id": "",
                            "name": "my_nic_configuration",
                            "primary": true,
                            "private_ip_address": "10.0.1.4",
                            "private_ip_address_allocation": "Dynamic",
                            "private_ip_address_version": "IPv4",
                            "public_ip_address_id": "/subscriptions/cf8c3bb8-523a-4510-87ed-9d9cf07296f6/resourceGroups/rg-arriving-cowbird/providers/Microsoft.Network/publicIPAddresses/myPublicIP",
                            "subnet_id": "/subscriptions/cf8c3bb8-523a-4510-87ed-9d9cf07296f6/resourceGroups/rg-arriving-cowbird/providers/Microsoft.Network/virtualNetworks/myVnet3/subnets/mySubnet"
                        }
                    ],
                    "location": "eastus",
                    "mac_address": "60-45-BD-A8-9F-A6",
                    "name": "myNIC",
                    "private_ip_address": "10.0.1.4",
                    "private_ip_addresses": [
                        "10.0.1.4"
                    ],
                    "resource_group_name": "rg-arriving-cowbird",
                    "tags": {},
                    "timeouts": null,
                    "virtual_machine_id": "/subscriptions/cf8c3bb8-523a-4510-87ed-9d9cf07296f6/resourceGroups/rg-arriving-cowbird/providers/Microsoft.Compute/virtualMachines/VmFabrykTest"
                },
                "after_unknown": {},
                "before_sensitive": {
                    "applied_dns_servers": [],
                    "dns_servers": [],
                    "ip_configuration": [
                        {}
                    ],
                    "private_ip_addresses": [
                        false
                    ],
                    "tags": {}
                },
                "after_sensitive": {
                    "applied_dns_servers": [],
                    "dns_servers": [],
                    "ip_configuration": [
                        {}
                    ],
                    "private_ip_addresses": [
                        false
                    ],
                    "tags": {}
                }
            }
        },
        {
            "address": "azurerm_public_ip.my_terraform_public_ip",
            "mode": "managed",
            "type": "azurerm_public_ip",
            "name": "my_terraform_public_ip",
            "provider_name": "registry.terraform.io/hashicorp/azurerm",
            "change": {
                "actions": [
                    "update"
                ],
                "before": {
                    "allocation_method": "Dynamic",
                    "availability_zone": "No-Zone",
                    "domain_name_label": null,
                    "fqdn": null,
                    "id": "/subscriptions/cf8c3bb8-523a-4510-87ed-9d9cf07296f6/resourceGroups/rg-arriving-cowbird/providers/Microsoft.Network/publicIPAddresses/myPublicIP",
                    "idle_timeout_in_minutes": 4,
                    "ip_address": "",
                    "ip_tags": {},
                    "ip_version": "IPv4",
                    "location": "eastus",
                    "name": "myPublicIP",
                    "public_ip_prefix_id": null,
                    "resource_group_name": "rg-arriving-cowbird",
                    "reverse_fqdn": null,
                    "sku": "Basic",
                    "sku_tier": "Regional",
                    "tags": {},
                    "timeouts": null,
                    "zones": []
                },
                "after": {
                    "allocation_method": "Dynamic",
                    "availability_zone": "No-Zone",
                    "domain_name_label": null,
                    "fqdn": null,
                    "id": "/subscriptions/cf8c3bb8-523a-4510-87ed-9d9cf07296f6/resourceGroups/rg-arriving-cowbird/providers/Microsoft.Network/publicIPAddresses/myPublicIP",
                    "idle_timeout_in_minutes": 4,
                    "ip_address": "52.136.118.163",
                    "ip_tags": {},
                    "ip_version": "IPv4",
                    "location": "eastus",
                    "name": "myPublicIP",
                    "public_ip_prefix_id": null,
                    "resource_group_name": "rg-arriving-cowbird",
                    "reverse_fqdn": null,
                    "sku": "Basic",
                    "sku_tier": "Regional",
                    "tags": {},
                    "timeouts": null,
                    "zones": []
                },
                "after_unknown": {},
                "before_sensitive": {
                    "ip_tags": {},
                    "tags": {},
                    "zones": []
                },
                "after_sensitive": {
                    "ip_tags": {},
                    "tags": {},
                    "zones": []
                }
            }
        }
    ],
    "resource_changes": [
        {
            "address": "azurerm_linux_virtual_machine.my_terraform_vm",
            "mode": "managed",
            "type": "azurerm_linux_virtual_machine",
            "name": "my_terraform_vm",
            "provider_name": "registry.terraform.io/hashicorp/azurerm",
            "change": {
                "actions": [
                    "delete",
                    "create"
                ],
                "before": {
                    "additional_capabilities": [],
                    "admin_password": null,
                    "admin_ssh_key": [
                        {
                            "public_key": "ssh-rsa AAAAB3NzaC1yc2EAAAADAQABAAACAQDAsvVCDIzI20ZkIg7SosDD0S6mzNVbHvESYqfSOzK6a5Hsiuh/oUmT+Nj/6f2pJ8w9Rb9ZB8J6gnuBbEUwyL+8gdNFkYXzrWny1gs4oGzSDItpTg1kd8DXwXg54g+1dWOhdq8nbS9ogucu4rzp4dkfuz2hUk4I0iAdCdFVYwQajw3i5JNoZ3Ha8WOGO9b/NKl9uiOpvpmMEVLbaf1NI6jNOLabqtqXZ28s0TxBtGi/DyGCz+P4iUOqzwJKZVv5B1Dd1M6rXEhsIbJNjwQsfyOqkE1yQIIzOLpMgP+ZBxS+ZTV/7bArDL09V3i/dFOJf2YBihttEWcDNhdX5UNpO28A6rinC69qd5dGvqe2IQAk+fTP/IDgdDlzPlWvKRwQdp+051mCvTWZrHpURNOk+CTUQBhxVvdV5wcKHVDP4w5hfQ3qKpTMxNzEKKO28/JVpCGEk6UaPTwt0uIDX3nhqqxdBUorhd082mr5N3wWnoxXMD8V8CaELTF3fxkclf+HegtOGqNe1bzGCel5pUtzkwbmxLHW3xK4IUbf4sKyzZqMzDIUBo8IQ8kHcUzjbEcFn9tnZ56S5Y9w5f2+xbi39Nr+n/vLRRV/NvkhDzMMKj/Gwj2u3AJNUaapOGBf02Sx84zdY4ZadwUB3VmrdSRgoXKSW/rvFp+UT6B8+EU63f5pUQ==\n",
                            "username": "azureuser"
                        }
                    ],
                    "admin_username": "azureuser",
                    "allow_extension_operations": true,
                    "availability_set_id": "",
                    "boot_diagnostics": [
                        {
                            "storage_account_uri": "https://diag7c89de49ed178fb5.blob.core.windows.net/"
                        }
                    ],
                    "computer_name": "VmFabrykTest",
                    "custom_data": null,
                    "dedicated_host_group_id": "",
                    "dedicated_host_id": "",
                    "disable_password_authentication": true,
                    "encryption_at_host_enabled": false,
                    "eviction_policy": "",
                    "extensions_time_budget": "PT1H30M",
                    "id": "/subscriptions/cf8c3bb8-523a-4510-87ed-9d9cf07296f6/resourceGroups/rg-arriving-cowbird/providers/Microsoft.Compute/virtualMachines/VmFabrykTest",
                    "identity": [],
                    "license_type": "",
                    "location": "eastus",
                    "max_bid_price": -1,
                    "name": "VmFabrykTest",
                    "network_interface_ids": [
                        "/subscriptions/cf8c3bb8-523a-4510-87ed-9d9cf07296f6/resourceGroups/rg-arriving-cowbird/providers/Microsoft.Network/networkInterfaces/myNIC"
                    ],
                    "os_disk": [
                        {
                            "caching": "ReadWrite",
                            "diff_disk_settings": [],
                            "disk_encryption_set_id": "",
                            "disk_size_gb": 30,
                            "name": "myOsDisk2",
                            "storage_account_type": "Premium_LRS",
                            "write_accelerator_enabled": false
                        }
                    ],
                    "patch_mode": "ImageDefault",
                    "plan": [],
                    "platform_fault_domain": -1,
                    "priority": "Regular",
                    "private_ip_address": "10.0.1.4",
                    "private_ip_addresses": [
                        "10.0.1.4"
                    ],
                    "provision_vm_agent": true,
                    "proximity_placement_group_id": "",
                    "public_ip_address": "52.136.118.163",
                    "public_ip_addresses": [
                        "52.136.118.163"
                    ],
                    "resource_group_name": "rg-arriving-cowbird",
                    "secret": [],
                    "secure_boot_enabled": false,
                    "size": "Standard_DS1_v2",
                    "source_image_id": "",
                    "source_image_reference": [
                        {
                            "offer": "UbuntuServer",
                            "publisher": "Canonical",
                            "sku": "18.04-LTS",
                            "version": "latest"
                        }
                    ],
                    "tags": {},
                    "timeouts": null,
                    "user_data": "",
                    "virtual_machine_id": "d188ec98-4331-4a6e-b46a-4b99ff883ab8",
                    "virtual_machine_scale_set_id": "",
                    "vtpm_enabled": false,
                    "zone": ""
                },
                "after": {
                    "additional_capabilities": [],
                    "admin_password": null,
                    "admin_ssh_key": [
                        {
                            "public_key": "ssh-rsa AAAAB3NzaC1yc2EAAAADAQABAAACAQDAsvVCDIzI20ZkIg7SosDD0S6mzNVbHvESYqfSOzK6a5Hsiuh/oUmT+Nj/6f2pJ8w9Rb9ZB8J6gnuBbEUwyL+8gdNFkYXzrWny1gs4oGzSDItpTg1kd8DXwXg54g+1dWOhdq8nbS9ogucu4rzp4dkfuz2hUk4I0iAdCdFVYwQajw3i5JNoZ3Ha8WOGO9b/NKl9uiOpvpmMEVLbaf1NI6jNOLabqtqXZ28s0TxBtGi/DyGCz+P4iUOqzwJKZVv5B1Dd1M6rXEhsIbJNjwQsfyOqkE1yQIIzOLpMgP+ZBxS+ZTV/7bArDL09V3i/dFOJf2YBihttEWcDNhdX5UNpO28A6rinC69qd5dGvqe2IQAk+fTP/IDgdDlzPlWvKRwQdp+051mCvTWZrHpURNOk+CTUQBhxVvdV5wcKHVDP4w5hfQ3qKpTMxNzEKKO28/JVpCGEk6UaPTwt0uIDX3nhqqxdBUorhd082mr5N3wWnoxXMD8V8CaELTF3fxkclf+HegtOGqNe1bzGCel5pUtzkwbmxLHW3xK4IUbf4sKyzZqMzDIUBo8IQ8kHcUzjbEcFn9tnZ56S5Y9w5f2+xbi39Nr+n/vLRRV/NvkhDzMMKj/Gwj2u3AJNUaapOGBf02Sx84zdY4ZadwUB3VmrdSRgoXKSW/rvFp+UT6B8+EU63f5pUQ==\n",
                            "username": "azureuser"
                        }
                    ],
                    "admin_username": "azureuser",
                    "allow_extension_operations": true,
                    "availability_set_id": null,
                    "boot_diagnostics": [
                        {
                            "storage_account_uri": "https://diag7c89de49ed178fb5.blob.core.windows.net/"
                        }
                    ],
                    "computer_name": "VmFabrykTest2",
                    "custom_data": null,
                    "dedicated_host_group_id": null,
                    "dedicated_host_id": null,
                    "disable_password_authentication": true,
                    "encryption_at_host_enabled": null,
                    "eviction_policy": null,
                    "extensions_time_budget": "PT1H30M",
                    "identity": [],
                    "license_type": null,
                    "location": "eastus",
                    "max_bid_price": -1,
                    "name": "TBCEP001",
                    "network_interface_ids": [
                        "/subscriptions/cf8c3bb8-523a-4510-87ed-9d9cf07296f6/resourceGroups/rg-arriving-cowbird/providers/Microsoft.Network/networkInterfaces/myNIC"
                    ],
                    "os_disk": [
                        {
                            "caching": "ReadWrite",
                            "diff_disk_settings": [],
                            "disk_encryption_set_id": null,
                            "name": "myOsDisk3",
                            "storage_account_type": "Premium_LRS",
                            "write_accelerator_enabled": false
                        }
                    ],
                    "patch_mode": "ImageDefault",
                    "plan": [],
                    "platform_fault_domain": -1,
                    "priority": "Regular",
                    "provision_vm_agent": true,
                    "proximity_placement_group_id": null,
                    "resource_group_name": "rg-arriving-cowbird",
                    "secret": [],
                    "secure_boot_enabled": null,
                    "size": "Standard_DS1_v2",
                    "source_image_id": null,
                    "source_image_reference": [
                        {
                            "offer": "UbuntuServer",
                            "publisher": "Canonical",
                            "sku": "18.04-LTS",
                            "version": "latest"
                        }
                    ],
                    "tags": null,
                    "timeouts": null,
                    "user_data": null,
                    "virtual_machine_scale_set_id": null,
                    "vtpm_enabled": null
                },
                "after_unknown": {
                    "additional_capabilities": [],
                    "admin_ssh_key": [
                        {}
                    ],
                    "boot_diagnostics": [
                        {}
                    ],
                    "id": true,
                    "identity": [],
                    "network_interface_ids": [
                        false
                    ],
                    "os_disk": [
                        {
                            "diff_disk_settings": [],
                            "disk_size_gb": true
                        }
                    ],
                    "plan": [],
                    "private_ip_address": true,
                    "private_ip_addresses": true,
                    "public_ip_address": true,
                    "public_ip_addresses": true,
                    "secret": [],
                    "source_image_reference": [
                        {}
                    ],
                    "virtual_machine_id": true,
                    "zone": true
                },
                "before_sensitive": {
                    "additional_capabilities": [],
                    "admin_password": true,
                    "admin_ssh_key": [
                        {}
                    ],
                    "boot_diagnostics": [
                        {}
                    ],
                    "custom_data": true,
                    "identity": [],
                    "network_interface_ids": [
                        false
                    ],
                    "os_disk": [
                        {
                            "diff_disk_settings": []
                        }
                    ],
                    "plan": [],
                    "private_ip_addresses": [
                        false
                    ],
                    "public_ip_addresses": [
                        false
                    ],
                    "secret": [],
                    "source_image_reference": [
                        {}
                    ],
                    "tags": {}
                },
                "after_sensitive": {
                    "additional_capabilities": [],
                    "admin_password": true,
                    "admin_ssh_key": [
                        {}
                    ],
                    "boot_diagnostics": [
                        {}
                    ],
                    "custom_data": true,
                    "identity": [],
                    "network_interface_ids": [
                        false
                    ],
                    "os_disk": [
                        {
                            "diff_disk_settings": []
                        }
                    ],
                    "plan": [],
                    "private_ip_addresses": [],
                    "public_ip_addresses": [],
                    "secret": [],
                    "source_image_reference": [
                        {}
                    ]
                },
                "replace_paths": [
                    [
                        "os_disk",
                        0,
                        "name"
                    ],
                    [
                        "name"
                    ],
                    [
                        "computer_name"
                    ]
                ]
            },
            "action_reason": "replace_because_cannot_update"
        },
        {
            "address": "azurerm_network_interface.my_terraform_nic",
            "mode": "managed",
            "type": "azurerm_network_interface",
            "name": "my_terraform_nic",
            "provider_name": "registry.terraform.io/hashicorp/azurerm",
            "change": {
                "actions": [
                    "no-op"
                ],
                "before": {
                    "applied_dns_servers": [],
                    "dns_servers": [],
                    "enable_accelerated_networking": false,
                    "enable_ip_forwarding": false,
                    "id": "/subscriptions/cf8c3bb8-523a-4510-87ed-9d9cf07296f6/resourceGroups/rg-arriving-cowbird/providers/Microsoft.Network/networkInterfaces/myNIC",
                    "internal_dns_name_label": "",
                    "internal_domain_name_suffix": "5rzns1c5035ubai1daqjbaikaa.bx.internal.cloudapp.net",
                    "ip_configuration": [
                        {
                            "gateway_load_balancer_frontend_ip_configuration_id": "",
                            "name": "my_nic_configuration",
                            "primary": true,
                            "private_ip_address": "10.0.1.4",
                            "private_ip_address_allocation": "Dynamic",
                            "private_ip_address_version": "IPv4",
                            "public_ip_address_id": "/subscriptions/cf8c3bb8-523a-4510-87ed-9d9cf07296f6/resourceGroups/rg-arriving-cowbird/providers/Microsoft.Network/publicIPAddresses/myPublicIP",
                            "subnet_id": "/subscriptions/cf8c3bb8-523a-4510-87ed-9d9cf07296f6/resourceGroups/rg-arriving-cowbird/providers/Microsoft.Network/virtualNetworks/myVnet3/subnets/mySubnet"
                        }
                    ],
                    "location": "eastus",
                    "mac_address": "60-45-BD-A8-9F-A6",
                    "name": "myNIC",
                    "private_ip_address": "10.0.1.4",
                    "private_ip_addresses": [
                        "10.0.1.4"
                    ],
                    "resource_group_name": "rg-arriving-cowbird",
                    "tags": {},
                    "timeouts": null,
                    "virtual_machine_id": "/subscriptions/cf8c3bb8-523a-4510-87ed-9d9cf07296f6/resourceGroups/rg-arriving-cowbird/providers/Microsoft.Compute/virtualMachines/VmFabrykTest"
                },
                "after": {
                    "applied_dns_servers": [],
                    "dns_servers": [],
                    "enable_accelerated_networking": false,
                    "enable_ip_forwarding": false,
                    "id": "/subscriptions/cf8c3bb8-523a-4510-87ed-9d9cf07296f6/resourceGroups/rg-arriving-cowbird/providers/Microsoft.Network/networkInterfaces/myNIC",
                    "internal_dns_name_label": "",
                    "internal_domain_name_suffix": "5rzns1c5035ubai1daqjbaikaa.bx.internal.cloudapp.net",
                    "ip_configuration": [
                        {
                            "gateway_load_balancer_frontend_ip_configuration_id": "",
                            "name": "my_nic_configuration",
                            "primary": true,
                            "private_ip_address": "10.0.1.4",
                            "private_ip_address_allocation": "Dynamic",
                            "private_ip_address_version": "IPv4",
                            "public_ip_address_id": "/subscriptions/cf8c3bb8-523a-4510-87ed-9d9cf07296f6/resourceGroups/rg-arriving-cowbird/providers/Microsoft.Network/publicIPAddresses/myPublicIP",
                            "subnet_id": "/subscriptions/cf8c3bb8-523a-4510-87ed-9d9cf07296f6/resourceGroups/rg-arriving-cowbird/providers/Microsoft.Network/virtualNetworks/myVnet3/subnets/mySubnet"
                        }
                    ],
                    "location": "eastus",
                    "mac_address": "60-45-BD-A8-9F-A6",
                    "name": "myNIC",
                    "private_ip_address": "10.0.1.4",
                    "private_ip_addresses": [
                        "10.0.1.4"
                    ],
                    "resource_group_name": "rg-arriving-cowbird",
                    "tags": {},
                    "timeouts": null,
                    "virtual_machine_id": "/subscriptions/cf8c3bb8-523a-4510-87ed-9d9cf07296f6/resourceGroups/rg-arriving-cowbird/providers/Microsoft.Compute/virtualMachines/VmFabrykTest"
                },
                "after_unknown": {},
                "before_sensitive": {
                    "applied_dns_servers": [],
                    "dns_servers": [],
                    "ip_configuration": [
                        {}
                    ],
                    "private_ip_addresses": [
                        false
                    ],
                    "tags": {}
                },
                "after_sensitive": {
                    "applied_dns_servers": [],
                    "dns_servers": [],
                    "ip_configuration": [
                        {}
                    ],
                    "private_ip_addresses": [
                        false
                    ],
                    "tags": {}
                }
            }
        },
        {
            "address": "azurerm_network_interface_security_group_association.example",
            "mode": "managed",
            "type": "azurerm_network_interface_security_group_association",
            "name": "example",
            "provider_name": "registry.terraform.io/hashicorp/azurerm",
            "change": {
                "actions": [
                    "no-op"
                ],
                "before": {
                    "id": "/subscriptions/cf8c3bb8-523a-4510-87ed-9d9cf07296f6/resourceGroups/rg-arriving-cowbird/providers/Microsoft.Network/networkInterfaces/myNIC|/subscriptions/cf8c3bb8-523a-4510-87ed-9d9cf07296f6/resourceGroups/rg-arriving-cowbird/providers/Microsoft.Network/networkSecurityGroups/myNetworkSecurityGroup",
                    "network_interface_id": "/subscriptions/cf8c3bb8-523a-4510-87ed-9d9cf07296f6/resourceGroups/rg-arriving-cowbird/providers/Microsoft.Network/networkInterfaces/myNIC",
                    "network_security_group_id": "/subscriptions/cf8c3bb8-523a-4510-87ed-9d9cf07296f6/resourceGroups/rg-arriving-cowbird/providers/Microsoft.Network/networkSecurityGroups/myNetworkSecurityGroup",
                    "timeouts": null
                },
                "after": {
                    "id": "/subscriptions/cf8c3bb8-523a-4510-87ed-9d9cf07296f6/resourceGroups/rg-arriving-cowbird/providers/Microsoft.Network/networkInterfaces/myNIC|/subscriptions/cf8c3bb8-523a-4510-87ed-9d9cf07296f6/resourceGroups/rg-arriving-cowbird/providers/Microsoft.Network/networkSecurityGroups/myNetworkSecurityGroup",
                    "network_interface_id": "/subscriptions/cf8c3bb8-523a-4510-87ed-9d9cf07296f6/resourceGroups/rg-arriving-cowbird/providers/Microsoft.Network/networkInterfaces/myNIC",
                    "network_security_group_id": "/subscriptions/cf8c3bb8-523a-4510-87ed-9d9cf07296f6/resourceGroups/rg-arriving-cowbird/providers/Microsoft.Network/networkSecurityGroups/myNetworkSecurityGroup",
                    "timeouts": null
                },
                "after_unknown": {},
                "before_sensitive": {},
                "after_sensitive": {}
            }
        },
        {
            "address": "azurerm_network_security_group.my_terraform_nsg",
            "mode": "managed",
            "type": "azurerm_network_security_group",
            "name": "my_terraform_nsg",
            "provider_name": "registry.terraform.io/hashicorp/azurerm",
            "change": {
                "actions": [
                    "no-op"
                ],
                "before": {
                    "id": "/subscriptions/cf8c3bb8-523a-4510-87ed-9d9cf07296f6/resourceGroups/rg-arriving-cowbird/providers/Microsoft.Network/networkSecurityGroups/myNetworkSecurityGroup",
                    "location": "eastus",
                    "name": "myNetworkSecurityGroup",
                    "resource_group_name": "rg-arriving-cowbird",
                    "security_rule": [
                        {
                            "access": "Allow",
                            "description": "",
                            "destination_address_prefix": "*",
                            "destination_address_prefixes": [],
                            "destination_application_security_group_ids": [],
                            "destination_port_range": "22",
                            "destination_port_ranges": [],
                            "direction": "Inbound",
                            "name": "SSH",
                            "priority": 1001,
                            "protocol": "Tcp",
                            "source_address_prefix": "*",
                            "source_address_prefixes": [],
                            "source_application_security_group_ids": [],
                            "source_port_range": "*",
                            "source_port_ranges": []
                        }
                    ],
                    "tags": {},
                    "timeouts": null
                },
                "after": {
                    "id": "/subscriptions/cf8c3bb8-523a-4510-87ed-9d9cf07296f6/resourceGroups/rg-arriving-cowbird/providers/Microsoft.Network/networkSecurityGroups/myNetworkSecurityGroup",
                    "location": "eastus",
                    "name": "myNetworkSecurityGroup",
                    "resource_group_name": "rg-arriving-cowbird",
                    "security_rule": [
                        {
                            "access": "Allow",
                            "description": "",
                            "destination_address_prefix": "*",
                            "destination_address_prefixes": [],
                            "destination_application_security_group_ids": [],
                            "destination_port_range": "22",
                            "destination_port_ranges": [],
                            "direction": "Inbound",
                            "name": "SSH",
                            "priority": 1001,
                            "protocol": "Tcp",
                            "source_address_prefix": "*",
                            "source_address_prefixes": [],
                            "source_application_security_group_ids": [],
                            "source_port_range": "*",
                            "source_port_ranges": []
                        }
                    ],
                    "tags": {},
                    "timeouts": null
                },
                "after_unknown": {},
                "before_sensitive": {
                    "security_rule": [
                        {
                            "destination_address_prefixes": [],
                            "destination_application_security_group_ids": [],
                            "destination_port_ranges": [],
                            "source_address_prefixes": [],
                            "source_application_security_group_ids": [],
                            "source_port_ranges": []
                        }
                    ],
                    "tags": {}
                },
                "after_sensitive": {
                    "security_rule": [
                        {
                            "destination_address_prefixes": [],
                            "destination_application_security_group_ids": [],
                            "destination_port_ranges": [],
                            "source_address_prefixes": [],
                            "source_application_security_group_ids": [],
                            "source_port_ranges": []
                        }
                    ],
                    "tags": {}
                }
            }
        },
        {
            "address": "azurerm_public_ip.my_terraform_public_ip",
            "mode": "managed",
            "type": "azurerm_public_ip",
            "name": "my_terraform_public_ip",
            "provider_name": "registry.terraform.io/hashicorp/azurerm",
            "change": {
                "actions": [
                    "no-op"
                ],
                "before": {
                    "allocation_method": "Dynamic",
                    "availability_zone": "No-Zone",
                    "domain_name_label": null,
                    "fqdn": null,
                    "id": "/subscriptions/cf8c3bb8-523a-4510-87ed-9d9cf07296f6/resourceGroups/rg-arriving-cowbird/providers/Microsoft.Network/publicIPAddresses/myPublicIP",
                    "idle_timeout_in_minutes": 4,
                    "ip_address": "52.136.118.163",
                    "ip_tags": {},
                    "ip_version": "IPv4",
                    "location": "eastus",
                    "name": "myPublicIP",
                    "public_ip_prefix_id": null,
                    "resource_group_name": "rg-arriving-cowbird",
                    "reverse_fqdn": null,
                    "sku": "Basic",
                    "sku_tier": "Regional",
                    "tags": {},
                    "timeouts": null,
                    "zones": []
                },
                "after": {
                    "allocation_method": "Dynamic",
                    "availability_zone": "No-Zone",
                    "domain_name_label": null,
                    "fqdn": null,
                    "id": "/subscriptions/cf8c3bb8-523a-4510-87ed-9d9cf07296f6/resourceGroups/rg-arriving-cowbird/providers/Microsoft.Network/publicIPAddresses/myPublicIP",
                    "idle_timeout_in_minutes": 4,
                    "ip_address": "52.136.118.163",
                    "ip_tags": {},
                    "ip_version": "IPv4",
                    "location": "eastus",
                    "name": "myPublicIP",
                    "public_ip_prefix_id": null,
                    "resource_group_name": "rg-arriving-cowbird",
                    "reverse_fqdn": null,
                    "sku": "Basic",
                    "sku_tier": "Regional",
                    "tags": {},
                    "timeouts": null,
                    "zones": []
                },
                "after_unknown": {},
                "before_sensitive": {
                    "ip_tags": {},
                    "tags": {},
                    "zones": []
                },
                "after_sensitive": {
                    "ip_tags": {},
                    "tags": {},
                    "zones": []
                }
            }
        },
        {
            "address": "azurerm_resource_group.rg",
            "mode": "managed",
            "type": "azurerm_resource_group",
            "name": "rg",
            "provider_name": "registry.terraform.io/hashicorp/azurerm",
            "change": {
                "actions": [
                    "no-op"
                ],
                "before": {
                    "id": "/subscriptions/cf8c3bb8-523a-4510-87ed-9d9cf07296f6/resourceGroups/rg-arriving-cowbird",
                    "location": "eastus",
                    "name": "rg-arriving-cowbird",
                    "tags": {},
                    "timeouts": null
                },
                "after": {
                    "id": "/subscriptions/cf8c3bb8-523a-4510-87ed-9d9cf07296f6/resourceGroups/rg-arriving-cowbird",
                    "location": "eastus",
                    "name": "rg-arriving-cowbird",
                    "tags": {},
                    "timeouts": null
                },
                "after_unknown": {},
                "before_sensitive": {
                    "tags": {}
                },
                "after_sensitive": {
                    "tags": {}
                }
            }
        },
        {
            "address": "azurerm_storage_account.my_storage_account",
            "mode": "managed",
            "type": "azurerm_storage_account",
            "name": "my_storage_account",
            "provider_name": "registry.terraform.io/hashicorp/azurerm",
            "change": {
                "actions": [
                    "no-op"
                ],
                "before": {
                    "access_tier": "Hot",
                    "account_kind": "StorageV2",
                    "account_replication_type": "LRS",
                    "account_tier": "Standard",
                    "allow_blob_public_access": false,
                    "azure_files_authentication": [],
                    "blob_properties": [
                        {
                            "change_feed_enabled": false,
                            "container_delete_retention_policy": [],
                            "cors_rule": [],
                            "default_service_version": "",
                            "delete_retention_policy": [],
                            "last_access_time_enabled": false,
                            "versioning_enabled": false
                        }
                    ],
                    "custom_domain": [],
                    "customer_managed_key": [],
                    "enable_https_traffic_only": true,
                    "id": "/subscriptions/cf8c3bb8-523a-4510-87ed-9d9cf07296f6/resourceGroups/rg-arriving-cowbird/providers/Microsoft.Storage/storageAccounts/diag7c89de49ed178fb5",
                    "identity": [],
                    "infrastructure_encryption_enabled": false,
                    "is_hns_enabled": false,
                    "large_file_share_enabled": null,
                    "location": "eastus",
                    "min_tls_version": "TLS1_0",
                    "name": "diag7c89de49ed178fb5",
                    "network_rules": [
                        {
                            "bypass": [
                                "AzureServices"
                            ],
                            "default_action": "Allow",
                            "ip_rules": [],
                            "private_link_access": [],
                            "virtual_network_subnet_ids": []
                        }
                    ],
                    "nfsv3_enabled": false,
                    "primary_access_key": "bd7mD95uqGuqJwUcc0y82gDbE3nMbeuC5lD6o4s/RS0G4Xe8bE0p1CMAPrWP952lPqABrYNS6oLd+AStxNrzKw==",
                    "primary_blob_connection_string": "DefaultEndpointsProtocol=https;BlobEndpoint=https://diag7c89de49ed178fb5.blob.core.windows.net/;AccountName=diag7c89de49ed178fb5;AccountKey=bd7mD95uqGuqJwUcc0y82gDbE3nMbeuC5lD6o4s/RS0G4Xe8bE0p1CMAPrWP952lPqABrYNS6oLd+AStxNrzKw==",
                    "primary_blob_endpoint": "https://diag7c89de49ed178fb5.blob.core.windows.net/",
                    "primary_blob_host": "diag7c89de49ed178fb5.blob.core.windows.net",
                    "primary_connection_string": "DefaultEndpointsProtocol=https;AccountName=diag7c89de49ed178fb5;AccountKey=bd7mD95uqGuqJwUcc0y82gDbE3nMbeuC5lD6o4s/RS0G4Xe8bE0p1CMAPrWP952lPqABrYNS6oLd+AStxNrzKw==;EndpointSuffix=core.windows.net",
                    "primary_dfs_endpoint": "https://diag7c89de49ed178fb5.dfs.core.windows.net/",
                    "primary_dfs_host": "diag7c89de49ed178fb5.dfs.core.windows.net",
                    "primary_file_endpoint": "https://diag7c89de49ed178fb5.file.core.windows.net/",
                    "primary_file_host": "diag7c89de49ed178fb5.file.core.windows.net",
                    "primary_location": "eastus",
                    "primary_queue_endpoint": "https://diag7c89de49ed178fb5.queue.core.windows.net/",
                    "primary_queue_host": "diag7c89de49ed178fb5.queue.core.windows.net",
                    "primary_table_endpoint": "https://diag7c89de49ed178fb5.table.core.windows.net/",
                    "primary_table_host": "diag7c89de49ed178fb5.table.core.windows.net",
                    "primary_web_endpoint": "https://diag7c89de49ed178fb5.z13.web.core.windows.net/",
                    "primary_web_host": "diag7c89de49ed178fb5.z13.web.core.windows.net",
                    "queue_encryption_key_type": "Service",
                    "queue_properties": [
                        {
                            "cors_rule": [],
                            "hour_metrics": [
                                {
                                    "enabled": true,
                                    "include_apis": true,
                                    "retention_policy_days": 7,
                                    "version": "1.0"
                                }
                            ],
                            "logging": [
                                {
                                    "delete": false,
                                    "read": false,
                                    "retention_policy_days": 0,
                                    "version": "1.0",
                                    "write": false
                                }
                            ],
                            "minute_metrics": [
                                {
                                    "enabled": false,
                                    "include_apis": false,
                                    "retention_policy_days": 0,
                                    "version": "1.0"
                                }
                            ]
                        }
                    ],
                    "resource_group_name": "rg-arriving-cowbird",
                    "routing": [],
                    "secondary_access_key": "6FoXJHYbYyJ6alUuFnolvUDCHh8MIm1TTAaZBLHufDZeacL+KPHvof1nkpDVg8CYjY//ue8H6hUI+AStsZC9+w==",
                    "secondary_blob_connection_string": "",
                    "secondary_blob_endpoint": null,
                    "secondary_blob_host": null,
                    "secondary_connection_string": "DefaultEndpointsProtocol=https;AccountName=diag7c89de49ed178fb5;AccountKey=6FoXJHYbYyJ6alUuFnolvUDCHh8MIm1TTAaZBLHufDZeacL+KPHvof1nkpDVg8CYjY//ue8H6hUI+AStsZC9+w==;EndpointSuffix=core.windows.net",
                    "secondary_dfs_endpoint": null,
                    "secondary_dfs_host": null,
                    "secondary_file_endpoint": null,
                    "secondary_file_host": null,
                    "secondary_location": "",
                    "secondary_queue_endpoint": null,
                    "secondary_queue_host": null,
                    "secondary_table_endpoint": null,
                    "secondary_table_host": null,
                    "secondary_web_endpoint": null,
                    "secondary_web_host": null,
                    "share_properties": [
                        {
                            "cors_rule": [],
                            "retention_policy": [
                                {
                                    "days": 7
                                }
                            ],
                            "smb": []
                        }
                    ],
                    "shared_access_key_enabled": true,
                    "static_website": [],
                    "table_encryption_key_type": "Service",
                    "tags": {},
                    "timeouts": null
                },
                "after": {
                    "access_tier": "Hot",
                    "account_kind": "StorageV2",
                    "account_replication_type": "LRS",
                    "account_tier": "Standard",
                    "allow_blob_public_access": false,
                    "azure_files_authentication": [],
                    "blob_properties": [
                        {
                            "change_feed_enabled": false,
                            "container_delete_retention_policy": [],
                            "cors_rule": [],
                            "default_service_version": "",
                            "delete_retention_policy": [],
                            "last_access_time_enabled": false,
                            "versioning_enabled": false
                        }
                    ],
                    "custom_domain": [],
                    "customer_managed_key": [],
                    "enable_https_traffic_only": true,
                    "id": "/subscriptions/cf8c3bb8-523a-4510-87ed-9d9cf07296f6/resourceGroups/rg-arriving-cowbird/providers/Microsoft.Storage/storageAccounts/diag7c89de49ed178fb5",
                    "identity": [],
                    "infrastructure_encryption_enabled": false,
                    "is_hns_enabled": false,
                    "large_file_share_enabled": null,
                    "location": "eastus",
                    "min_tls_version": "TLS1_0",
                    "name": "diag7c89de49ed178fb5",
                    "network_rules": [
                        {
                            "bypass": [
                                "AzureServices"
                            ],
                            "default_action": "Allow",
                            "ip_rules": [],
                            "private_link_access": [],
                            "virtual_network_subnet_ids": []
                        }
                    ],
                    "nfsv3_enabled": false,
                    "primary_access_key": "bd7mD95uqGuqJwUcc0y82gDbE3nMbeuC5lD6o4s/RS0G4Xe8bE0p1CMAPrWP952lPqABrYNS6oLd+AStxNrzKw==",
                    "primary_blob_connection_string": "DefaultEndpointsProtocol=https;BlobEndpoint=https://diag7c89de49ed178fb5.blob.core.windows.net/;AccountName=diag7c89de49ed178fb5;AccountKey=bd7mD95uqGuqJwUcc0y82gDbE3nMbeuC5lD6o4s/RS0G4Xe8bE0p1CMAPrWP952lPqABrYNS6oLd+AStxNrzKw==",
                    "primary_blob_endpoint": "https://diag7c89de49ed178fb5.blob.core.windows.net/",
                    "primary_blob_host": "diag7c89de49ed178fb5.blob.core.windows.net",
                    "primary_connection_string": "DefaultEndpointsProtocol=https;AccountName=diag7c89de49ed178fb5;AccountKey=bd7mD95uqGuqJwUcc0y82gDbE3nMbeuC5lD6o4s/RS0G4Xe8bE0p1CMAPrWP952lPqABrYNS6oLd+AStxNrzKw==;EndpointSuffix=core.windows.net",
                    "primary_dfs_endpoint": "https://diag7c89de49ed178fb5.dfs.core.windows.net/",
                    "primary_dfs_host": "diag7c89de49ed178fb5.dfs.core.windows.net",
                    "primary_file_endpoint": "https://diag7c89de49ed178fb5.file.core.windows.net/",
                    "primary_file_host": "diag7c89de49ed178fb5.file.core.windows.net",
                    "primary_location": "eastus",
                    "primary_queue_endpoint": "https://diag7c89de49ed178fb5.queue.core.windows.net/",
                    "primary_queue_host": "diag7c89de49ed178fb5.queue.core.windows.net",
                    "primary_table_endpoint": "https://diag7c89de49ed178fb5.table.core.windows.net/",
                    "primary_table_host": "diag7c89de49ed178fb5.table.core.windows.net",
                    "primary_web_endpoint": "https://diag7c89de49ed178fb5.z13.web.core.windows.net/",
                    "primary_web_host": "diag7c89de49ed178fb5.z13.web.core.windows.net",
                    "queue_encryption_key_type": "Service",
                    "queue_properties": [
                        {
                            "cors_rule": [],
                            "hour_metrics": [
                                {
                                    "enabled": true,
                                    "include_apis": true,
                                    "retention_policy_days": 7,
                                    "version": "1.0"
                                }
                            ],
                            "logging": [
                                {
                                    "delete": false,
                                    "read": false,
                                    "retention_policy_days": 0,
                                    "version": "1.0",
                                    "write": false
                                }
                            ],
                            "minute_metrics": [
                                {
                                    "enabled": false,
                                    "include_apis": false,
                                    "retention_policy_days": 0,
                                    "version": "1.0"
                                }
                            ]
                        }
                    ],
                    "resource_group_name": "rg-arriving-cowbird",
                    "routing": [],
                    "secondary_access_key": "6FoXJHYbYyJ6alUuFnolvUDCHh8MIm1TTAaZBLHufDZeacL+KPHvof1nkpDVg8CYjY//ue8H6hUI+AStsZC9+w==",
                    "secondary_blob_connection_string": "",
                    "secondary_blob_endpoint": null,
                    "secondary_blob_host": null,
                    "secondary_connection_string": "DefaultEndpointsProtocol=https;AccountName=diag7c89de49ed178fb5;AccountKey=6FoXJHYbYyJ6alUuFnolvUDCHh8MIm1TTAaZBLHufDZeacL+KPHvof1nkpDVg8CYjY//ue8H6hUI+AStsZC9+w==;EndpointSuffix=core.windows.net",
                    "secondary_dfs_endpoint": null,
                    "secondary_dfs_host": null,
                    "secondary_file_endpoint": null,
                    "secondary_file_host": null,
                    "secondary_location": "",
                    "secondary_queue_endpoint": null,
                    "secondary_queue_host": null,
                    "secondary_table_endpoint": null,
                    "secondary_table_host": null,
                    "secondary_web_endpoint": null,
                    "secondary_web_host": null,
                    "share_properties": [
                        {
                            "cors_rule": [],
                            "retention_policy": [
                                {
                                    "days": 7
                                }
                            ],
                            "smb": []
                        }
                    ],
                    "shared_access_key_enabled": true,
                    "static_website": [],
                    "table_encryption_key_type": "Service",
                    "tags": {},
                    "timeouts": null
                },
                "after_unknown": {},
                "before_sensitive": {
                    "azure_files_authentication": [],
                    "blob_properties": [
                        {
                            "container_delete_retention_policy": [],
                            "cors_rule": [],
                            "delete_retention_policy": []
                        }
                    ],
                    "custom_domain": [],
                    "customer_managed_key": [],
                    "identity": [],
                    "network_rules": [
                        {
                            "bypass": [
                                false
                            ],
                            "ip_rules": [],
                            "private_link_access": [],
                            "virtual_network_subnet_ids": []
                        }
                    ],
                    "primary_access_key": true,
                    "primary_blob_connection_string": true,
                    "primary_connection_string": true,
                    "queue_properties": [
                        {
                            "cors_rule": [],
                            "hour_metrics": [
                                {}
                            ],
                            "logging": [
                                {}
                            ],
                            "minute_metrics": [
                                {}
                            ]
                        }
                    ],
                    "routing": [],
                    "secondary_access_key": true,
                    "secondary_blob_connection_string": true,
                    "secondary_connection_string": true,
                    "share_properties": [
                        {
                            "cors_rule": [],
                            "retention_policy": [
                                {}
                            ],
                            "smb": []
                        }
                    ],
                    "static_website": [],
                    "tags": {}
                },
                "after_sensitive": {
                    "azure_files_authentication": [],
                    "blob_properties": [
                        {
                            "container_delete_retention_policy": [],
                            "cors_rule": [],
                            "delete_retention_policy": []
                        }
                    ],
                    "custom_domain": [],
                    "customer_managed_key": [],
                    "identity": [],
                    "network_rules": [
                        {
                            "bypass": [
                                false
                            ],
                            "ip_rules": [],
                            "private_link_access": [],
                            "virtual_network_subnet_ids": []
                        }
                    ],
                    "primary_access_key": true,
                    "primary_blob_connection_string": true,
                    "primary_connection_string": true,
                    "queue_properties": [
                        {
                            "cors_rule": [],
                            "hour_metrics": [
                                {}
                            ],
                            "logging": [
                                {}
                            ],
                            "minute_metrics": [
                                {}
                            ]
                        }
                    ],
                    "routing": [],
                    "secondary_access_key": true,
                    "secondary_blob_connection_string": true,
                    "secondary_connection_string": true,
                    "share_properties": [
                        {
                            "cors_rule": [],
                            "retention_policy": [
                                {}
                            ],
                            "smb": []
                        }
                    ],
                    "static_website": [],
                    "tags": {}
                }
            }
        },
        {
            "address": "azurerm_subnet.my_terraform_subnet",
            "mode": "managed",
            "type": "azurerm_subnet",
            "name": "my_terraform_subnet",
            "provider_name": "registry.terraform.io/hashicorp/azurerm",
            "change": {
                "actions": [
                    "no-op"
                ],
                "before": {
                    "address_prefix": "10.0.1.0/24",
                    "address_prefixes": [
                        "10.0.1.0/24"
                    ],
                    "delegation": [],
                    "enforce_private_link_endpoint_network_policies": false,
                    "enforce_private_link_service_network_policies": false,
                    "id": "/subscriptions/cf8c3bb8-523a-4510-87ed-9d9cf07296f6/resourceGroups/rg-arriving-cowbird/providers/Microsoft.Network/virtualNetworks/myVnet3/subnets/mySubnet",
                    "name": "mySubnet",
                    "resource_group_name": "rg-arriving-cowbird",
                    "service_endpoint_policy_ids": [],
                    "service_endpoints": [],
                    "timeouts": null,
                    "virtual_network_name": "myVnet3"
                },
                "after": {
                    "address_prefix": "10.0.1.0/24",
                    "address_prefixes": [
                        "10.0.1.0/24"
                    ],
                    "delegation": [],
                    "enforce_private_link_endpoint_network_policies": false,
                    "enforce_private_link_service_network_policies": false,
                    "id": "/subscriptions/cf8c3bb8-523a-4510-87ed-9d9cf07296f6/resourceGroups/rg-arriving-cowbird/providers/Microsoft.Network/virtualNetworks/myVnet3/subnets/mySubnet",
                    "name": "mySubnet",
                    "resource_group_name": "rg-arriving-cowbird",
                    "service_endpoint_policy_ids": [],
                    "service_endpoints": [],
                    "timeouts": null,
                    "virtual_network_name": "myVnet3"
                },
                "after_unknown": {},
                "before_sensitive": {
                    "address_prefixes": [
                        false
                    ],
                    "delegation": [],
                    "service_endpoint_policy_ids": [],
                    "service_endpoints": []
                },
                "after_sensitive": {
                    "address_prefixes": [
                        false
                    ],
                    "delegation": [],
                    "service_endpoint_policy_ids": [],
                    "service_endpoints": []
                }
            }
        },
        {
            "address": "azurerm_virtual_network.my_terraform_network",
            "mode": "managed",
            "type": "azurerm_virtual_network",
            "name": "my_terraform_network",
            "provider_name": "registry.terraform.io/hashicorp/azurerm",
            "change": {
                "actions": [
                    "no-op"
                ],
                "before": {
                    "address_space": [
                        "10.0.0.0/16"
                    ],
                    "bgp_community": "",
                    "ddos_protection_plan": [],
                    "dns_servers": [],
                    "flow_timeout_in_minutes": 0,
                    "guid": "6cd972fc-d75f-407f-811b-182090810a00",
                    "id": "/subscriptions/cf8c3bb8-523a-4510-87ed-9d9cf07296f6/resourceGroups/rg-arriving-cowbird/providers/Microsoft.Network/virtualNetworks/myVnet3",
                    "location": "eastus",
                    "name": "myVnet3",
                    "resource_group_name": "rg-arriving-cowbird",
                    "subnet": [
                        {
                            "address_prefix": "10.0.1.0/24",
                            "id": "/subscriptions/cf8c3bb8-523a-4510-87ed-9d9cf07296f6/resourceGroups/rg-arriving-cowbird/providers/Microsoft.Network/virtualNetworks/myVnet3/subnets/mySubnet",
                            "name": "mySubnet",
                            "security_group": ""
                        }
                    ],
                    "tags": {},
                    "timeouts": null,
                    "vm_protection_enabled": false
                },
                "after": {
                    "address_space": [
                        "10.0.0.0/16"
                    ],
                    "bgp_community": "",
                    "ddos_protection_plan": [],
                    "dns_servers": [],
                    "flow_timeout_in_minutes": 0,
                    "guid": "6cd972fc-d75f-407f-811b-182090810a00",
                    "id": "/subscriptions/cf8c3bb8-523a-4510-87ed-9d9cf07296f6/resourceGroups/rg-arriving-cowbird/providers/Microsoft.Network/virtualNetworks/myVnet3",
                    "location": "eastus",
                    "name": "myVnet3",
                    "resource_group_name": "rg-arriving-cowbird",
                    "subnet": [
                        {
                            "address_prefix": "10.0.1.0/24",
                            "id": "/subscriptions/cf8c3bb8-523a-4510-87ed-9d9cf07296f6/resourceGroups/rg-arriving-cowbird/providers/Microsoft.Network/virtualNetworks/myVnet3/subnets/mySubnet",
                            "name": "mySubnet",
                            "security_group": ""
                        }
                    ],
                    "tags": {},
                    "timeouts": null,
                    "vm_protection_enabled": false
                },
                "after_unknown": {},
                "before_sensitive": {
                    "address_space": [
                        false
                    ],
                    "ddos_protection_plan": [],
                    "dns_servers": [],
                    "subnet": [
                        {}
                    ],
                    "tags": {}
                },
                "after_sensitive": {
                    "address_space": [
                        false
                    ],
                    "ddos_protection_plan": [],
                    "dns_servers": [],
                    "subnet": [
                        {}
                    ],
                    "tags": {}
                }
            }
        },
        {
            "address": "random_id.random_id",
            "mode": "managed",
            "type": "random_id",
            "name": "random_id",
            "provider_name": "registry.terraform.io/hashicorp/random",
            "change": {
                "actions": [
                    "no-op"
                ],
                "before": {
                    "b64_std": "fIneSe0Xj7U=",
                    "b64_url": "fIneSe0Xj7U",
                    "byte_length": 8,
                    "dec": "8973948141604147125",
                    "hex": "7c89de49ed178fb5",
                    "id": "fIneSe0Xj7U",
                    "keepers": {
                        "resource_group": "rg-arriving-cowbird"
                    },
                    "prefix": null
                },
                "after": {
                    "b64_std": "fIneSe0Xj7U=",
                    "b64_url": "fIneSe0Xj7U",
                    "byte_length": 8,
                    "dec": "8973948141604147125",
                    "hex": "7c89de49ed178fb5",
                    "id": "fIneSe0Xj7U",
                    "keepers": {
                        "resource_group": "rg-arriving-cowbird"
                    },
                    "prefix": null
                },
                "after_unknown": {},
                "before_sensitive": {
                    "keepers": {}
                },
                "after_sensitive": {
                    "keepers": {}
                }
            }
        },
        {
            "address": "random_pet.rg_name",
            "mode": "managed",
            "type": "random_pet",
            "name": "rg_name",
            "provider_name": "registry.terraform.io/hashicorp/random",
            "change": {
                "actions": [
                    "no-op"
                ],
                "before": {
                    "id": "rg-arriving-cowbird",
                    "keepers": null,
                    "length": 2,
                    "prefix": "rg",
                    "separator": "-"
                },
                "after": {
                    "id": "rg-arriving-cowbird",
                    "keepers": null,
                    "length": 2,
                    "prefix": "rg",
                    "separator": "-"
                },
                "after_unknown": {},
                "before_sensitive": {},
                "after_sensitive": {}
            }
        },
        {
            "address": "tls_private_key.example_ssh",
            "mode": "managed",
            "type": "tls_private_key",
            "name": "example_ssh",
            "provider_name": "registry.terraform.io/hashicorp/tls",
            "change": {
                "actions": [
                    "no-op"
                ],
                "before": {
                    "algorithm": "RSA",
                    "ecdsa_curve": "P224",
                    "id": "ef3918b6b6db29d3b018a89d284668ef0eb9fdf8",
                    "private_key_openssh": "-----BEGIN OPENSSH PRIVATE KEY-----\nb3BlbnNzaC1rZXktdjEAAAAABG5vbmUAAAAEbm9uZQAAAAAAAAABAAACFwAAAAdz\nc2gtcnNhAAAAAwEAAQAAAgEAwLL1QgyMyNtGZCIO0qLAw9EupszVWx7xEmKn0jsy\numuR7Irof6FJk/jY/+n9qSfMPUW/WQfCeoJ7gWxFMMi/vIHTRZGF861p8tYLOKBs\n0gyLaU4NZHfA18F4OeIPtXVjoXavJ20vaILnLuK86eHZH7s9oVJOCNIgHQnRVWME\nGo8N4uSTaGdx2vFjhjvW/zSpfbojqb6ZjBFS22n9TSOozTi2m6ral2dvLNE8QbRo\nvw8hgs/j+IlDqs8CSmVb+QdQ3dTOq1xIbCGyTY8ELH8jqpBNckCCMzi6TID/mQcU\nvmU1f+2wKwy9PVd4v3RTiX9mAYobbRFnAzYXV+VDaTtvAOq4pwuvaneXRr6ntiEA\nJPn0z/yA4HQ5cz5VrykcEHaftOdZgr01max6VETTpPgk1EAYcVb3VecHCh1Qz+MO\nYX0N6iqUzMTcxCijtvPyVaQhhJOlGj08LdLiA1954aqsXQVKK4XdPNpq+Td8Fp6M\nVzA/FfAmhC0xd38ZHJX/h3oLThqjXtW8xgnpeaVLc5MG5sSx1t8SuCFG3+LCss2a\njMwyFAaPCEPJB3FM42xHBZ/bZ2eekuWPcOX9vsW4t/Ta/p/7y0UVfzb5IQ8zDCo/\nxsI9rtwCTVGmqThgX9NksfOM3WOGWncFAd1Zq3UkYKFyklv67xaflE+gfPhFOt3+\naVEAAAc4/FaORvxWjkYAAAAHc3NoLXJzYQAAAgEAwLL1QgyMyNtGZCIO0qLAw9Eu\npszVWx7xEmKn0jsyumuR7Irof6FJk/jY/+n9qSfMPUW/WQfCeoJ7gWxFMMi/vIHT\nRZGF861p8tYLOKBs0gyLaU4NZHfA18F4OeIPtXVjoXavJ20vaILnLuK86eHZH7s9\noVJOCNIgHQnRVWMEGo8N4uSTaGdx2vFjhjvW/zSpfbojqb6ZjBFS22n9TSOozTi2\nm6ral2dvLNE8QbRovw8hgs/j+IlDqs8CSmVb+QdQ3dTOq1xIbCGyTY8ELH8jqpBN\nckCCMzi6TID/mQcUvmU1f+2wKwy9PVd4v3RTiX9mAYobbRFnAzYXV+VDaTtvAOq4\npwuvaneXRr6ntiEAJPn0z/yA4HQ5cz5VrykcEHaftOdZgr01max6VETTpPgk1EAY\ncVb3VecHCh1Qz+MOYX0N6iqUzMTcxCijtvPyVaQhhJOlGj08LdLiA1954aqsXQVK\nK4XdPNpq+Td8Fp6MVzA/FfAmhC0xd38ZHJX/h3oLThqjXtW8xgnpeaVLc5MG5sSx\n1t8SuCFG3+LCss2ajMwyFAaPCEPJB3FM42xHBZ/bZ2eekuWPcOX9vsW4t/Ta/p/7\ny0UVfzb5IQ8zDCo/xsI9rtwCTVGmqThgX9NksfOM3WOGWncFAd1Zq3UkYKFyklv6\n7xaflE+gfPhFOt3+aVEAAAADAQABAAACAQCivkE+QAUimXYwmUb1g/jTKDaDLtk+\nNLqasXFUryRfpvu9z28eY2QVsYPrVn4hv3fRg7dgBJquBscx/fPNiK3OEcMRrR55\nN0sUiMs/TtW47FlNXVsYL79ROJdGI3Lq6LJ1Khwxaxgv5uZChcHQsSpDj0o0laNL\n9dKjU6hUueQ8Xfb3Wd5YvYy9wUIxmxYvwRUoFu2JrWxWjEbzAeeon2YvtCcc/0XP\nus59BlUilLAmNCw0I0lAnQTmHCCuHj536kLUpqbIuI59rFO/BvsabWH86hROWsbb\nZZyJgiTb48wUJLvzSBWRtheY1+gloaPvqwXGZRJWoezjHGrIk9rD5CsRG0IB9s+c\nu1qn/GP5HoWNGb0PlgwsIKnFOGl3rIY3/sPJMeMcDWVjAyzc27qD5SaAqpfLWRjB\nGm9KknTR4MCGZb+n/Kgtbt2F+Fa328LX8xpugjDKtjwuRg3amUVb1qX5IYvEkCWR\nN60Cxy7pDTakDKSiPymNSNRiXKKSyrydD+WVMtRztvYv9jiuKtTtuOWeH1C4ka08\no5iBWXv+mN/cg453KVkjYnMaHiNbdrY8iHGtxGyp/zVGV+lePkh4d0DPK+5ziUDe\nVxnweHmK7Cw6MO78vP1FufG+1yHmYtiI2kPDL83926Hjpwze+m3JIZD8qe3Ef28d\nMEmkK+3hpjgl9QAAAQEAoTLYK9biTs9KfvCX4rqm54acm+u5ZpCc2N1NT5SaARLc\naGwvw2t/plSlRdAie/PzHnojzXpwQJSnTGqLU2TSMSwuc/EunkpZBGnIiDys2UOA\ngvkv5Y6uCrtZWVKZl4XtIbo0cW0kYr4SJzwmX/ZTnpA8jVv2HjJkQ2rZPZcsgkM1\nDAfK4V4XiLm4Ozbaz0NyF0vfYjtTA9LlMcKfH4gcz6lKtZ5NkITOW4LpQh9Pz4gR\ngtNW17mmOJhq3bdChpqossX4s1n54QsEII+Kssr/u5AoisnCl1Sp7C9GFw5LaXwh\npTEzk2vi1iJtGirlIIqClNAiZ980VSmid/ZiXV5EEgAAAQEAwNlR8VlWhP0AAq+B\nOY/oqSKPFB4Db9YWE5OUXHVfBJRXzS9SF4nFM5nR84uDisHJTlRHshXDbTYDSCr9\n2wVBDkYx2V4xmR2greSZeRun3Q0Z6mDgLIluXun7K+uwR5Wl9Ry5bXFTlztwi3Dg\npRinJZ9di/ZYEB4Qpn4/IFXUPyK/afgRdZCqmOBQlGn00/kj3CSlxD/h0fsC3iaw\nq3ZegJ3u0RBLQrFKYIBB/eRV84TKsjBi7vlzefNKOCUq+BMSYX8smxJFvu2VKsHB\nPAR1Wc9754Frl+EuZgQT3Q92HOxdi+gFGtc1Zlg9kH+kOIAWrGUkluIyjsJx9xqb\nOXAeTwAAAQEA/80TZL+UrSFhn/uRGuUveY3+Tx4XKnaWN81/A3qNcDt5pCRrBifI\niVyctyQHLR0CRY8OcstezDLdCl45IQYSyFLeyJa/6vm/9bMX5k5wvAwBVVYYKsL/\nmnfqa07JHKqWmLa68n+6fJjhP4+uFLk2X9g44VjP1aLz/Q+gTchWnhCl7Nlk+eQi\nhoRQUCAV19DDoVe9LCHIfY1hJ8Ey/DxYf4r5kjN80oPGn/JsxxM0qbcBQDGNv7ml\ny/y8efizR9xJHVb6TyKGayApth3URcIbwUGsfdIjdTzZC/pRnFv/Ruj10uLWuoLN\nybcuTMfocw6tYk4q+Zsy4mj6Jc/Kk/m2XwAAAAAB\n-----END OPENSSH PRIVATE KEY-----\n",
                    "private_key_pem": "-----BEGIN RSA PRIVATE KEY-----\nMIIJKwIBAAKCAgEAwLL1QgyMyNtGZCIO0qLAw9EupszVWx7xEmKn0jsyumuR7Iro\nf6FJk/jY/+n9qSfMPUW/WQfCeoJ7gWxFMMi/vIHTRZGF861p8tYLOKBs0gyLaU4N\nZHfA18F4OeIPtXVjoXavJ20vaILnLuK86eHZH7s9oVJOCNIgHQnRVWMEGo8N4uST\naGdx2vFjhjvW/zSpfbojqb6ZjBFS22n9TSOozTi2m6ral2dvLNE8QbRovw8hgs/j\n+IlDqs8CSmVb+QdQ3dTOq1xIbCGyTY8ELH8jqpBNckCCMzi6TID/mQcUvmU1f+2w\nKwy9PVd4v3RTiX9mAYobbRFnAzYXV+VDaTtvAOq4pwuvaneXRr6ntiEAJPn0z/yA\n4HQ5cz5VrykcEHaftOdZgr01max6VETTpPgk1EAYcVb3VecHCh1Qz+MOYX0N6iqU\nzMTcxCijtvPyVaQhhJOlGj08LdLiA1954aqsXQVKK4XdPNpq+Td8Fp6MVzA/FfAm\nhC0xd38ZHJX/h3oLThqjXtW8xgnpeaVLc5MG5sSx1t8SuCFG3+LCss2ajMwyFAaP\nCEPJB3FM42xHBZ/bZ2eekuWPcOX9vsW4t/Ta/p/7y0UVfzb5IQ8zDCo/xsI9rtwC\nTVGmqThgX9NksfOM3WOGWncFAd1Zq3UkYKFyklv67xaflE+gfPhFOt3+aVECAwEA\nAQKCAgEAor5BPkAFIpl2MJlG9YP40yg2gy7ZPjS6mrFxVK8kX6b7vc9vHmNkFbGD\n61Z+Ib930YO3YASargbHMf3zzYitzhHDEa0eeTdLFIjLP07VuOxZTV1bGC+/UTiX\nRiNy6uiydSocMWsYL+bmQoXB0LEqQ49KNJWjS/XSo1OoVLnkPF3291neWL2MvcFC\nMZsWL8EVKBbtia1sVoxG8wHnqJ9mL7QnHP9Fz7rOfQZVIpSwJjQsNCNJQJ0E5hwg\nrh4+d+pC1KamyLiOfaxTvwb7Gm1h/OoUTlrG22WciYIk2+PMFCS780gVkbYXmNfo\nJaGj76sFxmUSVqHs4xxqyJPaw+QrERtCAfbPnLtap/xj+R6FjRm9D5YMLCCpxThp\nd6yGN/7DyTHjHA1lYwMs3Nu6g+UmgKqXy1kYwRpvSpJ00eDAhmW/p/yoLW7dhfhW\nt9vC1/MaboIwyrY8LkYN2plFW9al+SGLxJAlkTetAscu6Q02pAykoj8pjUjUYlyi\nksq8nQ/llTLUc7b2L/Y4rirU7bjlnh9QuJGtPKOYgVl7/pjf3IOOdylZI2JzGh4j\nW3a2PIhxrcRsqf81RlfpXj5IeHdAzyvuc4lA3lcZ8Hh5iuwsOjDu/Lz9Rbnxvtch\n5mLYiNpDwy/N/duh46cM3vptySGQ/KntxH9vHTBJpCvt4aY4JfUCggEBAMDZUfFZ\nVoT9AAKvgTmP6KkijxQeA2/WFhOTlFx1XwSUV80vUheJxTOZ0fOLg4rByU5UR7IV\nw202A0gq/dsFQQ5GMdleMZkdoK3kmXkbp90NGepg4CyJbl7p+yvrsEeVpfUcuW1x\nU5c7cItw4KUYpyWfXYv2WBAeEKZ+PyBV1D8iv2n4EXWQqpjgUJRp9NP5I9wkpcQ/\n4dH7At4msKt2XoCd7tEQS0KxSmCAQf3kVfOEyrIwYu75c3nzSjglKvgTEmF/LJsS\nRb7tlSrBwTwEdVnPe+eBa5fhLmYEE90PdhzsXYvoBRrXNWZYPZB/pDiAFqxlJJbi\nMo7CcfcamzlwHk8CggEBAP/NE2S/lK0hYZ/7kRrlL3mN/k8eFyp2ljfNfwN6jXA7\neaQkawYnyIlcnLckBy0dAkWPDnLLXswy3QpeOSEGEshS3siWv+r5v/WzF+ZOcLwM\nAVVWGCrC/5p36mtOyRyqlpi2uvJ/unyY4T+PrhS5Nl/YOOFYz9Wi8/0PoE3IVp4Q\npezZZPnkIoaEUFAgFdfQw6FXvSwhyH2NYSfBMvw8WH+K+ZIzfNKDxp/ybMcTNKm3\nAUAxjb+5pcv8vHn4s0fcSR1W+k8ihmsgKbYd1EXCG8FBrH3SI3U82Qv6UZxb/0bo\n9dLi1rqCzcm3LkzH6HMOrWJOKvmbMuJo+iXPypP5tl8CggEBAISU48EJqnHDfj5a\nan0ocsvU9ojeGX7JsGPFEjp+dtSvJ63o2odUMD9JgQ3u3ICIud0gFCpazABJIfh7\nlgr9kbw+hgbquy6JL+5dOyYH3WAbobWA5J253iditUt8vbR5LZ9WICUdxFo0gyta\nbxcR29gBuE6BDgoGoWvVX5DbcQ/206IG6fnpe1+e18cxESCqJ/0xNMW3JYk3CMGx\n18QJnO7PpWAV06gGOxwdEUF7uZuxr6jRmzKwTLOKj3wKEYB7nCdrRz9VUJ3yuJqs\nmiyo5ATaoFSIpW/FYCDCrOVNu+YmmimVWe0aB5xVDf5Jwp0VcoETCBSzbg63n6JC\nqHTUoAECggEBAN03GKJ0G7tttuOHxwEfWmMgrOD3AMm0LEyt5j236kE47gVJiVSV\naxN/h/fJrHsTLzfAc5pKzfyBsC6bNYSdn/il0gxecjJfMeblrrF4/H1jVHPcNKIm\naK3JLm0GgV3NGNeQjzPPyhKek41IUB+T3LYeY3JeP75dYetjbBpYOrAPba7agjyp\nUkJKgroIRVuSKtyI6AwWWzBY58BdkB4agd4q7ZHF/RiA5XDFUdUHgu+SV/6P3CoF\n/p/ePZCtxz1J/+DjqyxsixpxgiEAwuZg62fBx843wHpO2NVG8PTrimRkatKpYVGC\ndT0QsXWtHBUEiGUPfJLH6MVsS4gPnv1BYrkCggEBAKEy2CvW4k7PSn7wl+K6pueG\nnJvruWaQnNjdTU+UmgES3GhsL8Nrf6ZUpUXQInvz8x56I816cECUp0xqi1Nk0jEs\nLnPxLp5KWQRpyIg8rNlDgIL5L+WOrgq7WVlSmZeF7SG6NHFtJGK+Eic8Jl/2U56Q\nPI1b9h4yZENq2T2XLIJDNQwHyuFeF4i5uDs22s9DchdL32I7UwPS5THCnx+IHM+p\nSrWeTZCEzluC6UIfT8+IEYLTVte5pjiYat23QoaaqLLF+LNZ+eELBCCPirLK/7uQ\nKIrJwpdUqewvRhcOS2l8IaUxM5Nr4tYibRoq5SCKgpTQImffNFUponf2Yl1eRBI=\n-----END RSA PRIVATE KEY-----\n",
                    "private_key_pem_pkcs8": "-----BEGIN PRIVATE KEY-----\nMIIJRQIBADANBgkqhkiG9w0BAQEFAASCCS8wggkrAgEAAoICAQDAsvVCDIzI20Zk\nIg7SosDD0S6mzNVbHvESYqfSOzK6a5Hsiuh/oUmT+Nj/6f2pJ8w9Rb9ZB8J6gnuB\nbEUwyL+8gdNFkYXzrWny1gs4oGzSDItpTg1kd8DXwXg54g+1dWOhdq8nbS9ogucu\n4rzp4dkfuz2hUk4I0iAdCdFVYwQajw3i5JNoZ3Ha8WOGO9b/NKl9uiOpvpmMEVLb\naf1NI6jNOLabqtqXZ28s0TxBtGi/DyGCz+P4iUOqzwJKZVv5B1Dd1M6rXEhsIbJN\njwQsfyOqkE1yQIIzOLpMgP+ZBxS+ZTV/7bArDL09V3i/dFOJf2YBihttEWcDNhdX\n5UNpO28A6rinC69qd5dGvqe2IQAk+fTP/IDgdDlzPlWvKRwQdp+051mCvTWZrHpU\nRNOk+CTUQBhxVvdV5wcKHVDP4w5hfQ3qKpTMxNzEKKO28/JVpCGEk6UaPTwt0uID\nX3nhqqxdBUorhd082mr5N3wWnoxXMD8V8CaELTF3fxkclf+HegtOGqNe1bzGCel5\npUtzkwbmxLHW3xK4IUbf4sKyzZqMzDIUBo8IQ8kHcUzjbEcFn9tnZ56S5Y9w5f2+\nxbi39Nr+n/vLRRV/NvkhDzMMKj/Gwj2u3AJNUaapOGBf02Sx84zdY4ZadwUB3Vmr\ndSRgoXKSW/rvFp+UT6B8+EU63f5pUQIDAQABAoICAQCivkE+QAUimXYwmUb1g/jT\nKDaDLtk+NLqasXFUryRfpvu9z28eY2QVsYPrVn4hv3fRg7dgBJquBscx/fPNiK3O\nEcMRrR55N0sUiMs/TtW47FlNXVsYL79ROJdGI3Lq6LJ1Khwxaxgv5uZChcHQsSpD\nj0o0laNL9dKjU6hUueQ8Xfb3Wd5YvYy9wUIxmxYvwRUoFu2JrWxWjEbzAeeon2Yv\ntCcc/0XPus59BlUilLAmNCw0I0lAnQTmHCCuHj536kLUpqbIuI59rFO/BvsabWH8\n6hROWsbbZZyJgiTb48wUJLvzSBWRtheY1+gloaPvqwXGZRJWoezjHGrIk9rD5CsR\nG0IB9s+cu1qn/GP5HoWNGb0PlgwsIKnFOGl3rIY3/sPJMeMcDWVjAyzc27qD5SaA\nqpfLWRjBGm9KknTR4MCGZb+n/Kgtbt2F+Fa328LX8xpugjDKtjwuRg3amUVb1qX5\nIYvEkCWRN60Cxy7pDTakDKSiPymNSNRiXKKSyrydD+WVMtRztvYv9jiuKtTtuOWe\nH1C4ka08o5iBWXv+mN/cg453KVkjYnMaHiNbdrY8iHGtxGyp/zVGV+lePkh4d0DP\nK+5ziUDeVxnweHmK7Cw6MO78vP1FufG+1yHmYtiI2kPDL83926Hjpwze+m3JIZD8\nqe3Ef28dMEmkK+3hpjgl9QKCAQEAwNlR8VlWhP0AAq+BOY/oqSKPFB4Db9YWE5OU\nXHVfBJRXzS9SF4nFM5nR84uDisHJTlRHshXDbTYDSCr92wVBDkYx2V4xmR2greSZ\neRun3Q0Z6mDgLIluXun7K+uwR5Wl9Ry5bXFTlztwi3DgpRinJZ9di/ZYEB4Qpn4/\nIFXUPyK/afgRdZCqmOBQlGn00/kj3CSlxD/h0fsC3iawq3ZegJ3u0RBLQrFKYIBB\n/eRV84TKsjBi7vlzefNKOCUq+BMSYX8smxJFvu2VKsHBPAR1Wc9754Frl+EuZgQT\n3Q92HOxdi+gFGtc1Zlg9kH+kOIAWrGUkluIyjsJx9xqbOXAeTwKCAQEA/80TZL+U\nrSFhn/uRGuUveY3+Tx4XKnaWN81/A3qNcDt5pCRrBifIiVyctyQHLR0CRY8Ocste\nzDLdCl45IQYSyFLeyJa/6vm/9bMX5k5wvAwBVVYYKsL/mnfqa07JHKqWmLa68n+6\nfJjhP4+uFLk2X9g44VjP1aLz/Q+gTchWnhCl7Nlk+eQihoRQUCAV19DDoVe9LCHI\nfY1hJ8Ey/DxYf4r5kjN80oPGn/JsxxM0qbcBQDGNv7mly/y8efizR9xJHVb6TyKG\nayApth3URcIbwUGsfdIjdTzZC/pRnFv/Ruj10uLWuoLNybcuTMfocw6tYk4q+Zsy\n4mj6Jc/Kk/m2XwKCAQEAhJTjwQmqccN+PlpqfShyy9T2iN4ZfsmwY8USOn521K8n\nrejah1QwP0mBDe7cgIi53SAUKlrMAEkh+HuWCv2RvD6GBuq7Lokv7l07JgfdYBuh\ntYDknbneJ2K1S3y9tHktn1YgJR3EWjSDK1pvFxHb2AG4ToEOCgaha9VfkNtxD/bT\nogbp+el7X57XxzERIKon/TE0xbcliTcIwbHXxAmc7s+lYBXTqAY7HB0RQXu5m7Gv\nqNGbMrBMs4qPfAoRgHucJ2tHP1VQnfK4mqyaLKjkBNqgVIilb8VgIMKs5U275iaa\nKZVZ7RoHnFUN/knCnRVygRMIFLNuDrefokKodNSgAQKCAQEA3TcYonQbu22244fH\nAR9aYyCs4PcAybQsTK3mPbfqQTjuBUmJVJVrE3+H98msexMvN8BzmkrN/IGwLps1\nhJ2f+KXSDF5yMl8x5uWusXj8fWNUc9w0oiZorckubQaBXc0Y15CPM8/KEp6TjUhQ\nH5Pcth5jcl4/vl1h62NsGlg6sA9trtqCPKlSQkqCughFW5Iq3IjoDBZbMFjnwF2Q\nHhqB3irtkcX9GIDlcMVR1QeC75JX/o/cKgX+n949kK3HPUn/4OOrLGyLGnGCIQDC\n5mDrZ8HHzjfAek7Y1Ubw9OuKZGRq0qlhUYJ1PRCxda0cFQSIZQ98ksfoxWxLiA+e\n/UFiuQKCAQEAoTLYK9biTs9KfvCX4rqm54acm+u5ZpCc2N1NT5SaARLcaGwvw2t/\nplSlRdAie/PzHnojzXpwQJSnTGqLU2TSMSwuc/EunkpZBGnIiDys2UOAgvkv5Y6u\nCrtZWVKZl4XtIbo0cW0kYr4SJzwmX/ZTnpA8jVv2HjJkQ2rZPZcsgkM1DAfK4V4X\niLm4Ozbaz0NyF0vfYjtTA9LlMcKfH4gcz6lKtZ5NkITOW4LpQh9Pz4gRgtNW17mm\nOJhq3bdChpqossX4s1n54QsEII+Kssr/u5AoisnCl1Sp7C9GFw5LaXwhpTEzk2vi\n1iJtGirlIIqClNAiZ980VSmid/ZiXV5EEg==\n-----END PRIVATE KEY-----\n",
                    "public_key_fingerprint_md5": "99:85:8a:76:de:13:a5:9b:96:ec:bd:5b:c0:fe:4b:3b",
                    "public_key_fingerprint_sha256": "SHA256:o6fhCghjWjAZQns52ZW04dVSAzJ1VroFAjlk4NCvTq8",
                    "public_key_openssh": "ssh-rsa AAAAB3NzaC1yc2EAAAADAQABAAACAQDAsvVCDIzI20ZkIg7SosDD0S6mzNVbHvESYqfSOzK6a5Hsiuh/oUmT+Nj/6f2pJ8w9Rb9ZB8J6gnuBbEUwyL+8gdNFkYXzrWny1gs4oGzSDItpTg1kd8DXwXg54g+1dWOhdq8nbS9ogucu4rzp4dkfuz2hUk4I0iAdCdFVYwQajw3i5JNoZ3Ha8WOGO9b/NKl9uiOpvpmMEVLbaf1NI6jNOLabqtqXZ28s0TxBtGi/DyGCz+P4iUOqzwJKZVv5B1Dd1M6rXEhsIbJNjwQsfyOqkE1yQIIzOLpMgP+ZBxS+ZTV/7bArDL09V3i/dFOJf2YBihttEWcDNhdX5UNpO28A6rinC69qd5dGvqe2IQAk+fTP/IDgdDlzPlWvKRwQdp+051mCvTWZrHpURNOk+CTUQBhxVvdV5wcKHVDP4w5hfQ3qKpTMxNzEKKO28/JVpCGEk6UaPTwt0uIDX3nhqqxdBUorhd082mr5N3wWnoxXMD8V8CaELTF3fxkclf+HegtOGqNe1bzGCel5pUtzkwbmxLHW3xK4IUbf4sKyzZqMzDIUBo8IQ8kHcUzjbEcFn9tnZ56S5Y9w5f2+xbi39Nr+n/vLRRV/NvkhDzMMKj/Gwj2u3AJNUaapOGBf02Sx84zdY4ZadwUB3VmrdSRgoXKSW/rvFp+UT6B8+EU63f5pUQ==\n",
                    "public_key_pem": "-----BEGIN PUBLIC KEY-----\nMIICIjANBgkqhkiG9w0BAQEFAAOCAg8AMIICCgKCAgEAwLL1QgyMyNtGZCIO0qLA\nw9EupszVWx7xEmKn0jsyumuR7Irof6FJk/jY/+n9qSfMPUW/WQfCeoJ7gWxFMMi/\nvIHTRZGF861p8tYLOKBs0gyLaU4NZHfA18F4OeIPtXVjoXavJ20vaILnLuK86eHZ\nH7s9oVJOCNIgHQnRVWMEGo8N4uSTaGdx2vFjhjvW/zSpfbojqb6ZjBFS22n9TSOo\nzTi2m6ral2dvLNE8QbRovw8hgs/j+IlDqs8CSmVb+QdQ3dTOq1xIbCGyTY8ELH8j\nqpBNckCCMzi6TID/mQcUvmU1f+2wKwy9PVd4v3RTiX9mAYobbRFnAzYXV+VDaTtv\nAOq4pwuvaneXRr6ntiEAJPn0z/yA4HQ5cz5VrykcEHaftOdZgr01max6VETTpPgk\n1EAYcVb3VecHCh1Qz+MOYX0N6iqUzMTcxCijtvPyVaQhhJOlGj08LdLiA1954aqs\nXQVKK4XdPNpq+Td8Fp6MVzA/FfAmhC0xd38ZHJX/h3oLThqjXtW8xgnpeaVLc5MG\n5sSx1t8SuCFG3+LCss2ajMwyFAaPCEPJB3FM42xHBZ/bZ2eekuWPcOX9vsW4t/Ta\n/p/7y0UVfzb5IQ8zDCo/xsI9rtwCTVGmqThgX9NksfOM3WOGWncFAd1Zq3UkYKFy\nklv67xaflE+gfPhFOt3+aVECAwEAAQ==\n-----END PUBLIC KEY-----\n",
                    "rsa_bits": 4096
                },
                "after": {
                    "algorithm": "RSA",
                    "ecdsa_curve": "P224",
                    "id": "ef3918b6b6db29d3b018a89d284668ef0eb9fdf8",
                    "private_key_openssh": "-----BEGIN OPENSSH PRIVATE KEY-----\nb3BlbnNzaC1rZXktdjEAAAAABG5vbmUAAAAEbm9uZQAAAAAAAAABAAACFwAAAAdz\nc2gtcnNhAAAAAwEAAQAAAgEAwLL1QgyMyNtGZCIO0qLAw9EupszVWx7xEmKn0jsy\numuR7Irof6FJk/jY/+n9qSfMPUW/WQfCeoJ7gWxFMMi/vIHTRZGF861p8tYLOKBs\n0gyLaU4NZHfA18F4OeIPtXVjoXavJ20vaILnLuK86eHZH7s9oVJOCNIgHQnRVWME\nGo8N4uSTaGdx2vFjhjvW/zSpfbojqb6ZjBFS22n9TSOozTi2m6ral2dvLNE8QbRo\nvw8hgs/j+IlDqs8CSmVb+QdQ3dTOq1xIbCGyTY8ELH8jqpBNckCCMzi6TID/mQcU\nvmU1f+2wKwy9PVd4v3RTiX9mAYobbRFnAzYXV+VDaTtvAOq4pwuvaneXRr6ntiEA\nJPn0z/yA4HQ5cz5VrykcEHaftOdZgr01max6VETTpPgk1EAYcVb3VecHCh1Qz+MO\nYX0N6iqUzMTcxCijtvPyVaQhhJOlGj08LdLiA1954aqsXQVKK4XdPNpq+Td8Fp6M\nVzA/FfAmhC0xd38ZHJX/h3oLThqjXtW8xgnpeaVLc5MG5sSx1t8SuCFG3+LCss2a\njMwyFAaPCEPJB3FM42xHBZ/bZ2eekuWPcOX9vsW4t/Ta/p/7y0UVfzb5IQ8zDCo/\nxsI9rtwCTVGmqThgX9NksfOM3WOGWncFAd1Zq3UkYKFyklv67xaflE+gfPhFOt3+\naVEAAAc4/FaORvxWjkYAAAAHc3NoLXJzYQAAAgEAwLL1QgyMyNtGZCIO0qLAw9Eu\npszVWx7xEmKn0jsyumuR7Irof6FJk/jY/+n9qSfMPUW/WQfCeoJ7gWxFMMi/vIHT\nRZGF861p8tYLOKBs0gyLaU4NZHfA18F4OeIPtXVjoXavJ20vaILnLuK86eHZH7s9\noVJOCNIgHQnRVWMEGo8N4uSTaGdx2vFjhjvW/zSpfbojqb6ZjBFS22n9TSOozTi2\nm6ral2dvLNE8QbRovw8hgs/j+IlDqs8CSmVb+QdQ3dTOq1xIbCGyTY8ELH8jqpBN\nckCCMzi6TID/mQcUvmU1f+2wKwy9PVd4v3RTiX9mAYobbRFnAzYXV+VDaTtvAOq4\npwuvaneXRr6ntiEAJPn0z/yA4HQ5cz5VrykcEHaftOdZgr01max6VETTpPgk1EAY\ncVb3VecHCh1Qz+MOYX0N6iqUzMTcxCijtvPyVaQhhJOlGj08LdLiA1954aqsXQVK\nK4XdPNpq+Td8Fp6MVzA/FfAmhC0xd38ZHJX/h3oLThqjXtW8xgnpeaVLc5MG5sSx\n1t8SuCFG3+LCss2ajMwyFAaPCEPJB3FM42xHBZ/bZ2eekuWPcOX9vsW4t/Ta/p/7\ny0UVfzb5IQ8zDCo/xsI9rtwCTVGmqThgX9NksfOM3WOGWncFAd1Zq3UkYKFyklv6\n7xaflE+gfPhFOt3+aVEAAAADAQABAAACAQCivkE+QAUimXYwmUb1g/jTKDaDLtk+\nNLqasXFUryRfpvu9z28eY2QVsYPrVn4hv3fRg7dgBJquBscx/fPNiK3OEcMRrR55\nN0sUiMs/TtW47FlNXVsYL79ROJdGI3Lq6LJ1Khwxaxgv5uZChcHQsSpDj0o0laNL\n9dKjU6hUueQ8Xfb3Wd5YvYy9wUIxmxYvwRUoFu2JrWxWjEbzAeeon2YvtCcc/0XP\nus59BlUilLAmNCw0I0lAnQTmHCCuHj536kLUpqbIuI59rFO/BvsabWH86hROWsbb\nZZyJgiTb48wUJLvzSBWRtheY1+gloaPvqwXGZRJWoezjHGrIk9rD5CsRG0IB9s+c\nu1qn/GP5HoWNGb0PlgwsIKnFOGl3rIY3/sPJMeMcDWVjAyzc27qD5SaAqpfLWRjB\nGm9KknTR4MCGZb+n/Kgtbt2F+Fa328LX8xpugjDKtjwuRg3amUVb1qX5IYvEkCWR\nN60Cxy7pDTakDKSiPymNSNRiXKKSyrydD+WVMtRztvYv9jiuKtTtuOWeH1C4ka08\no5iBWXv+mN/cg453KVkjYnMaHiNbdrY8iHGtxGyp/zVGV+lePkh4d0DPK+5ziUDe\nVxnweHmK7Cw6MO78vP1FufG+1yHmYtiI2kPDL83926Hjpwze+m3JIZD8qe3Ef28d\nMEmkK+3hpjgl9QAAAQEAoTLYK9biTs9KfvCX4rqm54acm+u5ZpCc2N1NT5SaARLc\naGwvw2t/plSlRdAie/PzHnojzXpwQJSnTGqLU2TSMSwuc/EunkpZBGnIiDys2UOA\ngvkv5Y6uCrtZWVKZl4XtIbo0cW0kYr4SJzwmX/ZTnpA8jVv2HjJkQ2rZPZcsgkM1\nDAfK4V4XiLm4Ozbaz0NyF0vfYjtTA9LlMcKfH4gcz6lKtZ5NkITOW4LpQh9Pz4gR\ngtNW17mmOJhq3bdChpqossX4s1n54QsEII+Kssr/u5AoisnCl1Sp7C9GFw5LaXwh\npTEzk2vi1iJtGirlIIqClNAiZ980VSmid/ZiXV5EEgAAAQEAwNlR8VlWhP0AAq+B\nOY/oqSKPFB4Db9YWE5OUXHVfBJRXzS9SF4nFM5nR84uDisHJTlRHshXDbTYDSCr9\n2wVBDkYx2V4xmR2greSZeRun3Q0Z6mDgLIluXun7K+uwR5Wl9Ry5bXFTlztwi3Dg\npRinJZ9di/ZYEB4Qpn4/IFXUPyK/afgRdZCqmOBQlGn00/kj3CSlxD/h0fsC3iaw\nq3ZegJ3u0RBLQrFKYIBB/eRV84TKsjBi7vlzefNKOCUq+BMSYX8smxJFvu2VKsHB\nPAR1Wc9754Frl+EuZgQT3Q92HOxdi+gFGtc1Zlg9kH+kOIAWrGUkluIyjsJx9xqb\nOXAeTwAAAQEA/80TZL+UrSFhn/uRGuUveY3+Tx4XKnaWN81/A3qNcDt5pCRrBifI\niVyctyQHLR0CRY8OcstezDLdCl45IQYSyFLeyJa/6vm/9bMX5k5wvAwBVVYYKsL/\nmnfqa07JHKqWmLa68n+6fJjhP4+uFLk2X9g44VjP1aLz/Q+gTchWnhCl7Nlk+eQi\nhoRQUCAV19DDoVe9LCHIfY1hJ8Ey/DxYf4r5kjN80oPGn/JsxxM0qbcBQDGNv7ml\ny/y8efizR9xJHVb6TyKGayApth3URcIbwUGsfdIjdTzZC/pRnFv/Ruj10uLWuoLN\nybcuTMfocw6tYk4q+Zsy4mj6Jc/Kk/m2XwAAAAAB\n-----END OPENSSH PRIVATE KEY-----\n",
                    "private_key_pem": "-----BEGIN RSA PRIVATE KEY-----\nMIIJKwIBAAKCAgEAwLL1QgyMyNtGZCIO0qLAw9EupszVWx7xEmKn0jsyumuR7Iro\nf6FJk/jY/+n9qSfMPUW/WQfCeoJ7gWxFMMi/vIHTRZGF861p8tYLOKBs0gyLaU4N\nZHfA18F4OeIPtXVjoXavJ20vaILnLuK86eHZH7s9oVJOCNIgHQnRVWMEGo8N4uST\naGdx2vFjhjvW/zSpfbojqb6ZjBFS22n9TSOozTi2m6ral2dvLNE8QbRovw8hgs/j\n+IlDqs8CSmVb+QdQ3dTOq1xIbCGyTY8ELH8jqpBNckCCMzi6TID/mQcUvmU1f+2w\nKwy9PVd4v3RTiX9mAYobbRFnAzYXV+VDaTtvAOq4pwuvaneXRr6ntiEAJPn0z/yA\n4HQ5cz5VrykcEHaftOdZgr01max6VETTpPgk1EAYcVb3VecHCh1Qz+MOYX0N6iqU\nzMTcxCijtvPyVaQhhJOlGj08LdLiA1954aqsXQVKK4XdPNpq+Td8Fp6MVzA/FfAm\nhC0xd38ZHJX/h3oLThqjXtW8xgnpeaVLc5MG5sSx1t8SuCFG3+LCss2ajMwyFAaP\nCEPJB3FM42xHBZ/bZ2eekuWPcOX9vsW4t/Ta/p/7y0UVfzb5IQ8zDCo/xsI9rtwC\nTVGmqThgX9NksfOM3WOGWncFAd1Zq3UkYKFyklv67xaflE+gfPhFOt3+aVECAwEA\nAQKCAgEAor5BPkAFIpl2MJlG9YP40yg2gy7ZPjS6mrFxVK8kX6b7vc9vHmNkFbGD\n61Z+Ib930YO3YASargbHMf3zzYitzhHDEa0eeTdLFIjLP07VuOxZTV1bGC+/UTiX\nRiNy6uiydSocMWsYL+bmQoXB0LEqQ49KNJWjS/XSo1OoVLnkPF3291neWL2MvcFC\nMZsWL8EVKBbtia1sVoxG8wHnqJ9mL7QnHP9Fz7rOfQZVIpSwJjQsNCNJQJ0E5hwg\nrh4+d+pC1KamyLiOfaxTvwb7Gm1h/OoUTlrG22WciYIk2+PMFCS780gVkbYXmNfo\nJaGj76sFxmUSVqHs4xxqyJPaw+QrERtCAfbPnLtap/xj+R6FjRm9D5YMLCCpxThp\nd6yGN/7DyTHjHA1lYwMs3Nu6g+UmgKqXy1kYwRpvSpJ00eDAhmW/p/yoLW7dhfhW\nt9vC1/MaboIwyrY8LkYN2plFW9al+SGLxJAlkTetAscu6Q02pAykoj8pjUjUYlyi\nksq8nQ/llTLUc7b2L/Y4rirU7bjlnh9QuJGtPKOYgVl7/pjf3IOOdylZI2JzGh4j\nW3a2PIhxrcRsqf81RlfpXj5IeHdAzyvuc4lA3lcZ8Hh5iuwsOjDu/Lz9Rbnxvtch\n5mLYiNpDwy/N/duh46cM3vptySGQ/KntxH9vHTBJpCvt4aY4JfUCggEBAMDZUfFZ\nVoT9AAKvgTmP6KkijxQeA2/WFhOTlFx1XwSUV80vUheJxTOZ0fOLg4rByU5UR7IV\nw202A0gq/dsFQQ5GMdleMZkdoK3kmXkbp90NGepg4CyJbl7p+yvrsEeVpfUcuW1x\nU5c7cItw4KUYpyWfXYv2WBAeEKZ+PyBV1D8iv2n4EXWQqpjgUJRp9NP5I9wkpcQ/\n4dH7At4msKt2XoCd7tEQS0KxSmCAQf3kVfOEyrIwYu75c3nzSjglKvgTEmF/LJsS\nRb7tlSrBwTwEdVnPe+eBa5fhLmYEE90PdhzsXYvoBRrXNWZYPZB/pDiAFqxlJJbi\nMo7CcfcamzlwHk8CggEBAP/NE2S/lK0hYZ/7kRrlL3mN/k8eFyp2ljfNfwN6jXA7\neaQkawYnyIlcnLckBy0dAkWPDnLLXswy3QpeOSEGEshS3siWv+r5v/WzF+ZOcLwM\nAVVWGCrC/5p36mtOyRyqlpi2uvJ/unyY4T+PrhS5Nl/YOOFYz9Wi8/0PoE3IVp4Q\npezZZPnkIoaEUFAgFdfQw6FXvSwhyH2NYSfBMvw8WH+K+ZIzfNKDxp/ybMcTNKm3\nAUAxjb+5pcv8vHn4s0fcSR1W+k8ihmsgKbYd1EXCG8FBrH3SI3U82Qv6UZxb/0bo\n9dLi1rqCzcm3LkzH6HMOrWJOKvmbMuJo+iXPypP5tl8CggEBAISU48EJqnHDfj5a\nan0ocsvU9ojeGX7JsGPFEjp+dtSvJ63o2odUMD9JgQ3u3ICIud0gFCpazABJIfh7\nlgr9kbw+hgbquy6JL+5dOyYH3WAbobWA5J253iditUt8vbR5LZ9WICUdxFo0gyta\nbxcR29gBuE6BDgoGoWvVX5DbcQ/206IG6fnpe1+e18cxESCqJ/0xNMW3JYk3CMGx\n18QJnO7PpWAV06gGOxwdEUF7uZuxr6jRmzKwTLOKj3wKEYB7nCdrRz9VUJ3yuJqs\nmiyo5ATaoFSIpW/FYCDCrOVNu+YmmimVWe0aB5xVDf5Jwp0VcoETCBSzbg63n6JC\nqHTUoAECggEBAN03GKJ0G7tttuOHxwEfWmMgrOD3AMm0LEyt5j236kE47gVJiVSV\naxN/h/fJrHsTLzfAc5pKzfyBsC6bNYSdn/il0gxecjJfMeblrrF4/H1jVHPcNKIm\naK3JLm0GgV3NGNeQjzPPyhKek41IUB+T3LYeY3JeP75dYetjbBpYOrAPba7agjyp\nUkJKgroIRVuSKtyI6AwWWzBY58BdkB4agd4q7ZHF/RiA5XDFUdUHgu+SV/6P3CoF\n/p/ePZCtxz1J/+DjqyxsixpxgiEAwuZg62fBx843wHpO2NVG8PTrimRkatKpYVGC\ndT0QsXWtHBUEiGUPfJLH6MVsS4gPnv1BYrkCggEBAKEy2CvW4k7PSn7wl+K6pueG\nnJvruWaQnNjdTU+UmgES3GhsL8Nrf6ZUpUXQInvz8x56I816cECUp0xqi1Nk0jEs\nLnPxLp5KWQRpyIg8rNlDgIL5L+WOrgq7WVlSmZeF7SG6NHFtJGK+Eic8Jl/2U56Q\nPI1b9h4yZENq2T2XLIJDNQwHyuFeF4i5uDs22s9DchdL32I7UwPS5THCnx+IHM+p\nSrWeTZCEzluC6UIfT8+IEYLTVte5pjiYat23QoaaqLLF+LNZ+eELBCCPirLK/7uQ\nKIrJwpdUqewvRhcOS2l8IaUxM5Nr4tYibRoq5SCKgpTQImffNFUponf2Yl1eRBI=\n-----END RSA PRIVATE KEY-----\n",
                    "private_key_pem_pkcs8": "-----BEGIN PRIVATE KEY-----\nMIIJRQIBADANBgkqhkiG9w0BAQEFAASCCS8wggkrAgEAAoICAQDAsvVCDIzI20Zk\nIg7SosDD0S6mzNVbHvESYqfSOzK6a5Hsiuh/oUmT+Nj/6f2pJ8w9Rb9ZB8J6gnuB\nbEUwyL+8gdNFkYXzrWny1gs4oGzSDItpTg1kd8DXwXg54g+1dWOhdq8nbS9ogucu\n4rzp4dkfuz2hUk4I0iAdCdFVYwQajw3i5JNoZ3Ha8WOGO9b/NKl9uiOpvpmMEVLb\naf1NI6jNOLabqtqXZ28s0TxBtGi/DyGCz+P4iUOqzwJKZVv5B1Dd1M6rXEhsIbJN\njwQsfyOqkE1yQIIzOLpMgP+ZBxS+ZTV/7bArDL09V3i/dFOJf2YBihttEWcDNhdX\n5UNpO28A6rinC69qd5dGvqe2IQAk+fTP/IDgdDlzPlWvKRwQdp+051mCvTWZrHpU\nRNOk+CTUQBhxVvdV5wcKHVDP4w5hfQ3qKpTMxNzEKKO28/JVpCGEk6UaPTwt0uID\nX3nhqqxdBUorhd082mr5N3wWnoxXMD8V8CaELTF3fxkclf+HegtOGqNe1bzGCel5\npUtzkwbmxLHW3xK4IUbf4sKyzZqMzDIUBo8IQ8kHcUzjbEcFn9tnZ56S5Y9w5f2+\nxbi39Nr+n/vLRRV/NvkhDzMMKj/Gwj2u3AJNUaapOGBf02Sx84zdY4ZadwUB3Vmr\ndSRgoXKSW/rvFp+UT6B8+EU63f5pUQIDAQABAoICAQCivkE+QAUimXYwmUb1g/jT\nKDaDLtk+NLqasXFUryRfpvu9z28eY2QVsYPrVn4hv3fRg7dgBJquBscx/fPNiK3O\nEcMRrR55N0sUiMs/TtW47FlNXVsYL79ROJdGI3Lq6LJ1Khwxaxgv5uZChcHQsSpD\nj0o0laNL9dKjU6hUueQ8Xfb3Wd5YvYy9wUIxmxYvwRUoFu2JrWxWjEbzAeeon2Yv\ntCcc/0XPus59BlUilLAmNCw0I0lAnQTmHCCuHj536kLUpqbIuI59rFO/BvsabWH8\n6hROWsbbZZyJgiTb48wUJLvzSBWRtheY1+gloaPvqwXGZRJWoezjHGrIk9rD5CsR\nG0IB9s+cu1qn/GP5HoWNGb0PlgwsIKnFOGl3rIY3/sPJMeMcDWVjAyzc27qD5SaA\nqpfLWRjBGm9KknTR4MCGZb+n/Kgtbt2F+Fa328LX8xpugjDKtjwuRg3amUVb1qX5\nIYvEkCWRN60Cxy7pDTakDKSiPymNSNRiXKKSyrydD+WVMtRztvYv9jiuKtTtuOWe\nH1C4ka08o5iBWXv+mN/cg453KVkjYnMaHiNbdrY8iHGtxGyp/zVGV+lePkh4d0DP\nK+5ziUDeVxnweHmK7Cw6MO78vP1FufG+1yHmYtiI2kPDL83926Hjpwze+m3JIZD8\nqe3Ef28dMEmkK+3hpjgl9QKCAQEAwNlR8VlWhP0AAq+BOY/oqSKPFB4Db9YWE5OU\nXHVfBJRXzS9SF4nFM5nR84uDisHJTlRHshXDbTYDSCr92wVBDkYx2V4xmR2greSZ\neRun3Q0Z6mDgLIluXun7K+uwR5Wl9Ry5bXFTlztwi3DgpRinJZ9di/ZYEB4Qpn4/\nIFXUPyK/afgRdZCqmOBQlGn00/kj3CSlxD/h0fsC3iawq3ZegJ3u0RBLQrFKYIBB\n/eRV84TKsjBi7vlzefNKOCUq+BMSYX8smxJFvu2VKsHBPAR1Wc9754Frl+EuZgQT\n3Q92HOxdi+gFGtc1Zlg9kH+kOIAWrGUkluIyjsJx9xqbOXAeTwKCAQEA/80TZL+U\nrSFhn/uRGuUveY3+Tx4XKnaWN81/A3qNcDt5pCRrBifIiVyctyQHLR0CRY8Ocste\nzDLdCl45IQYSyFLeyJa/6vm/9bMX5k5wvAwBVVYYKsL/mnfqa07JHKqWmLa68n+6\nfJjhP4+uFLk2X9g44VjP1aLz/Q+gTchWnhCl7Nlk+eQihoRQUCAV19DDoVe9LCHI\nfY1hJ8Ey/DxYf4r5kjN80oPGn/JsxxM0qbcBQDGNv7mly/y8efizR9xJHVb6TyKG\nayApth3URcIbwUGsfdIjdTzZC/pRnFv/Ruj10uLWuoLNybcuTMfocw6tYk4q+Zsy\n4mj6Jc/Kk/m2XwKCAQEAhJTjwQmqccN+PlpqfShyy9T2iN4ZfsmwY8USOn521K8n\nrejah1QwP0mBDe7cgIi53SAUKlrMAEkh+HuWCv2RvD6GBuq7Lokv7l07JgfdYBuh\ntYDknbneJ2K1S3y9tHktn1YgJR3EWjSDK1pvFxHb2AG4ToEOCgaha9VfkNtxD/bT\nogbp+el7X57XxzERIKon/TE0xbcliTcIwbHXxAmc7s+lYBXTqAY7HB0RQXu5m7Gv\nqNGbMrBMs4qPfAoRgHucJ2tHP1VQnfK4mqyaLKjkBNqgVIilb8VgIMKs5U275iaa\nKZVZ7RoHnFUN/knCnRVygRMIFLNuDrefokKodNSgAQKCAQEA3TcYonQbu22244fH\nAR9aYyCs4PcAybQsTK3mPbfqQTjuBUmJVJVrE3+H98msexMvN8BzmkrN/IGwLps1\nhJ2f+KXSDF5yMl8x5uWusXj8fWNUc9w0oiZorckubQaBXc0Y15CPM8/KEp6TjUhQ\nH5Pcth5jcl4/vl1h62NsGlg6sA9trtqCPKlSQkqCughFW5Iq3IjoDBZbMFjnwF2Q\nHhqB3irtkcX9GIDlcMVR1QeC75JX/o/cKgX+n949kK3HPUn/4OOrLGyLGnGCIQDC\n5mDrZ8HHzjfAek7Y1Ubw9OuKZGRq0qlhUYJ1PRCxda0cFQSIZQ98ksfoxWxLiA+e\n/UFiuQKCAQEAoTLYK9biTs9KfvCX4rqm54acm+u5ZpCc2N1NT5SaARLcaGwvw2t/\nplSlRdAie/PzHnojzXpwQJSnTGqLU2TSMSwuc/EunkpZBGnIiDys2UOAgvkv5Y6u\nCrtZWVKZl4XtIbo0cW0kYr4SJzwmX/ZTnpA8jVv2HjJkQ2rZPZcsgkM1DAfK4V4X\niLm4Ozbaz0NyF0vfYjtTA9LlMcKfH4gcz6lKtZ5NkITOW4LpQh9Pz4gRgtNW17mm\nOJhq3bdChpqossX4s1n54QsEII+Kssr/u5AoisnCl1Sp7C9GFw5LaXwhpTEzk2vi\n1iJtGirlIIqClNAiZ980VSmid/ZiXV5EEg==\n-----END PRIVATE KEY-----\n",
                    "public_key_fingerprint_md5": "99:85:8a:76:de:13:a5:9b:96:ec:bd:5b:c0:fe:4b:3b",
                    "public_key_fingerprint_sha256": "SHA256:o6fhCghjWjAZQns52ZW04dVSAzJ1VroFAjlk4NCvTq8",
                    "public_key_openssh": "ssh-rsa AAAAB3NzaC1yc2EAAAADAQABAAACAQDAsvVCDIzI20ZkIg7SosDD0S6mzNVbHvESYqfSOzK6a5Hsiuh/oUmT+Nj/6f2pJ8w9Rb9ZB8J6gnuBbEUwyL+8gdNFkYXzrWny1gs4oGzSDItpTg1kd8DXwXg54g+1dWOhdq8nbS9ogucu4rzp4dkfuz2hUk4I0iAdCdFVYwQajw3i5JNoZ3Ha8WOGO9b/NKl9uiOpvpmMEVLbaf1NI6jNOLabqtqXZ28s0TxBtGi/DyGCz+P4iUOqzwJKZVv5B1Dd1M6rXEhsIbJNjwQsfyOqkE1yQIIzOLpMgP+ZBxS+ZTV/7bArDL09V3i/dFOJf2YBihttEWcDNhdX5UNpO28A6rinC69qd5dGvqe2IQAk+fTP/IDgdDlzPlWvKRwQdp+051mCvTWZrHpURNOk+CTUQBhxVvdV5wcKHVDP4w5hfQ3qKpTMxNzEKKO28/JVpCGEk6UaPTwt0uIDX3nhqqxdBUorhd082mr5N3wWnoxXMD8V8CaELTF3fxkclf+HegtOGqNe1bzGCel5pUtzkwbmxLHW3xK4IUbf4sKyzZqMzDIUBo8IQ8kHcUzjbEcFn9tnZ56S5Y9w5f2+xbi39Nr+n/vLRRV/NvkhDzMMKj/Gwj2u3AJNUaapOGBf02Sx84zdY4ZadwUB3VmrdSRgoXKSW/rvFp+UT6B8+EU63f5pUQ==\n",
                    "public_key_pem": "-----BEGIN PUBLIC KEY-----\nMIICIjANBgkqhkiG9w0BAQEFAAOCAg8AMIICCgKCAgEAwLL1QgyMyNtGZCIO0qLA\nw9EupszVWx7xEmKn0jsyumuR7Irof6FJk/jY/+n9qSfMPUW/WQfCeoJ7gWxFMMi/\nvIHTRZGF861p8tYLOKBs0gyLaU4NZHfA18F4OeIPtXVjoXavJ20vaILnLuK86eHZ\nH7s9oVJOCNIgHQnRVWMEGo8N4uSTaGdx2vFjhjvW/zSpfbojqb6ZjBFS22n9TSOo\nzTi2m6ral2dvLNE8QbRovw8hgs/j+IlDqs8CSmVb+QdQ3dTOq1xIbCGyTY8ELH8j\nqpBNckCCMzi6TID/mQcUvmU1f+2wKwy9PVd4v3RTiX9mAYobbRFnAzYXV+VDaTtv\nAOq4pwuvaneXRr6ntiEAJPn0z/yA4HQ5cz5VrykcEHaftOdZgr01max6VETTpPgk\n1EAYcVb3VecHCh1Qz+MOYX0N6iqUzMTcxCijtvPyVaQhhJOlGj08LdLiA1954aqs\nXQVKK4XdPNpq+Td8Fp6MVzA/FfAmhC0xd38ZHJX/h3oLThqjXtW8xgnpeaVLc5MG\n5sSx1t8SuCFG3+LCss2ajMwyFAaPCEPJB3FM42xHBZ/bZ2eekuWPcOX9vsW4t/Ta\n/p/7y0UVfzb5IQ8zDCo/xsI9rtwCTVGmqThgX9NksfOM3WOGWncFAd1Zq3UkYKFy\nklv67xaflE+gfPhFOt3+aVECAwEAAQ==\n-----END PUBLIC KEY-----\n",
                    "rsa_bits": 4096
                },
                "after_unknown": {},
                "before_sensitive": {
                    "private_key_openssh": true,
                    "private_key_pem": true,
                    "private_key_pem_pkcs8": true
                },
                "after_sensitive": {
                    "private_key_openssh": true,
                    "private_key_pem": true,
                    "private_key_pem_pkcs8": true
                }
            }
        }
    ],
    "output_changes": {
        "public_ip_address": {
            "actions": [
                "update"
            ],
            "before": "52.136.118.163",
            "after_unknown": true,
            "before_sensitive": false,
            "after_sensitive": false
        },
        "resource_group_name": {
            "actions": [
                "no-op"
            ],
            "before": "rg-arriving-cowbird",
            "after": "rg-arriving-cowbird",
            "after_unknown": false,
            "before_sensitive": false,
            "after_sensitive": false
        },
        "tls_private_key": {
            "actions": [
                "no-op"
            ],
            "before": "-----BEGIN RSA PRIVATE KEY-----\nMIIJKwIBAAKCAgEAwLL1QgyMyNtGZCIO0qLAw9EupszVWx7xEmKn0jsyumuR7Iro\nf6FJk/jY/+n9qSfMPUW/WQfCeoJ7gWxFMMi/vIHTRZGF861p8tYLOKBs0gyLaU4N\nZHfA18F4OeIPtXVjoXavJ20vaILnLuK86eHZH7s9oVJOCNIgHQnRVWMEGo8N4uST\naGdx2vFjhjvW/zSpfbojqb6ZjBFS22n9TSOozTi2m6ral2dvLNE8QbRovw8hgs/j\n+IlDqs8CSmVb+QdQ3dTOq1xIbCGyTY8ELH8jqpBNckCCMzi6TID/mQcUvmU1f+2w\nKwy9PVd4v3RTiX9mAYobbRFnAzYXV+VDaTtvAOq4pwuvaneXRr6ntiEAJPn0z/yA\n4HQ5cz5VrykcEHaftOdZgr01max6VETTpPgk1EAYcVb3VecHCh1Qz+MOYX0N6iqU\nzMTcxCijtvPyVaQhhJOlGj08LdLiA1954aqsXQVKK4XdPNpq+Td8Fp6MVzA/FfAm\nhC0xd38ZHJX/h3oLThqjXtW8xgnpeaVLc5MG5sSx1t8SuCFG3+LCss2ajMwyFAaP\nCEPJB3FM42xHBZ/bZ2eekuWPcOX9vsW4t/Ta/p/7y0UVfzb5IQ8zDCo/xsI9rtwC\nTVGmqThgX9NksfOM3WOGWncFAd1Zq3UkYKFyklv67xaflE+gfPhFOt3+aVECAwEA\nAQKCAgEAor5BPkAFIpl2MJlG9YP40yg2gy7ZPjS6mrFxVK8kX6b7vc9vHmNkFbGD\n61Z+Ib930YO3YASargbHMf3zzYitzhHDEa0eeTdLFIjLP07VuOxZTV1bGC+/UTiX\nRiNy6uiydSocMWsYL+bmQoXB0LEqQ49KNJWjS/XSo1OoVLnkPF3291neWL2MvcFC\nMZsWL8EVKBbtia1sVoxG8wHnqJ9mL7QnHP9Fz7rOfQZVIpSwJjQsNCNJQJ0E5hwg\nrh4+d+pC1KamyLiOfaxTvwb7Gm1h/OoUTlrG22WciYIk2+PMFCS780gVkbYXmNfo\nJaGj76sFxmUSVqHs4xxqyJPaw+QrERtCAfbPnLtap/xj+R6FjRm9D5YMLCCpxThp\nd6yGN/7DyTHjHA1lYwMs3Nu6g+UmgKqXy1kYwRpvSpJ00eDAhmW/p/yoLW7dhfhW\nt9vC1/MaboIwyrY8LkYN2plFW9al+SGLxJAlkTetAscu6Q02pAykoj8pjUjUYlyi\nksq8nQ/llTLUc7b2L/Y4rirU7bjlnh9QuJGtPKOYgVl7/pjf3IOOdylZI2JzGh4j\nW3a2PIhxrcRsqf81RlfpXj5IeHdAzyvuc4lA3lcZ8Hh5iuwsOjDu/Lz9Rbnxvtch\n5mLYiNpDwy/N/duh46cM3vptySGQ/KntxH9vHTBJpCvt4aY4JfUCggEBAMDZUfFZ\nVoT9AAKvgTmP6KkijxQeA2/WFhOTlFx1XwSUV80vUheJxTOZ0fOLg4rByU5UR7IV\nw202A0gq/dsFQQ5GMdleMZkdoK3kmXkbp90NGepg4CyJbl7p+yvrsEeVpfUcuW1x\nU5c7cItw4KUYpyWfXYv2WBAeEKZ+PyBV1D8iv2n4EXWQqpjgUJRp9NP5I9wkpcQ/\n4dH7At4msKt2XoCd7tEQS0KxSmCAQf3kVfOEyrIwYu75c3nzSjglKvgTEmF/LJsS\nRb7tlSrBwTwEdVnPe+eBa5fhLmYEE90PdhzsXYvoBRrXNWZYPZB/pDiAFqxlJJbi\nMo7CcfcamzlwHk8CggEBAP/NE2S/lK0hYZ/7kRrlL3mN/k8eFyp2ljfNfwN6jXA7\neaQkawYnyIlcnLckBy0dAkWPDnLLXswy3QpeOSEGEshS3siWv+r5v/WzF+ZOcLwM\nAVVWGCrC/5p36mtOyRyqlpi2uvJ/unyY4T+PrhS5Nl/YOOFYz9Wi8/0PoE3IVp4Q\npezZZPnkIoaEUFAgFdfQw6FXvSwhyH2NYSfBMvw8WH+K+ZIzfNKDxp/ybMcTNKm3\nAUAxjb+5pcv8vHn4s0fcSR1W+k8ihmsgKbYd1EXCG8FBrH3SI3U82Qv6UZxb/0bo\n9dLi1rqCzcm3LkzH6HMOrWJOKvmbMuJo+iXPypP5tl8CggEBAISU48EJqnHDfj5a\nan0ocsvU9ojeGX7JsGPFEjp+dtSvJ63o2odUMD9JgQ3u3ICIud0gFCpazABJIfh7\nlgr9kbw+hgbquy6JL+5dOyYH3WAbobWA5J253iditUt8vbR5LZ9WICUdxFo0gyta\nbxcR29gBuE6BDgoGoWvVX5DbcQ/206IG6fnpe1+e18cxESCqJ/0xNMW3JYk3CMGx\n18QJnO7PpWAV06gGOxwdEUF7uZuxr6jRmzKwTLOKj3wKEYB7nCdrRz9VUJ3yuJqs\nmiyo5ATaoFSIpW/FYCDCrOVNu+YmmimVWe0aB5xVDf5Jwp0VcoETCBSzbg63n6JC\nqHTUoAECggEBAN03GKJ0G7tttuOHxwEfWmMgrOD3AMm0LEyt5j236kE47gVJiVSV\naxN/h/fJrHsTLzfAc5pKzfyBsC6bNYSdn/il0gxecjJfMeblrrF4/H1jVHPcNKIm\naK3JLm0GgV3NGNeQjzPPyhKek41IUB+T3LYeY3JeP75dYetjbBpYOrAPba7agjyp\nUkJKgroIRVuSKtyI6AwWWzBY58BdkB4agd4q7ZHF/RiA5XDFUdUHgu+SV/6P3CoF\n/p/ePZCtxz1J/+DjqyxsixpxgiEAwuZg62fBx843wHpO2NVG8PTrimRkatKpYVGC\ndT0QsXWtHBUEiGUPfJLH6MVsS4gPnv1BYrkCggEBAKEy2CvW4k7PSn7wl+K6pueG\nnJvruWaQnNjdTU+UmgES3GhsL8Nrf6ZUpUXQInvz8x56I816cECUp0xqi1Nk0jEs\nLnPxLp5KWQRpyIg8rNlDgIL5L+WOrgq7WVlSmZeF7SG6NHFtJGK+Eic8Jl/2U56Q\nPI1b9h4yZENq2T2XLIJDNQwHyuFeF4i5uDs22s9DchdL32I7UwPS5THCnx+IHM+p\nSrWeTZCEzluC6UIfT8+IEYLTVte5pjiYat23QoaaqLLF+LNZ+eELBCCPirLK/7uQ\nKIrJwpdUqewvRhcOS2l8IaUxM5Nr4tYibRoq5SCKgpTQImffNFUponf2Yl1eRBI=\n-----END RSA PRIVATE KEY-----\n",
            "after": "-----BEGIN RSA PRIVATE KEY-----\nMIIJKwIBAAKCAgEAwLL1QgyMyNtGZCIO0qLAw9EupszVWx7xEmKn0jsyumuR7Iro\nf6FJk/jY/+n9qSfMPUW/WQfCeoJ7gWxFMMi/vIHTRZGF861p8tYLOKBs0gyLaU4N\nZHfA18F4OeIPtXVjoXavJ20vaILnLuK86eHZH7s9oVJOCNIgHQnRVWMEGo8N4uST\naGdx2vFjhjvW/zSpfbojqb6ZjBFS22n9TSOozTi2m6ral2dvLNE8QbRovw8hgs/j\n+IlDqs8CSmVb+QdQ3dTOq1xIbCGyTY8ELH8jqpBNckCCMzi6TID/mQcUvmU1f+2w\nKwy9PVd4v3RTiX9mAYobbRFnAzYXV+VDaTtvAOq4pwuvaneXRr6ntiEAJPn0z/yA\n4HQ5cz5VrykcEHaftOdZgr01max6VETTpPgk1EAYcVb3VecHCh1Qz+MOYX0N6iqU\nzMTcxCijtvPyVaQhhJOlGj08LdLiA1954aqsXQVKK4XdPNpq+Td8Fp6MVzA/FfAm\nhC0xd38ZHJX/h3oLThqjXtW8xgnpeaVLc5MG5sSx1t8SuCFG3+LCss2ajMwyFAaP\nCEPJB3FM42xHBZ/bZ2eekuWPcOX9vsW4t/Ta/p/7y0UVfzb5IQ8zDCo/xsI9rtwC\nTVGmqThgX9NksfOM3WOGWncFAd1Zq3UkYKFyklv67xaflE+gfPhFOt3+aVECAwEA\nAQKCAgEAor5BPkAFIpl2MJlG9YP40yg2gy7ZPjS6mrFxVK8kX6b7vc9vHmNkFbGD\n61Z+Ib930YO3YASargbHMf3zzYitzhHDEa0eeTdLFIjLP07VuOxZTV1bGC+/UTiX\nRiNy6uiydSocMWsYL+bmQoXB0LEqQ49KNJWjS/XSo1OoVLnkPF3291neWL2MvcFC\nMZsWL8EVKBbtia1sVoxG8wHnqJ9mL7QnHP9Fz7rOfQZVIpSwJjQsNCNJQJ0E5hwg\nrh4+d+pC1KamyLiOfaxTvwb7Gm1h/OoUTlrG22WciYIk2+PMFCS780gVkbYXmNfo\nJaGj76sFxmUSVqHs4xxqyJPaw+QrERtCAfbPnLtap/xj+R6FjRm9D5YMLCCpxThp\nd6yGN/7DyTHjHA1lYwMs3Nu6g+UmgKqXy1kYwRpvSpJ00eDAhmW/p/yoLW7dhfhW\nt9vC1/MaboIwyrY8LkYN2plFW9al+SGLxJAlkTetAscu6Q02pAykoj8pjUjUYlyi\nksq8nQ/llTLUc7b2L/Y4rirU7bjlnh9QuJGtPKOYgVl7/pjf3IOOdylZI2JzGh4j\nW3a2PIhxrcRsqf81RlfpXj5IeHdAzyvuc4lA3lcZ8Hh5iuwsOjDu/Lz9Rbnxvtch\n5mLYiNpDwy/N/duh46cM3vptySGQ/KntxH9vHTBJpCvt4aY4JfUCggEBAMDZUfFZ\nVoT9AAKvgTmP6KkijxQeA2/WFhOTlFx1XwSUV80vUheJxTOZ0fOLg4rByU5UR7IV\nw202A0gq/dsFQQ5GMdleMZkdoK3kmXkbp90NGepg4CyJbl7p+yvrsEeVpfUcuW1x\nU5c7cItw4KUYpyWfXYv2WBAeEKZ+PyBV1D8iv2n4EXWQqpjgUJRp9NP5I9wkpcQ/\n4dH7At4msKt2XoCd7tEQS0KxSmCAQf3kVfOEyrIwYu75c3nzSjglKvgTEmF/LJsS\nRb7tlSrBwTwEdVnPe+eBa5fhLmYEE90PdhzsXYvoBRrXNWZYPZB/pDiAFqxlJJbi\nMo7CcfcamzlwHk8CggEBAP/NE2S/lK0hYZ/7kRrlL3mN/k8eFyp2ljfNfwN6jXA7\neaQkawYnyIlcnLckBy0dAkWPDnLLXswy3QpeOSEGEshS3siWv+r5v/WzF+ZOcLwM\nAVVWGCrC/5p36mtOyRyqlpi2uvJ/unyY4T+PrhS5Nl/YOOFYz9Wi8/0PoE3IVp4Q\npezZZPnkIoaEUFAgFdfQw6FXvSwhyH2NYSfBMvw8WH+K+ZIzfNKDxp/ybMcTNKm3\nAUAxjb+5pcv8vHn4s0fcSR1W+k8ihmsgKbYd1EXCG8FBrH3SI3U82Qv6UZxb/0bo\n9dLi1rqCzcm3LkzH6HMOrWJOKvmbMuJo+iXPypP5tl8CggEBAISU48EJqnHDfj5a\nan0ocsvU9ojeGX7JsGPFEjp+dtSvJ63o2odUMD9JgQ3u3ICIud0gFCpazABJIfh7\nlgr9kbw+hgbquy6JL+5dOyYH3WAbobWA5J253iditUt8vbR5LZ9WICUdxFo0gyta\nbxcR29gBuE6BDgoGoWvVX5DbcQ/206IG6fnpe1+e18cxESCqJ/0xNMW3JYk3CMGx\n18QJnO7PpWAV06gGOxwdEUF7uZuxr6jRmzKwTLOKj3wKEYB7nCdrRz9VUJ3yuJqs\nmiyo5ATaoFSIpW/FYCDCrOVNu+YmmimVWe0aB5xVDf5Jwp0VcoETCBSzbg63n6JC\nqHTUoAECggEBAN03GKJ0G7tttuOHxwEfWmMgrOD3AMm0LEyt5j236kE47gVJiVSV\naxN/h/fJrHsTLzfAc5pKzfyBsC6bNYSdn/il0gxecjJfMeblrrF4/H1jVHPcNKIm\naK3JLm0GgV3NGNeQjzPPyhKek41IUB+T3LYeY3JeP75dYetjbBpYOrAPba7agjyp\nUkJKgroIRVuSKtyI6AwWWzBY58BdkB4agd4q7ZHF/RiA5XDFUdUHgu+SV/6P3CoF\n/p/ePZCtxz1J/+DjqyxsixpxgiEAwuZg62fBx843wHpO2NVG8PTrimRkatKpYVGC\ndT0QsXWtHBUEiGUPfJLH6MVsS4gPnv1BYrkCggEBAKEy2CvW4k7PSn7wl+K6pueG\nnJvruWaQnNjdTU+UmgES3GhsL8Nrf6ZUpUXQInvz8x56I816cECUp0xqi1Nk0jEs\nLnPxLp5KWQRpyIg8rNlDgIL5L+WOrgq7WVlSmZeF7SG6NHFtJGK+Eic8Jl/2U56Q\nPI1b9h4yZENq2T2XLIJDNQwHyuFeF4i5uDs22s9DchdL32I7UwPS5THCnx+IHM+p\nSrWeTZCEzluC6UIfT8+IEYLTVte5pjiYat23QoaaqLLF+LNZ+eELBCCPirLK/7uQ\nKIrJwpdUqewvRhcOS2l8IaUxM5Nr4tYibRoq5SCKgpTQImffNFUponf2Yl1eRBI=\n-----END RSA PRIVATE KEY-----\n",
            "after_unknown": false,
            "before_sensitive": true,
            "after_sensitive": true
        }
    },
    "prior_state": {
        "format_version": "1.0",
        "terraform_version": "1.3.7",
        "values": {
            "outputs": {
                "public_ip_address": {
                    "sensitive": false,
                    "value": "52.136.118.163",
                    "type": "string"
                },
                "resource_group_name": {
                    "sensitive": false,
                    "value": "rg-arriving-cowbird",
                    "type": "string"
                },
                "tls_private_key": {
                    "sensitive": true,
                    "value": "-----BEGIN RSA PRIVATE KEY-----\nMIIJKwIBAAKCAgEAwLL1QgyMyNtGZCIO0qLAw9EupszVWx7xEmKn0jsyumuR7Iro\nf6FJk/jY/+n9qSfMPUW/WQfCeoJ7gWxFMMi/vIHTRZGF861p8tYLOKBs0gyLaU4N\nZHfA18F4OeIPtXVjoXavJ20vaILnLuK86eHZH7s9oVJOCNIgHQnRVWMEGo8N4uST\naGdx2vFjhjvW/zSpfbojqb6ZjBFS22n9TSOozTi2m6ral2dvLNE8QbRovw8hgs/j\n+IlDqs8CSmVb+QdQ3dTOq1xIbCGyTY8ELH8jqpBNckCCMzi6TID/mQcUvmU1f+2w\nKwy9PVd4v3RTiX9mAYobbRFnAzYXV+VDaTtvAOq4pwuvaneXRr6ntiEAJPn0z/yA\n4HQ5cz5VrykcEHaftOdZgr01max6VETTpPgk1EAYcVb3VecHCh1Qz+MOYX0N6iqU\nzMTcxCijtvPyVaQhhJOlGj08LdLiA1954aqsXQVKK4XdPNpq+Td8Fp6MVzA/FfAm\nhC0xd38ZHJX/h3oLThqjXtW8xgnpeaVLc5MG5sSx1t8SuCFG3+LCss2ajMwyFAaP\nCEPJB3FM42xHBZ/bZ2eekuWPcOX9vsW4t/Ta/p/7y0UVfzb5IQ8zDCo/xsI9rtwC\nTVGmqThgX9NksfOM3WOGWncFAd1Zq3UkYKFyklv67xaflE+gfPhFOt3+aVECAwEA\nAQKCAgEAor5BPkAFIpl2MJlG9YP40yg2gy7ZPjS6mrFxVK8kX6b7vc9vHmNkFbGD\n61Z+Ib930YO3YASargbHMf3zzYitzhHDEa0eeTdLFIjLP07VuOxZTV1bGC+/UTiX\nRiNy6uiydSocMWsYL+bmQoXB0LEqQ49KNJWjS/XSo1OoVLnkPF3291neWL2MvcFC\nMZsWL8EVKBbtia1sVoxG8wHnqJ9mL7QnHP9Fz7rOfQZVIpSwJjQsNCNJQJ0E5hwg\nrh4+d+pC1KamyLiOfaxTvwb7Gm1h/OoUTlrG22WciYIk2+PMFCS780gVkbYXmNfo\nJaGj76sFxmUSVqHs4xxqyJPaw+QrERtCAfbPnLtap/xj+R6FjRm9D5YMLCCpxThp\nd6yGN/7DyTHjHA1lYwMs3Nu6g+UmgKqXy1kYwRpvSpJ00eDAhmW/p/yoLW7dhfhW\nt9vC1/MaboIwyrY8LkYN2plFW9al+SGLxJAlkTetAscu6Q02pAykoj8pjUjUYlyi\nksq8nQ/llTLUc7b2L/Y4rirU7bjlnh9QuJGtPKOYgVl7/pjf3IOOdylZI2JzGh4j\nW3a2PIhxrcRsqf81RlfpXj5IeHdAzyvuc4lA3lcZ8Hh5iuwsOjDu/Lz9Rbnxvtch\n5mLYiNpDwy/N/duh46cM3vptySGQ/KntxH9vHTBJpCvt4aY4JfUCggEBAMDZUfFZ\nVoT9AAKvgTmP6KkijxQeA2/WFhOTlFx1XwSUV80vUheJxTOZ0fOLg4rByU5UR7IV\nw202A0gq/dsFQQ5GMdleMZkdoK3kmXkbp90NGepg4CyJbl7p+yvrsEeVpfUcuW1x\nU5c7cItw4KUYpyWfXYv2WBAeEKZ+PyBV1D8iv2n4EXWQqpjgUJRp9NP5I9wkpcQ/\n4dH7At4msKt2XoCd7tEQS0KxSmCAQf3kVfOEyrIwYu75c3nzSjglKvgTEmF/LJsS\nRb7tlSrBwTwEdVnPe+eBa5fhLmYEE90PdhzsXYvoBRrXNWZYPZB/pDiAFqxlJJbi\nMo7CcfcamzlwHk8CggEBAP/NE2S/lK0hYZ/7kRrlL3mN/k8eFyp2ljfNfwN6jXA7\neaQkawYnyIlcnLckBy0dAkWPDnLLXswy3QpeOSEGEshS3siWv+r5v/WzF+ZOcLwM\nAVVWGCrC/5p36mtOyRyqlpi2uvJ/unyY4T+PrhS5Nl/YOOFYz9Wi8/0PoE3IVp4Q\npezZZPnkIoaEUFAgFdfQw6FXvSwhyH2NYSfBMvw8WH+K+ZIzfNKDxp/ybMcTNKm3\nAUAxjb+5pcv8vHn4s0fcSR1W+k8ihmsgKbYd1EXCG8FBrH3SI3U82Qv6UZxb/0bo\n9dLi1rqCzcm3LkzH6HMOrWJOKvmbMuJo+iXPypP5tl8CggEBAISU48EJqnHDfj5a\nan0ocsvU9ojeGX7JsGPFEjp+dtSvJ63o2odUMD9JgQ3u3ICIud0gFCpazABJIfh7\nlgr9kbw+hgbquy6JL+5dOyYH3WAbobWA5J253iditUt8vbR5LZ9WICUdxFo0gyta\nbxcR29gBuE6BDgoGoWvVX5DbcQ/206IG6fnpe1+e18cxESCqJ/0xNMW3JYk3CMGx\n18QJnO7PpWAV06gGOxwdEUF7uZuxr6jRmzKwTLOKj3wKEYB7nCdrRz9VUJ3yuJqs\nmiyo5ATaoFSIpW/FYCDCrOVNu+YmmimVWe0aB5xVDf5Jwp0VcoETCBSzbg63n6JC\nqHTUoAECggEBAN03GKJ0G7tttuOHxwEfWmMgrOD3AMm0LEyt5j236kE47gVJiVSV\naxN/h/fJrHsTLzfAc5pKzfyBsC6bNYSdn/il0gxecjJfMeblrrF4/H1jVHPcNKIm\naK3JLm0GgV3NGNeQjzPPyhKek41IUB+T3LYeY3JeP75dYetjbBpYOrAPba7agjyp\nUkJKgroIRVuSKtyI6AwWWzBY58BdkB4agd4q7ZHF/RiA5XDFUdUHgu+SV/6P3CoF\n/p/ePZCtxz1J/+DjqyxsixpxgiEAwuZg62fBx843wHpO2NVG8PTrimRkatKpYVGC\ndT0QsXWtHBUEiGUPfJLH6MVsS4gPnv1BYrkCggEBAKEy2CvW4k7PSn7wl+K6pueG\nnJvruWaQnNjdTU+UmgES3GhsL8Nrf6ZUpUXQInvz8x56I816cECUp0xqi1Nk0jEs\nLnPxLp5KWQRpyIg8rNlDgIL5L+WOrgq7WVlSmZeF7SG6NHFtJGK+Eic8Jl/2U56Q\nPI1b9h4yZENq2T2XLIJDNQwHyuFeF4i5uDs22s9DchdL32I7UwPS5THCnx+IHM+p\nSrWeTZCEzluC6UIfT8+IEYLTVte5pjiYat23QoaaqLLF+LNZ+eELBCCPirLK/7uQ\nKIrJwpdUqewvRhcOS2l8IaUxM5Nr4tYibRoq5SCKgpTQImffNFUponf2Yl1eRBI=\n-----END RSA PRIVATE KEY-----\n",
                    "type": "string"
                }
            },
            "root_module": {
                "resources": [
                    {
                        "address": "azurerm_linux_virtual_machine.my_terraform_vm",
                        "mode": "managed",
                        "type": "azurerm_linux_virtual_machine",
                        "name": "my_terraform_vm",
                        "provider_name": "registry.terraform.io/hashicorp/azurerm",
                        "schema_version": 0,
                        "values": {
                            "additional_capabilities": [],
                            "admin_password": null,
                            "admin_ssh_key": [
                                {
                                    "public_key": "ssh-rsa AAAAB3NzaC1yc2EAAAADAQABAAACAQDAsvVCDIzI20ZkIg7SosDD0S6mzNVbHvESYqfSOzK6a5Hsiuh/oUmT+Nj/6f2pJ8w9Rb9ZB8J6gnuBbEUwyL+8gdNFkYXzrWny1gs4oGzSDItpTg1kd8DXwXg54g+1dWOhdq8nbS9ogucu4rzp4dkfuz2hUk4I0iAdCdFVYwQajw3i5JNoZ3Ha8WOGO9b/NKl9uiOpvpmMEVLbaf1NI6jNOLabqtqXZ28s0TxBtGi/DyGCz+P4iUOqzwJKZVv5B1Dd1M6rXEhsIbJNjwQsfyOqkE1yQIIzOLpMgP+ZBxS+ZTV/7bArDL09V3i/dFOJf2YBihttEWcDNhdX5UNpO28A6rinC69qd5dGvqe2IQAk+fTP/IDgdDlzPlWvKRwQdp+051mCvTWZrHpURNOk+CTUQBhxVvdV5wcKHVDP4w5hfQ3qKpTMxNzEKKO28/JVpCGEk6UaPTwt0uIDX3nhqqxdBUorhd082mr5N3wWnoxXMD8V8CaELTF3fxkclf+HegtOGqNe1bzGCel5pUtzkwbmxLHW3xK4IUbf4sKyzZqMzDIUBo8IQ8kHcUzjbEcFn9tnZ56S5Y9w5f2+xbi39Nr+n/vLRRV/NvkhDzMMKj/Gwj2u3AJNUaapOGBf02Sx84zdY4ZadwUB3VmrdSRgoXKSW/rvFp+UT6B8+EU63f5pUQ==\n",
                                    "username": "azureuser"
                                }
                            ],
                            "admin_username": "azureuser",
                            "allow_extension_operations": true,
                            "availability_set_id": "",
                            "boot_diagnostics": [
                                {
                                    "storage_account_uri": "https://diag7c89de49ed178fb5.blob.core.windows.net/"
                                }
                            ],
                            "computer_name": "VmFabrykTest",
                            "custom_data": null,
                            "dedicated_host_group_id": "",
                            "dedicated_host_id": "",
                            "disable_password_authentication": true,
                            "encryption_at_host_enabled": false,
                            "eviction_policy": "",
                            "extensions_time_budget": "PT1H30M",
                            "id": "/subscriptions/cf8c3bb8-523a-4510-87ed-9d9cf07296f6/resourceGroups/rg-arriving-cowbird/providers/Microsoft.Compute/virtualMachines/VmFabrykTest",
                            "identity": [],
                            "license_type": "",
                            "location": "eastus",
                            "max_bid_price": -1,
                            "name": "VmFabrykTest",
                            "network_interface_ids": [
                                "/subscriptions/cf8c3bb8-523a-4510-87ed-9d9cf07296f6/resourceGroups/rg-arriving-cowbird/providers/Microsoft.Network/networkInterfaces/myNIC"
                            ],
                            "os_disk": [
                                {
                                    "caching": "ReadWrite",
                                    "diff_disk_settings": [],
                                    "disk_encryption_set_id": "",
                                    "disk_size_gb": 30,
                                    "name": "myOsDisk2",
                                    "storage_account_type": "Premium_LRS",
                                    "write_accelerator_enabled": false
                                }
                            ],
                            "patch_mode": "ImageDefault",
                            "plan": [],
                            "platform_fault_domain": -1,
                            "priority": "Regular",
                            "private_ip_address": "10.0.1.4",
                            "private_ip_addresses": [
                                "10.0.1.4"
                            ],
                            "provision_vm_agent": true,
                            "proximity_placement_group_id": "",
                            "public_ip_address": "52.136.118.163",
                            "public_ip_addresses": [
                                "52.136.118.163"
                            ],
                            "resource_group_name": "rg-arriving-cowbird",
                            "secret": [],
                            "secure_boot_enabled": false,
                            "size": "Standard_DS1_v2",
                            "source_image_id": "",
                            "source_image_reference": [
                                {
                                    "offer": "UbuntuServer",
                                    "publisher": "Canonical",
                                    "sku": "18.04-LTS",
                                    "version": "latest"
                                }
                            ],
                            "tags": {},
                            "timeouts": null,
                            "user_data": "",
                            "virtual_machine_id": "d188ec98-4331-4a6e-b46a-4b99ff883ab8",
                            "virtual_machine_scale_set_id": "",
                            "vtpm_enabled": false,
                            "zone": ""
                        },
                        "sensitive_values": {
                            "additional_capabilities": [],
                            "admin_ssh_key": [
                                {}
                            ],
                            "boot_diagnostics": [
                                {}
                            ],
                            "identity": [],
                            "network_interface_ids": [
                                false
                            ],
                            "os_disk": [
                                {
                                    "diff_disk_settings": []
                                }
                            ],
                            "plan": [],
                            "private_ip_addresses": [
                                false
                            ],
                            "public_ip_addresses": [
                                false
                            ],
                            "secret": [],
                            "source_image_reference": [
                                {}
                            ],
                            "tags": {}
                        },
                        "depends_on": [
                            "azurerm_network_interface.my_terraform_nic",
                            "azurerm_public_ip.my_terraform_public_ip",
                            "azurerm_resource_group.rg",
                            "azurerm_storage_account.my_storage_account",
                            "azurerm_subnet.my_terraform_subnet",
                            "azurerm_virtual_network.my_terraform_network",
                            "random_id.random_id",
                            "random_pet.rg_name",
                            "tls_private_key.example_ssh"
                        ]
                    },
                    {
                        "address": "azurerm_network_interface.my_terraform_nic",
                        "mode": "managed",
                        "type": "azurerm_network_interface",
                        "name": "my_terraform_nic",
                        "provider_name": "registry.terraform.io/hashicorp/azurerm",
                        "schema_version": 0,
                        "values": {
                            "applied_dns_servers": [],
                            "dns_servers": [],
                            "enable_accelerated_networking": false,
                            "enable_ip_forwarding": false,
                            "id": "/subscriptions/cf8c3bb8-523a-4510-87ed-9d9cf07296f6/resourceGroups/rg-arriving-cowbird/providers/Microsoft.Network/networkInterfaces/myNIC",
                            "internal_dns_name_label": "",
                            "internal_domain_name_suffix": "5rzns1c5035ubai1daqjbaikaa.bx.internal.cloudapp.net",
                            "ip_configuration": [
                                {
                                    "gateway_load_balancer_frontend_ip_configuration_id": "",
                                    "name": "my_nic_configuration",
                                    "primary": true,
                                    "private_ip_address": "10.0.1.4",
                                    "private_ip_address_allocation": "Dynamic",
                                    "private_ip_address_version": "IPv4",
                                    "public_ip_address_id": "/subscriptions/cf8c3bb8-523a-4510-87ed-9d9cf07296f6/resourceGroups/rg-arriving-cowbird/providers/Microsoft.Network/publicIPAddresses/myPublicIP",
                                    "subnet_id": "/subscriptions/cf8c3bb8-523a-4510-87ed-9d9cf07296f6/resourceGroups/rg-arriving-cowbird/providers/Microsoft.Network/virtualNetworks/myVnet3/subnets/mySubnet"
                                }
                            ],
                            "location": "eastus",
                            "mac_address": "60-45-BD-A8-9F-A6",
                            "name": "myNIC",
                            "private_ip_address": "10.0.1.4",
                            "private_ip_addresses": [
                                "10.0.1.4"
                            ],
                            "resource_group_name": "rg-arriving-cowbird",
                            "tags": {},
                            "timeouts": null,
                            "virtual_machine_id": "/subscriptions/cf8c3bb8-523a-4510-87ed-9d9cf07296f6/resourceGroups/rg-arriving-cowbird/providers/Microsoft.Compute/virtualMachines/VmFabrykTest"
                        },
                        "sensitive_values": {
                            "applied_dns_servers": [],
                            "dns_servers": [],
                            "ip_configuration": [
                                {}
                            ],
                            "private_ip_addresses": [
                                false
                            ],
                            "tags": {}
                        },
                        "depends_on": [
                            "azurerm_public_ip.my_terraform_public_ip",
                            "azurerm_resource_group.rg",
                            "azurerm_subnet.my_terraform_subnet",
                            "azurerm_virtual_network.my_terraform_network",
                            "random_pet.rg_name"
                        ]
                    },
                    {
                        "address": "azurerm_network_interface_security_group_association.example",
                        "mode": "managed",
                        "type": "azurerm_network_interface_security_group_association",
                        "name": "example",
                        "provider_name": "registry.terraform.io/hashicorp/azurerm",
                        "schema_version": 0,
                        "values": {
                            "id": "/subscriptions/cf8c3bb8-523a-4510-87ed-9d9cf07296f6/resourceGroups/rg-arriving-cowbird/providers/Microsoft.Network/networkInterfaces/myNIC|/subscriptions/cf8c3bb8-523a-4510-87ed-9d9cf07296f6/resourceGroups/rg-arriving-cowbird/providers/Microsoft.Network/networkSecurityGroups/myNetworkSecurityGroup",
                            "network_interface_id": "/subscriptions/cf8c3bb8-523a-4510-87ed-9d9cf07296f6/resourceGroups/rg-arriving-cowbird/providers/Microsoft.Network/networkInterfaces/myNIC",
                            "network_security_group_id": "/subscriptions/cf8c3bb8-523a-4510-87ed-9d9cf07296f6/resourceGroups/rg-arriving-cowbird/providers/Microsoft.Network/networkSecurityGroups/myNetworkSecurityGroup",
                            "timeouts": null
                        },
                        "sensitive_values": {},
                        "depends_on": [
                            "azurerm_network_interface.my_terraform_nic",
                            "azurerm_network_security_group.my_terraform_nsg",
                            "azurerm_public_ip.my_terraform_public_ip",
                            "azurerm_resource_group.rg",
                            "azurerm_subnet.my_terraform_subnet",
                            "azurerm_virtual_network.my_terraform_network",
                            "random_pet.rg_name"
                        ]
                    },
                    {
                        "address": "azurerm_network_security_group.my_terraform_nsg",
                        "mode": "managed",
                        "type": "azurerm_network_security_group",
                        "name": "my_terraform_nsg",
                        "provider_name": "registry.terraform.io/hashicorp/azurerm",
                        "schema_version": 0,
                        "values": {
                            "id": "/subscriptions/cf8c3bb8-523a-4510-87ed-9d9cf07296f6/resourceGroups/rg-arriving-cowbird/providers/Microsoft.Network/networkSecurityGroups/myNetworkSecurityGroup",
                            "location": "eastus",
                            "name": "myNetworkSecurityGroup",
                            "resource_group_name": "rg-arriving-cowbird",
                            "security_rule": [
                                {
                                    "access": "Allow",
                                    "description": "",
                                    "destination_address_prefix": "*",
                                    "destination_address_prefixes": [],
                                    "destination_application_security_group_ids": [],
                                    "destination_port_range": "22",
                                    "destination_port_ranges": [],
                                    "direction": "Inbound",
                                    "name": "SSH",
                                    "priority": 1001,
                                    "protocol": "Tcp",
                                    "source_address_prefix": "*",
                                    "source_address_prefixes": [],
                                    "source_application_security_group_ids": [],
                                    "source_port_range": "*",
                                    "source_port_ranges": []
                                }
                            ],
                            "tags": {},
                            "timeouts": null
                        },
                        "sensitive_values": {
                            "security_rule": [
                                {
                                    "destination_address_prefixes": [],
                                    "destination_application_security_group_ids": [],
                                    "destination_port_ranges": [],
                                    "source_address_prefixes": [],
                                    "source_application_security_group_ids": [],
                                    "source_port_ranges": []
                                }
                            ],
                            "tags": {}
                        },
                        "depends_on": [
                            "azurerm_resource_group.rg",
                            "random_pet.rg_name"
                        ]
                    },
                    {
                        "address": "azurerm_public_ip.my_terraform_public_ip",
                        "mode": "managed",
                        "type": "azurerm_public_ip",
                        "name": "my_terraform_public_ip",
                        "provider_name": "registry.terraform.io/hashicorp/azurerm",
                        "schema_version": 0,
                        "values": {
                            "allocation_method": "Dynamic",
                            "availability_zone": "No-Zone",
                            "domain_name_label": null,
                            "fqdn": null,
                            "id": "/subscriptions/cf8c3bb8-523a-4510-87ed-9d9cf07296f6/resourceGroups/rg-arriving-cowbird/providers/Microsoft.Network/publicIPAddresses/myPublicIP",
                            "idle_timeout_in_minutes": 4,
                            "ip_address": "52.136.118.163",
                            "ip_tags": {},
                            "ip_version": "IPv4",
                            "location": "eastus",
                            "name": "myPublicIP",
                            "public_ip_prefix_id": null,
                            "resource_group_name": "rg-arriving-cowbird",
                            "reverse_fqdn": null,
                            "sku": "Basic",
                            "sku_tier": "Regional",
                            "tags": {},
                            "timeouts": null,
                            "zones": []
                        },
                        "sensitive_values": {
                            "ip_tags": {},
                            "tags": {},
                            "zones": []
                        },
                        "depends_on": [
                            "azurerm_resource_group.rg",
                            "random_pet.rg_name"
                        ]
                    },
                    {
                        "address": "azurerm_resource_group.rg",
                        "mode": "managed",
                        "type": "azurerm_resource_group",
                        "name": "rg",
                        "provider_name": "registry.terraform.io/hashicorp/azurerm",
                        "schema_version": 0,
                        "values": {
                            "id": "/subscriptions/cf8c3bb8-523a-4510-87ed-9d9cf07296f6/resourceGroups/rg-arriving-cowbird",
                            "location": "eastus",
                            "name": "rg-arriving-cowbird",
                            "tags": {},
                            "timeouts": null
                        },
                        "sensitive_values": {
                            "tags": {}
                        },
                        "depends_on": [
                            "random_pet.rg_name"
                        ]
                    },
                    {
                        "address": "azurerm_storage_account.my_storage_account",
                        "mode": "managed",
                        "type": "azurerm_storage_account",
                        "name": "my_storage_account",
                        "provider_name": "registry.terraform.io/hashicorp/azurerm",
                        "schema_version": 2,
                        "values": {
                            "access_tier": "Hot",
                            "account_kind": "StorageV2",
                            "account_replication_type": "LRS",
                            "account_tier": "Standard",
                            "allow_blob_public_access": false,
                            "azure_files_authentication": [],
                            "blob_properties": [
                                {
                                    "change_feed_enabled": false,
                                    "container_delete_retention_policy": [],
                                    "cors_rule": [],
                                    "default_service_version": "",
                                    "delete_retention_policy": [],
                                    "last_access_time_enabled": false,
                                    "versioning_enabled": false
                                }
                            ],
                            "custom_domain": [],
                            "customer_managed_key": [],
                            "enable_https_traffic_only": true,
                            "id": "/subscriptions/cf8c3bb8-523a-4510-87ed-9d9cf07296f6/resourceGroups/rg-arriving-cowbird/providers/Microsoft.Storage/storageAccounts/diag7c89de49ed178fb5",
                            "identity": [],
                            "infrastructure_encryption_enabled": false,
                            "is_hns_enabled": false,
                            "large_file_share_enabled": null,
                            "location": "eastus",
                            "min_tls_version": "TLS1_0",
                            "name": "diag7c89de49ed178fb5",
                            "network_rules": [
                                {
                                    "bypass": [
                                        "AzureServices"
                                    ],
                                    "default_action": "Allow",
                                    "ip_rules": [],
                                    "private_link_access": [],
                                    "virtual_network_subnet_ids": []
                                }
                            ],
                            "nfsv3_enabled": false,
                            "primary_access_key": "bd7mD95uqGuqJwUcc0y82gDbE3nMbeuC5lD6o4s/RS0G4Xe8bE0p1CMAPrWP952lPqABrYNS6oLd+AStxNrzKw==",
                            "primary_blob_connection_string": "DefaultEndpointsProtocol=https;BlobEndpoint=https://diag7c89de49ed178fb5.blob.core.windows.net/;AccountName=diag7c89de49ed178fb5;AccountKey=bd7mD95uqGuqJwUcc0y82gDbE3nMbeuC5lD6o4s/RS0G4Xe8bE0p1CMAPrWP952lPqABrYNS6oLd+AStxNrzKw==",
                            "primary_blob_endpoint": "https://diag7c89de49ed178fb5.blob.core.windows.net/",
                            "primary_blob_host": "diag7c89de49ed178fb5.blob.core.windows.net",
                            "primary_connection_string": "DefaultEndpointsProtocol=https;AccountName=diag7c89de49ed178fb5;AccountKey=bd7mD95uqGuqJwUcc0y82gDbE3nMbeuC5lD6o4s/RS0G4Xe8bE0p1CMAPrWP952lPqABrYNS6oLd+AStxNrzKw==;EndpointSuffix=core.windows.net",
                            "primary_dfs_endpoint": "https://diag7c89de49ed178fb5.dfs.core.windows.net/",
                            "primary_dfs_host": "diag7c89de49ed178fb5.dfs.core.windows.net",
                            "primary_file_endpoint": "https://diag7c89de49ed178fb5.file.core.windows.net/",
                            "primary_file_host": "diag7c89de49ed178fb5.file.core.windows.net",
                            "primary_location": "eastus",
                            "primary_queue_endpoint": "https://diag7c89de49ed178fb5.queue.core.windows.net/",
                            "primary_queue_host": "diag7c89de49ed178fb5.queue.core.windows.net",
                            "primary_table_endpoint": "https://diag7c89de49ed178fb5.table.core.windows.net/",
                            "primary_table_host": "diag7c89de49ed178fb5.table.core.windows.net",
                            "primary_web_endpoint": "https://diag7c89de49ed178fb5.z13.web.core.windows.net/",
                            "primary_web_host": "diag7c89de49ed178fb5.z13.web.core.windows.net",
                            "queue_encryption_key_type": "Service",
                            "queue_properties": [
                                {
                                    "cors_rule": [],
                                    "hour_metrics": [
                                        {
                                            "enabled": true,
                                            "include_apis": true,
                                            "retention_policy_days": 7,
                                            "version": "1.0"
                                        }
                                    ],
                                    "logging": [
                                        {
                                            "delete": false,
                                            "read": false,
                                            "retention_policy_days": 0,
                                            "version": "1.0",
                                            "write": false
                                        }
                                    ],
                                    "minute_metrics": [
                                        {
                                            "enabled": false,
                                            "include_apis": false,
                                            "retention_policy_days": 0,
                                            "version": "1.0"
                                        }
                                    ]
                                }
                            ],
                            "resource_group_name": "rg-arriving-cowbird",
                            "routing": [],
                            "secondary_access_key": "6FoXJHYbYyJ6alUuFnolvUDCHh8MIm1TTAaZBLHufDZeacL+KPHvof1nkpDVg8CYjY//ue8H6hUI+AStsZC9+w==",
                            "secondary_blob_connection_string": "",
                            "secondary_blob_endpoint": null,
                            "secondary_blob_host": null,
                            "secondary_connection_string": "DefaultEndpointsProtocol=https;AccountName=diag7c89de49ed178fb5;AccountKey=6FoXJHYbYyJ6alUuFnolvUDCHh8MIm1TTAaZBLHufDZeacL+KPHvof1nkpDVg8CYjY//ue8H6hUI+AStsZC9+w==;EndpointSuffix=core.windows.net",
                            "secondary_dfs_endpoint": null,
                            "secondary_dfs_host": null,
                            "secondary_file_endpoint": null,
                            "secondary_file_host": null,
                            "secondary_location": "",
                            "secondary_queue_endpoint": null,
                            "secondary_queue_host": null,
                            "secondary_table_endpoint": null,
                            "secondary_table_host": null,
                            "secondary_web_endpoint": null,
                            "secondary_web_host": null,
                            "share_properties": [
                                {
                                    "cors_rule": [],
                                    "retention_policy": [
                                        {
                                            "days": 7
                                        }
                                    ],
                                    "smb": []
                                }
                            ],
                            "shared_access_key_enabled": true,
                            "static_website": [],
                            "table_encryption_key_type": "Service",
                            "tags": {},
                            "timeouts": null
                        },
                        "sensitive_values": {
                            "azure_files_authentication": [],
                            "blob_properties": [
                                {
                                    "container_delete_retention_policy": [],
                                    "cors_rule": [],
                                    "delete_retention_policy": []
                                }
                            ],
                            "custom_domain": [],
                            "customer_managed_key": [],
                            "identity": [],
                            "network_rules": [
                                {
                                    "bypass": [
                                        false
                                    ],
                                    "ip_rules": [],
                                    "private_link_access": [],
                                    "virtual_network_subnet_ids": []
                                }
                            ],
                            "queue_properties": [
                                {
                                    "cors_rule": [],
                                    "hour_metrics": [
                                        {}
                                    ],
                                    "logging": [
                                        {}
                                    ],
                                    "minute_metrics": [
                                        {}
                                    ]
                                }
                            ],
                            "routing": [],
                            "share_properties": [
                                {
                                    "cors_rule": [],
                                    "retention_policy": [
                                        {}
                                    ],
                                    "smb": []
                                }
                            ],
                            "static_website": [],
                            "tags": {}
                        },
                        "depends_on": [
                            "azurerm_resource_group.rg",
                            "random_id.random_id",
                            "random_pet.rg_name"
                        ]
                    },
                    {
                        "address": "azurerm_subnet.my_terraform_subnet",
                        "mode": "managed",
                        "type": "azurerm_subnet",
                        "name": "my_terraform_subnet",
                        "provider_name": "registry.terraform.io/hashicorp/azurerm",
                        "schema_version": 0,
                        "values": {
                            "address_prefix": "10.0.1.0/24",
                            "address_prefixes": [
                                "10.0.1.0/24"
                            ],
                            "delegation": [],
                            "enforce_private_link_endpoint_network_policies": false,
                            "enforce_private_link_service_network_policies": false,
                            "id": "/subscriptions/cf8c3bb8-523a-4510-87ed-9d9cf07296f6/resourceGroups/rg-arriving-cowbird/providers/Microsoft.Network/virtualNetworks/myVnet3/subnets/mySubnet",
                            "name": "mySubnet",
                            "resource_group_name": "rg-arriving-cowbird",
                            "service_endpoint_policy_ids": [],
                            "service_endpoints": [],
                            "timeouts": null,
                            "virtual_network_name": "myVnet3"
                        },
                        "sensitive_values": {
                            "address_prefixes": [
                                false
                            ],
                            "delegation": [],
                            "service_endpoint_policy_ids": [],
                            "service_endpoints": []
                        },
                        "depends_on": [
                            "azurerm_resource_group.rg",
                            "azurerm_virtual_network.my_terraform_network",
                            "random_pet.rg_name"
                        ]
                    },
                    {
                        "address": "azurerm_virtual_network.my_terraform_network",
                        "mode": "managed",
                        "type": "azurerm_virtual_network",
                        "name": "my_terraform_network",
                        "provider_name": "registry.terraform.io/hashicorp/azurerm",
                        "schema_version": 0,
                        "values": {
                            "address_space": [
                                "10.0.0.0/16"
                            ],
                            "bgp_community": "",
                            "ddos_protection_plan": [],
                            "dns_servers": [],
                            "flow_timeout_in_minutes": 0,
                            "guid": "6cd972fc-d75f-407f-811b-182090810a00",
                            "id": "/subscriptions/cf8c3bb8-523a-4510-87ed-9d9cf07296f6/resourceGroups/rg-arriving-cowbird/providers/Microsoft.Network/virtualNetworks/myVnet3",
                            "location": "eastus",
                            "name": "myVnet3",
                            "resource_group_name": "rg-arriving-cowbird",
                            "subnet": [
                                {
                                    "address_prefix": "10.0.1.0/24",
                                    "id": "/subscriptions/cf8c3bb8-523a-4510-87ed-9d9cf07296f6/resourceGroups/rg-arriving-cowbird/providers/Microsoft.Network/virtualNetworks/myVnet3/subnets/mySubnet",
                                    "name": "mySubnet",
                                    "security_group": ""
                                }
                            ],
                            "tags": {},
                            "timeouts": null,
                            "vm_protection_enabled": false
                        },
                        "sensitive_values": {
                            "address_space": [
                                false
                            ],
                            "ddos_protection_plan": [],
                            "dns_servers": [],
                            "subnet": [
                                {}
                            ],
                            "tags": {}
                        },
                        "depends_on": [
                            "azurerm_resource_group.rg",
                            "random_pet.rg_name"
                        ]
                    },
                    {
                        "address": "random_id.random_id",
                        "mode": "managed",
                        "type": "random_id",
                        "name": "random_id",
                        "provider_name": "registry.terraform.io/hashicorp/random",
                        "schema_version": 0,
                        "values": {
                            "b64_std": "fIneSe0Xj7U=",
                            "b64_url": "fIneSe0Xj7U",
                            "byte_length": 8,
                            "dec": "8973948141604147125",
                            "hex": "7c89de49ed178fb5",
                            "id": "fIneSe0Xj7U",
                            "keepers": {
                                "resource_group": "rg-arriving-cowbird"
                            },
                            "prefix": null
                        },
                        "sensitive_values": {
                            "keepers": {}
                        },
                        "depends_on": [
                            "azurerm_resource_group.rg",
                            "random_pet.rg_name"
                        ]
                    },
                    {
                        "address": "random_pet.rg_name",
                        "mode": "managed",
                        "type": "random_pet",
                        "name": "rg_name",
                        "provider_name": "registry.terraform.io/hashicorp/random",
                        "schema_version": 0,
                        "values": {
                            "id": "rg-arriving-cowbird",
                            "keepers": null,
                            "length": 2,
                            "prefix": "rg",
                            "separator": "-"
                        },
                        "sensitive_values": {}
                    },
                    {
                        "address": "tls_private_key.example_ssh",
                        "mode": "managed",
                        "type": "tls_private_key",
                        "name": "example_ssh",
                        "provider_name": "registry.terraform.io/hashicorp/tls",
                        "schema_version": 1,
                        "values": {
                            "algorithm": "RSA",
                            "ecdsa_curve": "P224",
                            "id": "ef3918b6b6db29d3b018a89d284668ef0eb9fdf8",
                            "private_key_openssh": "-----BEGIN OPENSSH PRIVATE KEY-----\nb3BlbnNzaC1rZXktdjEAAAAABG5vbmUAAAAEbm9uZQAAAAAAAAABAAACFwAAAAdz\nc2gtcnNhAAAAAwEAAQAAAgEAwLL1QgyMyNtGZCIO0qLAw9EupszVWx7xEmKn0jsy\numuR7Irof6FJk/jY/+n9qSfMPUW/WQfCeoJ7gWxFMMi/vIHTRZGF861p8tYLOKBs\n0gyLaU4NZHfA18F4OeIPtXVjoXavJ20vaILnLuK86eHZH7s9oVJOCNIgHQnRVWME\nGo8N4uSTaGdx2vFjhjvW/zSpfbojqb6ZjBFS22n9TSOozTi2m6ral2dvLNE8QbRo\nvw8hgs/j+IlDqs8CSmVb+QdQ3dTOq1xIbCGyTY8ELH8jqpBNckCCMzi6TID/mQcU\nvmU1f+2wKwy9PVd4v3RTiX9mAYobbRFnAzYXV+VDaTtvAOq4pwuvaneXRr6ntiEA\nJPn0z/yA4HQ5cz5VrykcEHaftOdZgr01max6VETTpPgk1EAYcVb3VecHCh1Qz+MO\nYX0N6iqUzMTcxCijtvPyVaQhhJOlGj08LdLiA1954aqsXQVKK4XdPNpq+Td8Fp6M\nVzA/FfAmhC0xd38ZHJX/h3oLThqjXtW8xgnpeaVLc5MG5sSx1t8SuCFG3+LCss2a\njMwyFAaPCEPJB3FM42xHBZ/bZ2eekuWPcOX9vsW4t/Ta/p/7y0UVfzb5IQ8zDCo/\nxsI9rtwCTVGmqThgX9NksfOM3WOGWncFAd1Zq3UkYKFyklv67xaflE+gfPhFOt3+\naVEAAAc4/FaORvxWjkYAAAAHc3NoLXJzYQAAAgEAwLL1QgyMyNtGZCIO0qLAw9Eu\npszVWx7xEmKn0jsyumuR7Irof6FJk/jY/+n9qSfMPUW/WQfCeoJ7gWxFMMi/vIHT\nRZGF861p8tYLOKBs0gyLaU4NZHfA18F4OeIPtXVjoXavJ20vaILnLuK86eHZH7s9\noVJOCNIgHQnRVWMEGo8N4uSTaGdx2vFjhjvW/zSpfbojqb6ZjBFS22n9TSOozTi2\nm6ral2dvLNE8QbRovw8hgs/j+IlDqs8CSmVb+QdQ3dTOq1xIbCGyTY8ELH8jqpBN\nckCCMzi6TID/mQcUvmU1f+2wKwy9PVd4v3RTiX9mAYobbRFnAzYXV+VDaTtvAOq4\npwuvaneXRr6ntiEAJPn0z/yA4HQ5cz5VrykcEHaftOdZgr01max6VETTpPgk1EAY\ncVb3VecHCh1Qz+MOYX0N6iqUzMTcxCijtvPyVaQhhJOlGj08LdLiA1954aqsXQVK\nK4XdPNpq+Td8Fp6MVzA/FfAmhC0xd38ZHJX/h3oLThqjXtW8xgnpeaVLc5MG5sSx\n1t8SuCFG3+LCss2ajMwyFAaPCEPJB3FM42xHBZ/bZ2eekuWPcOX9vsW4t/Ta/p/7\ny0UVfzb5IQ8zDCo/xsI9rtwCTVGmqThgX9NksfOM3WOGWncFAd1Zq3UkYKFyklv6\n7xaflE+gfPhFOt3+aVEAAAADAQABAAACAQCivkE+QAUimXYwmUb1g/jTKDaDLtk+\nNLqasXFUryRfpvu9z28eY2QVsYPrVn4hv3fRg7dgBJquBscx/fPNiK3OEcMRrR55\nN0sUiMs/TtW47FlNXVsYL79ROJdGI3Lq6LJ1Khwxaxgv5uZChcHQsSpDj0o0laNL\n9dKjU6hUueQ8Xfb3Wd5YvYy9wUIxmxYvwRUoFu2JrWxWjEbzAeeon2YvtCcc/0XP\nus59BlUilLAmNCw0I0lAnQTmHCCuHj536kLUpqbIuI59rFO/BvsabWH86hROWsbb\nZZyJgiTb48wUJLvzSBWRtheY1+gloaPvqwXGZRJWoezjHGrIk9rD5CsRG0IB9s+c\nu1qn/GP5HoWNGb0PlgwsIKnFOGl3rIY3/sPJMeMcDWVjAyzc27qD5SaAqpfLWRjB\nGm9KknTR4MCGZb+n/Kgtbt2F+Fa328LX8xpugjDKtjwuRg3amUVb1qX5IYvEkCWR\nN60Cxy7pDTakDKSiPymNSNRiXKKSyrydD+WVMtRztvYv9jiuKtTtuOWeH1C4ka08\no5iBWXv+mN/cg453KVkjYnMaHiNbdrY8iHGtxGyp/zVGV+lePkh4d0DPK+5ziUDe\nVxnweHmK7Cw6MO78vP1FufG+1yHmYtiI2kPDL83926Hjpwze+m3JIZD8qe3Ef28d\nMEmkK+3hpjgl9QAAAQEAoTLYK9biTs9KfvCX4rqm54acm+u5ZpCc2N1NT5SaARLc\naGwvw2t/plSlRdAie/PzHnojzXpwQJSnTGqLU2TSMSwuc/EunkpZBGnIiDys2UOA\ngvkv5Y6uCrtZWVKZl4XtIbo0cW0kYr4SJzwmX/ZTnpA8jVv2HjJkQ2rZPZcsgkM1\nDAfK4V4XiLm4Ozbaz0NyF0vfYjtTA9LlMcKfH4gcz6lKtZ5NkITOW4LpQh9Pz4gR\ngtNW17mmOJhq3bdChpqossX4s1n54QsEII+Kssr/u5AoisnCl1Sp7C9GFw5LaXwh\npTEzk2vi1iJtGirlIIqClNAiZ980VSmid/ZiXV5EEgAAAQEAwNlR8VlWhP0AAq+B\nOY/oqSKPFB4Db9YWE5OUXHVfBJRXzS9SF4nFM5nR84uDisHJTlRHshXDbTYDSCr9\n2wVBDkYx2V4xmR2greSZeRun3Q0Z6mDgLIluXun7K+uwR5Wl9Ry5bXFTlztwi3Dg\npRinJZ9di/ZYEB4Qpn4/IFXUPyK/afgRdZCqmOBQlGn00/kj3CSlxD/h0fsC3iaw\nq3ZegJ3u0RBLQrFKYIBB/eRV84TKsjBi7vlzefNKOCUq+BMSYX8smxJFvu2VKsHB\nPAR1Wc9754Frl+EuZgQT3Q92HOxdi+gFGtc1Zlg9kH+kOIAWrGUkluIyjsJx9xqb\nOXAeTwAAAQEA/80TZL+UrSFhn/uRGuUveY3+Tx4XKnaWN81/A3qNcDt5pCRrBifI\niVyctyQHLR0CRY8OcstezDLdCl45IQYSyFLeyJa/6vm/9bMX5k5wvAwBVVYYKsL/\nmnfqa07JHKqWmLa68n+6fJjhP4+uFLk2X9g44VjP1aLz/Q+gTchWnhCl7Nlk+eQi\nhoRQUCAV19DDoVe9LCHIfY1hJ8Ey/DxYf4r5kjN80oPGn/JsxxM0qbcBQDGNv7ml\ny/y8efizR9xJHVb6TyKGayApth3URcIbwUGsfdIjdTzZC/pRnFv/Ruj10uLWuoLN\nybcuTMfocw6tYk4q+Zsy4mj6Jc/Kk/m2XwAAAAAB\n-----END OPENSSH PRIVATE KEY-----\n",
                            "private_key_pem": "-----BEGIN RSA PRIVATE KEY-----\nMIIJKwIBAAKCAgEAwLL1QgyMyNtGZCIO0qLAw9EupszVWx7xEmKn0jsyumuR7Iro\nf6FJk/jY/+n9qSfMPUW/WQfCeoJ7gWxFMMi/vIHTRZGF861p8tYLOKBs0gyLaU4N\nZHfA18F4OeIPtXVjoXavJ20vaILnLuK86eHZH7s9oVJOCNIgHQnRVWMEGo8N4uST\naGdx2vFjhjvW/zSpfbojqb6ZjBFS22n9TSOozTi2m6ral2dvLNE8QbRovw8hgs/j\n+IlDqs8CSmVb+QdQ3dTOq1xIbCGyTY8ELH8jqpBNckCCMzi6TID/mQcUvmU1f+2w\nKwy9PVd4v3RTiX9mAYobbRFnAzYXV+VDaTtvAOq4pwuvaneXRr6ntiEAJPn0z/yA\n4HQ5cz5VrykcEHaftOdZgr01max6VETTpPgk1EAYcVb3VecHCh1Qz+MOYX0N6iqU\nzMTcxCijtvPyVaQhhJOlGj08LdLiA1954aqsXQVKK4XdPNpq+Td8Fp6MVzA/FfAm\nhC0xd38ZHJX/h3oLThqjXtW8xgnpeaVLc5MG5sSx1t8SuCFG3+LCss2ajMwyFAaP\nCEPJB3FM42xHBZ/bZ2eekuWPcOX9vsW4t/Ta/p/7y0UVfzb5IQ8zDCo/xsI9rtwC\nTVGmqThgX9NksfOM3WOGWncFAd1Zq3UkYKFyklv67xaflE+gfPhFOt3+aVECAwEA\nAQKCAgEAor5BPkAFIpl2MJlG9YP40yg2gy7ZPjS6mrFxVK8kX6b7vc9vHmNkFbGD\n61Z+Ib930YO3YASargbHMf3zzYitzhHDEa0eeTdLFIjLP07VuOxZTV1bGC+/UTiX\nRiNy6uiydSocMWsYL+bmQoXB0LEqQ49KNJWjS/XSo1OoVLnkPF3291neWL2MvcFC\nMZsWL8EVKBbtia1sVoxG8wHnqJ9mL7QnHP9Fz7rOfQZVIpSwJjQsNCNJQJ0E5hwg\nrh4+d+pC1KamyLiOfaxTvwb7Gm1h/OoUTlrG22WciYIk2+PMFCS780gVkbYXmNfo\nJaGj76sFxmUSVqHs4xxqyJPaw+QrERtCAfbPnLtap/xj+R6FjRm9D5YMLCCpxThp\nd6yGN/7DyTHjHA1lYwMs3Nu6g+UmgKqXy1kYwRpvSpJ00eDAhmW/p/yoLW7dhfhW\nt9vC1/MaboIwyrY8LkYN2plFW9al+SGLxJAlkTetAscu6Q02pAykoj8pjUjUYlyi\nksq8nQ/llTLUc7b2L/Y4rirU7bjlnh9QuJGtPKOYgVl7/pjf3IOOdylZI2JzGh4j\nW3a2PIhxrcRsqf81RlfpXj5IeHdAzyvuc4lA3lcZ8Hh5iuwsOjDu/Lz9Rbnxvtch\n5mLYiNpDwy/N/duh46cM3vptySGQ/KntxH9vHTBJpCvt4aY4JfUCggEBAMDZUfFZ\nVoT9AAKvgTmP6KkijxQeA2/WFhOTlFx1XwSUV80vUheJxTOZ0fOLg4rByU5UR7IV\nw202A0gq/dsFQQ5GMdleMZkdoK3kmXkbp90NGepg4CyJbl7p+yvrsEeVpfUcuW1x\nU5c7cItw4KUYpyWfXYv2WBAeEKZ+PyBV1D8iv2n4EXWQqpjgUJRp9NP5I9wkpcQ/\n4dH7At4msKt2XoCd7tEQS0KxSmCAQf3kVfOEyrIwYu75c3nzSjglKvgTEmF/LJsS\nRb7tlSrBwTwEdVnPe+eBa5fhLmYEE90PdhzsXYvoBRrXNWZYPZB/pDiAFqxlJJbi\nMo7CcfcamzlwHk8CggEBAP/NE2S/lK0hYZ/7kRrlL3mN/k8eFyp2ljfNfwN6jXA7\neaQkawYnyIlcnLckBy0dAkWPDnLLXswy3QpeOSEGEshS3siWv+r5v/WzF+ZOcLwM\nAVVWGCrC/5p36mtOyRyqlpi2uvJ/unyY4T+PrhS5Nl/YOOFYz9Wi8/0PoE3IVp4Q\npezZZPnkIoaEUFAgFdfQw6FXvSwhyH2NYSfBMvw8WH+K+ZIzfNKDxp/ybMcTNKm3\nAUAxjb+5pcv8vHn4s0fcSR1W+k8ihmsgKbYd1EXCG8FBrH3SI3U82Qv6UZxb/0bo\n9dLi1rqCzcm3LkzH6HMOrWJOKvmbMuJo+iXPypP5tl8CggEBAISU48EJqnHDfj5a\nan0ocsvU9ojeGX7JsGPFEjp+dtSvJ63o2odUMD9JgQ3u3ICIud0gFCpazABJIfh7\nlgr9kbw+hgbquy6JL+5dOyYH3WAbobWA5J253iditUt8vbR5LZ9WICUdxFo0gyta\nbxcR29gBuE6BDgoGoWvVX5DbcQ/206IG6fnpe1+e18cxESCqJ/0xNMW3JYk3CMGx\n18QJnO7PpWAV06gGOxwdEUF7uZuxr6jRmzKwTLOKj3wKEYB7nCdrRz9VUJ3yuJqs\nmiyo5ATaoFSIpW/FYCDCrOVNu+YmmimVWe0aB5xVDf5Jwp0VcoETCBSzbg63n6JC\nqHTUoAECggEBAN03GKJ0G7tttuOHxwEfWmMgrOD3AMm0LEyt5j236kE47gVJiVSV\naxN/h/fJrHsTLzfAc5pKzfyBsC6bNYSdn/il0gxecjJfMeblrrF4/H1jVHPcNKIm\naK3JLm0GgV3NGNeQjzPPyhKek41IUB+T3LYeY3JeP75dYetjbBpYOrAPba7agjyp\nUkJKgroIRVuSKtyI6AwWWzBY58BdkB4agd4q7ZHF/RiA5XDFUdUHgu+SV/6P3CoF\n/p/ePZCtxz1J/+DjqyxsixpxgiEAwuZg62fBx843wHpO2NVG8PTrimRkatKpYVGC\ndT0QsXWtHBUEiGUPfJLH6MVsS4gPnv1BYrkCggEBAKEy2CvW4k7PSn7wl+K6pueG\nnJvruWaQnNjdTU+UmgES3GhsL8Nrf6ZUpUXQInvz8x56I816cECUp0xqi1Nk0jEs\nLnPxLp5KWQRpyIg8rNlDgIL5L+WOrgq7WVlSmZeF7SG6NHFtJGK+Eic8Jl/2U56Q\nPI1b9h4yZENq2T2XLIJDNQwHyuFeF4i5uDs22s9DchdL32I7UwPS5THCnx+IHM+p\nSrWeTZCEzluC6UIfT8+IEYLTVte5pjiYat23QoaaqLLF+LNZ+eELBCCPirLK/7uQ\nKIrJwpdUqewvRhcOS2l8IaUxM5Nr4tYibRoq5SCKgpTQImffNFUponf2Yl1eRBI=\n-----END RSA PRIVATE KEY-----\n",
                            "private_key_pem_pkcs8": "-----BEGIN PRIVATE KEY-----\nMIIJRQIBADANBgkqhkiG9w0BAQEFAASCCS8wggkrAgEAAoICAQDAsvVCDIzI20Zk\nIg7SosDD0S6mzNVbHvESYqfSOzK6a5Hsiuh/oUmT+Nj/6f2pJ8w9Rb9ZB8J6gnuB\nbEUwyL+8gdNFkYXzrWny1gs4oGzSDItpTg1kd8DXwXg54g+1dWOhdq8nbS9ogucu\n4rzp4dkfuz2hUk4I0iAdCdFVYwQajw3i5JNoZ3Ha8WOGO9b/NKl9uiOpvpmMEVLb\naf1NI6jNOLabqtqXZ28s0TxBtGi/DyGCz+P4iUOqzwJKZVv5B1Dd1M6rXEhsIbJN\njwQsfyOqkE1yQIIzOLpMgP+ZBxS+ZTV/7bArDL09V3i/dFOJf2YBihttEWcDNhdX\n5UNpO28A6rinC69qd5dGvqe2IQAk+fTP/IDgdDlzPlWvKRwQdp+051mCvTWZrHpU\nRNOk+CTUQBhxVvdV5wcKHVDP4w5hfQ3qKpTMxNzEKKO28/JVpCGEk6UaPTwt0uID\nX3nhqqxdBUorhd082mr5N3wWnoxXMD8V8CaELTF3fxkclf+HegtOGqNe1bzGCel5\npUtzkwbmxLHW3xK4IUbf4sKyzZqMzDIUBo8IQ8kHcUzjbEcFn9tnZ56S5Y9w5f2+\nxbi39Nr+n/vLRRV/NvkhDzMMKj/Gwj2u3AJNUaapOGBf02Sx84zdY4ZadwUB3Vmr\ndSRgoXKSW/rvFp+UT6B8+EU63f5pUQIDAQABAoICAQCivkE+QAUimXYwmUb1g/jT\nKDaDLtk+NLqasXFUryRfpvu9z28eY2QVsYPrVn4hv3fRg7dgBJquBscx/fPNiK3O\nEcMRrR55N0sUiMs/TtW47FlNXVsYL79ROJdGI3Lq6LJ1Khwxaxgv5uZChcHQsSpD\nj0o0laNL9dKjU6hUueQ8Xfb3Wd5YvYy9wUIxmxYvwRUoFu2JrWxWjEbzAeeon2Yv\ntCcc/0XPus59BlUilLAmNCw0I0lAnQTmHCCuHj536kLUpqbIuI59rFO/BvsabWH8\n6hROWsbbZZyJgiTb48wUJLvzSBWRtheY1+gloaPvqwXGZRJWoezjHGrIk9rD5CsR\nG0IB9s+cu1qn/GP5HoWNGb0PlgwsIKnFOGl3rIY3/sPJMeMcDWVjAyzc27qD5SaA\nqpfLWRjBGm9KknTR4MCGZb+n/Kgtbt2F+Fa328LX8xpugjDKtjwuRg3amUVb1qX5\nIYvEkCWRN60Cxy7pDTakDKSiPymNSNRiXKKSyrydD+WVMtRztvYv9jiuKtTtuOWe\nH1C4ka08o5iBWXv+mN/cg453KVkjYnMaHiNbdrY8iHGtxGyp/zVGV+lePkh4d0DP\nK+5ziUDeVxnweHmK7Cw6MO78vP1FufG+1yHmYtiI2kPDL83926Hjpwze+m3JIZD8\nqe3Ef28dMEmkK+3hpjgl9QKCAQEAwNlR8VlWhP0AAq+BOY/oqSKPFB4Db9YWE5OU\nXHVfBJRXzS9SF4nFM5nR84uDisHJTlRHshXDbTYDSCr92wVBDkYx2V4xmR2greSZ\neRun3Q0Z6mDgLIluXun7K+uwR5Wl9Ry5bXFTlztwi3DgpRinJZ9di/ZYEB4Qpn4/\nIFXUPyK/afgRdZCqmOBQlGn00/kj3CSlxD/h0fsC3iawq3ZegJ3u0RBLQrFKYIBB\n/eRV84TKsjBi7vlzefNKOCUq+BMSYX8smxJFvu2VKsHBPAR1Wc9754Frl+EuZgQT\n3Q92HOxdi+gFGtc1Zlg9kH+kOIAWrGUkluIyjsJx9xqbOXAeTwKCAQEA/80TZL+U\nrSFhn/uRGuUveY3+Tx4XKnaWN81/A3qNcDt5pCRrBifIiVyctyQHLR0CRY8Ocste\nzDLdCl45IQYSyFLeyJa/6vm/9bMX5k5wvAwBVVYYKsL/mnfqa07JHKqWmLa68n+6\nfJjhP4+uFLk2X9g44VjP1aLz/Q+gTchWnhCl7Nlk+eQihoRQUCAV19DDoVe9LCHI\nfY1hJ8Ey/DxYf4r5kjN80oPGn/JsxxM0qbcBQDGNv7mly/y8efizR9xJHVb6TyKG\nayApth3URcIbwUGsfdIjdTzZC/pRnFv/Ruj10uLWuoLNybcuTMfocw6tYk4q+Zsy\n4mj6Jc/Kk/m2XwKCAQEAhJTjwQmqccN+PlpqfShyy9T2iN4ZfsmwY8USOn521K8n\nrejah1QwP0mBDe7cgIi53SAUKlrMAEkh+HuWCv2RvD6GBuq7Lokv7l07JgfdYBuh\ntYDknbneJ2K1S3y9tHktn1YgJR3EWjSDK1pvFxHb2AG4ToEOCgaha9VfkNtxD/bT\nogbp+el7X57XxzERIKon/TE0xbcliTcIwbHXxAmc7s+lYBXTqAY7HB0RQXu5m7Gv\nqNGbMrBMs4qPfAoRgHucJ2tHP1VQnfK4mqyaLKjkBNqgVIilb8VgIMKs5U275iaa\nKZVZ7RoHnFUN/knCnRVygRMIFLNuDrefokKodNSgAQKCAQEA3TcYonQbu22244fH\nAR9aYyCs4PcAybQsTK3mPbfqQTjuBUmJVJVrE3+H98msexMvN8BzmkrN/IGwLps1\nhJ2f+KXSDF5yMl8x5uWusXj8fWNUc9w0oiZorckubQaBXc0Y15CPM8/KEp6TjUhQ\nH5Pcth5jcl4/vl1h62NsGlg6sA9trtqCPKlSQkqCughFW5Iq3IjoDBZbMFjnwF2Q\nHhqB3irtkcX9GIDlcMVR1QeC75JX/o/cKgX+n949kK3HPUn/4OOrLGyLGnGCIQDC\n5mDrZ8HHzjfAek7Y1Ubw9OuKZGRq0qlhUYJ1PRCxda0cFQSIZQ98ksfoxWxLiA+e\n/UFiuQKCAQEAoTLYK9biTs9KfvCX4rqm54acm+u5ZpCc2N1NT5SaARLcaGwvw2t/\nplSlRdAie/PzHnojzXpwQJSnTGqLU2TSMSwuc/EunkpZBGnIiDys2UOAgvkv5Y6u\nCrtZWVKZl4XtIbo0cW0kYr4SJzwmX/ZTnpA8jVv2HjJkQ2rZPZcsgkM1DAfK4V4X\niLm4Ozbaz0NyF0vfYjtTA9LlMcKfH4gcz6lKtZ5NkITOW4LpQh9Pz4gRgtNW17mm\nOJhq3bdChpqossX4s1n54QsEII+Kssr/u5AoisnCl1Sp7C9GFw5LaXwhpTEzk2vi\n1iJtGirlIIqClNAiZ980VSmid/ZiXV5EEg==\n-----END PRIVATE KEY-----\n",
                            "public_key_fingerprint_md5": "99:85:8a:76:de:13:a5:9b:96:ec:bd:5b:c0:fe:4b:3b",
                            "public_key_fingerprint_sha256": "SHA256:o6fhCghjWjAZQns52ZW04dVSAzJ1VroFAjlk4NCvTq8",
                            "public_key_openssh": "ssh-rsa AAAAB3NzaC1yc2EAAAADAQABAAACAQDAsvVCDIzI20ZkIg7SosDD0S6mzNVbHvESYqfSOzK6a5Hsiuh/oUmT+Nj/6f2pJ8w9Rb9ZB8J6gnuBbEUwyL+8gdNFkYXzrWny1gs4oGzSDItpTg1kd8DXwXg54g+1dWOhdq8nbS9ogucu4rzp4dkfuz2hUk4I0iAdCdFVYwQajw3i5JNoZ3Ha8WOGO9b/NKl9uiOpvpmMEVLbaf1NI6jNOLabqtqXZ28s0TxBtGi/DyGCz+P4iUOqzwJKZVv5B1Dd1M6rXEhsIbJNjwQsfyOqkE1yQIIzOLpMgP+ZBxS+ZTV/7bArDL09V3i/dFOJf2YBihttEWcDNhdX5UNpO28A6rinC69qd5dGvqe2IQAk+fTP/IDgdDlzPlWvKRwQdp+051mCvTWZrHpURNOk+CTUQBhxVvdV5wcKHVDP4w5hfQ3qKpTMxNzEKKO28/JVpCGEk6UaPTwt0uIDX3nhqqxdBUorhd082mr5N3wWnoxXMD8V8CaELTF3fxkclf+HegtOGqNe1bzGCel5pUtzkwbmxLHW3xK4IUbf4sKyzZqMzDIUBo8IQ8kHcUzjbEcFn9tnZ56S5Y9w5f2+xbi39Nr+n/vLRRV/NvkhDzMMKj/Gwj2u3AJNUaapOGBf02Sx84zdY4ZadwUB3VmrdSRgoXKSW/rvFp+UT6B8+EU63f5pUQ==\n",
                            "public_key_pem": "-----BEGIN PUBLIC KEY-----\nMIICIjANBgkqhkiG9w0BAQEFAAOCAg8AMIICCgKCAgEAwLL1QgyMyNtGZCIO0qLA\nw9EupszVWx7xEmKn0jsyumuR7Irof6FJk/jY/+n9qSfMPUW/WQfCeoJ7gWxFMMi/\nvIHTRZGF861p8tYLOKBs0gyLaU4NZHfA18F4OeIPtXVjoXavJ20vaILnLuK86eHZ\nH7s9oVJOCNIgHQnRVWMEGo8N4uSTaGdx2vFjhjvW/zSpfbojqb6ZjBFS22n9TSOo\nzTi2m6ral2dvLNE8QbRovw8hgs/j+IlDqs8CSmVb+QdQ3dTOq1xIbCGyTY8ELH8j\nqpBNckCCMzi6TID/mQcUvmU1f+2wKwy9PVd4v3RTiX9mAYobbRFnAzYXV+VDaTtv\nAOq4pwuvaneXRr6ntiEAJPn0z/yA4HQ5cz5VrykcEHaftOdZgr01max6VETTpPgk\n1EAYcVb3VecHCh1Qz+MOYX0N6iqUzMTcxCijtvPyVaQhhJOlGj08LdLiA1954aqs\nXQVKK4XdPNpq+Td8Fp6MVzA/FfAmhC0xd38ZHJX/h3oLThqjXtW8xgnpeaVLc5MG\n5sSx1t8SuCFG3+LCss2ajMwyFAaPCEPJB3FM42xHBZ/bZ2eekuWPcOX9vsW4t/Ta\n/p/7y0UVfzb5IQ8zDCo/xsI9rtwCTVGmqThgX9NksfOM3WOGWncFAd1Zq3UkYKFy\nklv67xaflE+gfPhFOt3+aVECAwEAAQ==\n-----END PUBLIC KEY-----\n",
                            "rsa_bits": 4096
                        },
                        "sensitive_values": {}
                    }
                ]
            }
        }
    },
    "configuration": {
        "provider_config": {
            "azurerm": {
                "name": "azurerm",
                "full_name": "registry.terraform.io/hashicorp/azurerm",
                "version_constraint": "~\u003e 2.0",
                "expressions": {
                    "features": [
                        {}
                    ]
                }
            },
            "random": {
                "name": "random",
                "full_name": "registry.terraform.io/hashicorp/random",
                "version_constraint": "~\u003e 3.0"
            },
            "tls": {
                "name": "tls",
                "full_name": "registry.terraform.io/hashicorp/tls",
                "version_constraint": "~\u003e 4.0"
            }
        },
        "root_module": {
            "outputs": {
                "public_ip_address": {
                    "expression": {
                        "references": [
                            "azurerm_linux_virtual_machine.my_terraform_vm.public_ip_address",
                            "azurerm_linux_virtual_machine.my_terraform_vm"
                        ]
                    }
                },
                "resource_group_name": {
                    "expression": {
                        "references": [
                            "azurerm_resource_group.rg.name",
                            "azurerm_resource_group.rg"
                        ]
                    }
                },
                "tls_private_key": {
                    "sensitive": true,
                    "expression": {
                        "references": [
                            "tls_private_key.example_ssh.private_key_pem",
                            "tls_private_key.example_ssh"
                        ]
                    }
                }
            },
            "resources": [
                {
                    "address": "azurerm_linux_virtual_machine.my_terraform_vm",
                    "mode": "managed",
                    "type": "azurerm_linux_virtual_machine",
                    "name": "my_terraform_vm",
                    "provider_config_key": "azurerm",
                    "expressions": {
                        "admin_ssh_key": [
                            {
                                "public_key": {
                                    "references": [
                                        "tls_private_key.example_ssh.public_key_openssh",
                                        "tls_private_key.example_ssh"
                                    ]
                                },
                                "username": {
                                    "constant_value": "azureuser"
                                }
                            }
                        ],
                        "admin_username": {
                            "constant_value": "azureuser"
                        },
                        "boot_diagnostics": [
                            {
                                "storage_account_uri": {
                                    "references": [
                                        "azurerm_storage_account.my_storage_account.primary_blob_endpoint",
                                        "azurerm_storage_account.my_storage_account"
                                    ]
                                }
                            }
                        ],
                        "computer_name": {
                            "constant_value": "VmFabrykTest2"
                        },
                        "disable_password_authentication": {
                            "constant_value": true
                        },
                        "location": {
                            "references": [
                                "azurerm_resource_group.rg.location",
                                "azurerm_resource_group.rg"
                            ]
                        },
                        "name": {
                            "constant_value": "TBCEP001"
                        },
                        "network_interface_ids": {
                            "references": [
                                "azurerm_network_interface.my_terraform_nic.id",
                                "azurerm_network_interface.my_terraform_nic"
                            ]
                        },
                        "os_disk": [
                            {
                                "caching": {
                                    "constant_value": "ReadWrite"
                                },
                                "name": {
                                    "constant_value": "myOsDisk3"
                                },
                                "storage_account_type": {
                                    "constant_value": "Premium_LRS"
                                }
                            }
                        ],
                        "resource_group_name": {
                            "references": [
                                "azurerm_resource_group.rg.name",
                                "azurerm_resource_group.rg"
                            ]
                        },
                        "size": {
                            "constant_value": "Standard_DS1_v2"
                        },
                        "source_image_reference": [
                            {
                                "offer": {
                                    "constant_value": "UbuntuServer"
                                },
                                "publisher": {
                                    "constant_value": "Canonical"
                                },
                                "sku": {
                                    "constant_value": "18.04-LTS"
                                },
                                "version": {
                                    "constant_value": "latest"
                                }
                            }
                        ]
                    },
                    "schema_version": 0
                },
                {
                    "address": "azurerm_network_interface.my_terraform_nic",
                    "mode": "managed",
                    "type": "azurerm_network_interface",
                    "name": "my_terraform_nic",
                    "provider_config_key": "azurerm",
                    "expressions": {
                        "ip_configuration": [
                            {
                                "name": {
                                    "constant_value": "my_nic_configuration"
                                },
                                "private_ip_address_allocation": {
                                    "constant_value": "Dynamic"
                                },
                                "public_ip_address_id": {
                                    "references": [
                                        "azurerm_public_ip.my_terraform_public_ip.id",
                                        "azurerm_public_ip.my_terraform_public_ip"
                                    ]
                                },
                                "subnet_id": {
                                    "references": [
                                        "azurerm_subnet.my_terraform_subnet.id",
                                        "azurerm_subnet.my_terraform_subnet"
                                    ]
                                }
                            }
                        ],
                        "location": {
                            "references": [
                                "azurerm_resource_group.rg.location",
                                "azurerm_resource_group.rg"
                            ]
                        },
                        "name": {
                            "constant_value": "myNIC"
                        },
                        "resource_group_name": {
                            "references": [
                                "azurerm_resource_group.rg.name",
                                "azurerm_resource_group.rg"
                            ]
                        }
                    },
                    "schema_version": 0
                },
                {
                    "address": "azurerm_network_interface_security_group_association.example",
                    "mode": "managed",
                    "type": "azurerm_network_interface_security_group_association",
                    "name": "example",
                    "provider_config_key": "azurerm",
                    "expressions": {
                        "network_interface_id": {
                            "references": [
                                "azurerm_network_interface.my_terraform_nic.id",
                                "azurerm_network_interface.my_terraform_nic"
                            ]
                        },
                        "network_security_group_id": {
                            "references": [
                                "azurerm_network_security_group.my_terraform_nsg.id",
                                "azurerm_network_security_group.my_terraform_nsg"
                            ]
                        }
                    },
                    "schema_version": 0
                },
                {
                    "address": "azurerm_network_security_group.my_terraform_nsg",
                    "mode": "managed",
                    "type": "azurerm_network_security_group",
                    "name": "my_terraform_nsg",
                    "provider_config_key": "azurerm",
                    "expressions": {
                        "location": {
                            "references": [
                                "azurerm_resource_group.rg.location",
                                "azurerm_resource_group.rg"
                            ]
                        },
                        "name": {
                            "constant_value": "myNetworkSecurityGroup"
                        },
                        "resource_group_name": {
                            "references": [
                                "azurerm_resource_group.rg.name",
                                "azurerm_resource_group.rg"
                            ]
                        },
                        "security_rule": {
                            "constant_value": [
                                {
                                    "access": "Allow",
                                    "description": null,
                                    "destination_address_prefix": "*",
                                    "destination_address_prefixes": null,
                                    "destination_application_security_group_ids": null,
                                    "destination_port_range": "22",
                                    "destination_port_ranges": null,
                                    "direction": "Inbound",
                                    "name": "SSH",
                                    "priority": 1001,
                                    "protocol": "Tcp",
                                    "source_address_prefix": "*",
                                    "source_address_prefixes": null,
                                    "source_application_security_group_ids": null,
                                    "source_port_range": "*",
                                    "source_port_ranges": null
                                }
                            ]
                        }
                    },
                    "schema_version": 0
                },
                {
                    "address": "azurerm_public_ip.my_terraform_public_ip",
                    "mode": "managed",
                    "type": "azurerm_public_ip",
                    "name": "my_terraform_public_ip",
                    "provider_config_key": "azurerm",
                    "expressions": {
                        "allocation_method": {
                            "constant_value": "Dynamic"
                        },
                        "location": {
                            "references": [
                                "azurerm_resource_group.rg.location",
                                "azurerm_resource_group.rg"
                            ]
                        },
                        "name": {
                            "constant_value": "myPublicIP"
                        },
                        "resource_group_name": {
                            "references": [
                                "azurerm_resource_group.rg.name",
                                "azurerm_resource_group.rg"
                            ]
                        }
                    },
                    "schema_version": 0
                },
                {
                    "address": "azurerm_resource_group.rg",
                    "mode": "managed",
                    "type": "azurerm_resource_group",
                    "name": "rg",
                    "provider_config_key": "azurerm",
                    "expressions": {
                        "location": {
                            "references": [
                                "var.resource_group_location"
                            ]
                        },
                        "name": {
                            "references": [
                                "random_pet.rg_name.id",
                                "random_pet.rg_name"
                            ]
                        }
                    },
                    "schema_version": 0
                },
                {
                    "address": "azurerm_storage_account.my_storage_account",
                    "mode": "managed",
                    "type": "azurerm_storage_account",
                    "name": "my_storage_account",
                    "provider_config_key": "azurerm",
                    "expressions": {
                        "account_replication_type": {
                            "constant_value": "LRS"
                        },
                        "account_tier": {
                            "constant_value": "Standard"
                        },
                        "location": {
                            "references": [
                                "azurerm_resource_group.rg.location",
                                "azurerm_resource_group.rg"
                            ]
                        },
                        "name": {
                            "references": [
                                "random_id.random_id.hex",
                                "random_id.random_id"
                            ]
                        },
                        "resource_group_name": {
                            "references": [
                                "azurerm_resource_group.rg.name",
                                "azurerm_resource_group.rg"
                            ]
                        }
                    },
                    "schema_version": 2
                },
                {
                    "address": "azurerm_subnet.my_terraform_subnet",
                    "mode": "managed",
                    "type": "azurerm_subnet",
                    "name": "my_terraform_subnet",
                    "provider_config_key": "azurerm",
                    "expressions": {
                        "address_prefixes": {
                            "constant_value": [
                                "10.0.1.0/24"
                            ]
                        },
                        "name": {
                            "constant_value": "mySubnet"
                        },
                        "resource_group_name": {
                            "references": [
                                "azurerm_resource_group.rg.name",
                                "azurerm_resource_group.rg"
                            ]
                        },
                        "virtual_network_name": {
                            "references": [
                                "azurerm_virtual_network.my_terraform_network.name",
                                "azurerm_virtual_network.my_terraform_network"
                            ]
                        }
                    },
                    "schema_version": 0
                },
                {
                    "address": "azurerm_virtual_network.my_terraform_network",
                    "mode": "managed",
                    "type": "azurerm_virtual_network",
                    "name": "my_terraform_network",
                    "provider_config_key": "azurerm",
                    "expressions": {
                        "address_space": {
                            "constant_value": [
                                "10.0.0.0/16"
                            ]
                        },
                        "location": {
                            "references": [
                                "azurerm_resource_group.rg.location",
                                "azurerm_resource_group.rg"
                            ]
                        },
                        "name": {
                            "constant_value": "myVnet3"
                        },
                        "resource_group_name": {
                            "references": [
                                "azurerm_resource_group.rg.name",
                                "azurerm_resource_group.rg"
                            ]
                        }
                    },
                    "schema_version": 0
                },
                {
                    "address": "random_id.random_id",
                    "mode": "managed",
                    "type": "random_id",
                    "name": "random_id",
                    "provider_config_key": "random",
                    "expressions": {
                        "byte_length": {
                            "constant_value": 8
                        },
                        "keepers": {
                            "references": [
                                "azurerm_resource_group.rg.name",
                                "azurerm_resource_group.rg"
                            ]
                        }
                    },
                    "schema_version": 0
                },
                {
                    "address": "random_pet.rg_name",
                    "mode": "managed",
                    "type": "random_pet",
                    "name": "rg_name",
                    "provider_config_key": "random",
                    "expressions": {
                        "prefix": {
                            "references": [
                                "var.resource_group_name_prefix"
                            ]
                        }
                    },
                    "schema_version": 0
                },
                {
                    "address": "tls_private_key.example_ssh",
                    "mode": "managed",
                    "type": "tls_private_key",
                    "name": "example_ssh",
                    "provider_config_key": "tls",
                    "expressions": {
                        "algorithm": {
                            "constant_value": "RSA"
                        },
                        "rsa_bits": {
                            "constant_value": 4096
                        }
                    },
                    "schema_version": 1
                }
            ],
            "variables": {
                "resource_group_location": {
                    "default": "eastus",
                    "description": "Location of the resource group."
                },
                "resource_group_name_prefix": {
                    "default": "rg",
                    "description": "Prefix of the resource group name that's combined with a random ID so name is unique in your Azure subscription."
                }
            }
        }
    },
    "relevant_attributes": [
        {
            "resource": "azurerm_network_interface.my_terraform_nic",
            "attribute": [
                "id"
            ]
        },
        {
            "resource": "azurerm_resource_group.rg",
            "attribute": [
                "location"
            ]
        },
        {
            "resource": "azurerm_resource_group.rg",
            "attribute": [
                "name"
            ]
        },
        {
            "resource": "tls_private_key.example_ssh",
            "attribute": [
                "public_key_openssh"
            ]
        },
        {
            "resource": "azurerm_storage_account.my_storage_account",
            "attribute": [
                "primary_blob_endpoint"
            ]
        },
        {
            "resource": "azurerm_linux_virtual_machine.my_terraform_vm",
            "attribute": [
                "public_ip_address"
            ]
        },
        {
            "resource": "random_pet.rg_name",
            "attribute": [
                "id"
            ]
        }
    ]
}